{
  "version": 4,
  "terraform_version": "1.1.9",
  "serial": 236,
  "lineage": "8f826bab-053c-73a5-3405-db0f51e1f428",
  "outputs": {},
  "resources": [
    {
      "module": "module.acm",
      "mode": "managed",
      "type": "aws_acm_certificate",
      "name": "middleware_domain",
      "provider": "provider[\"registry.terraform.io/hashicorp/aws\"]",
      "instances": [
        {
          "schema_version": 0,
          "attributes": {
            "arn": "arn:aws:acm:us-east-2:806721437369:certificate/db541d2c-1c10-4a85-8f6a-62f20fae46f1",
            "certificate_authority_arn": "",
            "certificate_body": null,
            "certificate_chain": null,
            "domain_name": "middleware.ariel-middleware.site",
            "domain_validation_options": [
              {
                "domain_name": "middleware.ariel-middleware.site",
                "resource_record_name": "_b6f3a676fa7fd4fd556fff38ec015a31.middleware.ariel-middleware.site.",
                "resource_record_type": "CNAME",
                "resource_record_value": "_77f6ae76f076084749c08b03f09d176f.bdvkfdzfbg.acm-validations.aws."
              }
            ],
            "id": "arn:aws:acm:us-east-2:806721437369:certificate/db541d2c-1c10-4a85-8f6a-62f20fae46f1",
            "options": [
              {
                "certificate_transparency_logging_preference": "ENABLED"
              }
            ],
            "private_key": null,
            "status": "ISSUED",
            "subject_alternative_names": [
              "middleware.ariel-middleware.site"
            ],
            "tags": {
              "Name": "acm-middleware.ariel-middleware.site"
            },
            "tags_all": {
              "Application": "Middleware",
              "CreatedBy": "Terraform",
              "Name": "acm-middleware.ariel-middleware.site"
            },
            "validation_emails": [],
            "validation_method": "DNS",
            "validation_option": []
          },
          "sensitive_attributes": [],
          "private": "bnVsbA=="
        }
      ]
    },
    {
      "module": "module.acm",
      "mode": "managed",
      "type": "aws_route53_record",
      "name": "middleware_domain_acm",
      "provider": "provider[\"registry.terraform.io/hashicorp/aws\"]",
      "instances": [
        {
          "index_key": "middleware.ariel-middleware.site",
          "schema_version": 2,
          "attributes": {
            "alias": [],
            "allow_overwrite": true,
            "failover_routing_policy": [],
            "fqdn": "_b6f3a676fa7fd4fd556fff38ec015a31.middleware.ariel-middleware.site",
            "geolocation_routing_policy": [],
            "health_check_id": "",
            "id": "Z036681222L117T3KDZ5N__b6f3a676fa7fd4fd556fff38ec015a31.middleware.ariel-middleware.site._CNAME",
            "latency_routing_policy": [],
            "multivalue_answer_routing_policy": null,
            "name": "_b6f3a676fa7fd4fd556fff38ec015a31.middleware.ariel-middleware.site",
            "records": [
              "_77f6ae76f076084749c08b03f09d176f.bdvkfdzfbg.acm-validations.aws."
            ],
            "set_identifier": "",
            "ttl": 60,
            "type": "CNAME",
            "weighted_routing_policy": [],
            "zone_id": "Z036681222L117T3KDZ5N"
          },
          "sensitive_attributes": [],
          "private": "eyJzY2hlbWFfdmVyc2lvbiI6IjIifQ==",
          "dependencies": [
            "module.acm.aws_acm_certificate.middleware_domain"
          ]
        }
      ]
    },
    {
      "module": "module.bastion",
      "mode": "managed",
      "type": "aws_instance",
      "name": "bastion",
      "provider": "provider[\"registry.terraform.io/hashicorp/aws\"]",
      "instances": [
        {
          "schema_version": 1,
          "attributes": {
            "ami": "ami-02cb75f995890cd96",
            "arn": "arn:aws:ec2:us-east-2:806721437369:instance/i-09f107c3862889824",
            "associate_public_ip_address": true,
            "availability_zone": "us-east-2a",
            "capacity_reservation_specification": [
              {
                "capacity_reservation_preference": "open",
                "capacity_reservation_target": []
              }
            ],
            "cpu_core_count": 2,
            "cpu_threads_per_core": 1,
            "credit_specification": [],
            "disable_api_termination": false,
            "ebs_block_device": [],
            "ebs_optimized": false,
            "enclave_options": [
              {
                "enabled": false
              }
            ],
            "ephemeral_block_device": [],
            "get_password_data": false,
            "hibernation": false,
            "host_id": null,
            "iam_instance_profile": "",
            "id": "i-09f107c3862889824",
            "instance_initiated_shutdown_behavior": "stop",
            "instance_state": "running",
            "instance_type": "t4g.nano",
            "ipv6_address_count": 0,
            "ipv6_addresses": [],
            "key_name": "bastion-stg",
            "launch_template": [],
            "maintenance_options": [
              {
                "auto_recovery": "default"
              }
            ],
            "metadata_options": [
              {
                "http_endpoint": "enabled",
                "http_put_response_hop_limit": 1,
                "http_tokens": "optional",
                "instance_metadata_tags": "disabled"
              }
            ],
            "monitoring": false,
            "network_interface": [],
            "outpost_arn": "",
            "password_data": "",
            "placement_group": "",
            "placement_partition_number": null,
            "primary_network_interface_id": "eni-02f46ae99a9c035b2",
            "private_dns": "ip-172-17-138-189.us-east-2.compute.internal",
            "private_ip": "172.17.138.189",
            "public_dns": "ec2-3-138-175-71.us-east-2.compute.amazonaws.com",
            "public_ip": "3.138.175.71",
            "root_block_device": [
              {
                "delete_on_termination": true,
                "device_name": "/dev/xvda",
                "encrypted": false,
                "iops": 100,
                "kms_key_id": "",
                "tags": {
                  "Name": "bastion-root-stg"
                },
                "throughput": 0,
                "volume_id": "vol-01ca88b1b765da375",
                "volume_size": 8,
                "volume_type": "gp2"
              }
            ],
            "secondary_private_ips": [],
            "security_groups": [],
            "source_dest_check": true,
            "subnet_id": "subnet-022ea4640f4905748",
            "tags": {
              "Name": "bastion-stg"
            },
            "tags_all": {
              "Application": "Middleware",
              "CreatedBy": "Terraform",
              "Name": "bastion-stg"
            },
            "tenancy": "default",
            "timeouts": null,
            "user_data": null,
            "user_data_base64": null,
            "user_data_replace_on_change": false,
            "volume_tags": null,
            "vpc_security_group_ids": [
              "sg-02915c8d97edb7e9f"
            ]
          },
          "sensitive_attributes": [],
          "private": "eyJlMmJmYjczMC1lY2FhLTExZTYtOGY4OC0zNDM2M2JjN2M0YzAiOnsiY3JlYXRlIjo2MDAwMDAwMDAwMDAsImRlbGV0ZSI6MTIwMDAwMDAwMDAwMCwidXBkYXRlIjo2MDAwMDAwMDAwMDB9LCJzY2hlbWFfdmVyc2lvbiI6IjEifQ==",
          "dependencies": [
            "module.bastion.aws_key_pair.bastion",
            "module.sg.aws_security_group.bastion",
            "module.vpc.aws_internet_gateway.middleware",
            "module.vpc.aws_subnet.subnet_middleware_a_public",
            "module.vpc.aws_vpc.middleware",
            "module.vpc.data.aws_region.current"
          ]
        }
      ]
    },
    {
      "module": "module.bastion",
      "mode": "managed",
      "type": "aws_key_pair",
      "name": "bastion",
      "provider": "provider[\"registry.terraform.io/hashicorp/aws\"]",
      "instances": [
        {
          "schema_version": 1,
          "attributes": {
            "arn": "arn:aws:ec2:us-east-2:806721437369:key-pair/bastion-stg",
            "fingerprint": "56:06:1f:4e:d7:ed:ae:0b:ed:8e:2e:27:4b:de:5a:d6",
            "id": "bastion-stg",
            "key_name": "bastion-stg",
            "key_name_prefix": "",
            "key_pair_id": "key-08e34b369109e2fb5",
            "public_key": "ssh-rsa AAAAB3NzaC1yc2EAAAADAQABAAACAQDWlJgCHZ9DuZQD92i391zN7bTKquOVTzP+frQSSXkfkPdrruY9ggbxnmFCkzwgDbsoAy5e1Wd68lSh752h8l1AODQOOhVFW0sT3iz9TXIu5Q300/iwlsIpJ1tLtlQNR8i/YX5zij9C9ZzFKUXqC2zckVxNHHWDcv6pieKx5EUZ4ba1EINqk3htnBVaQh1jlJem+zt5oVsXb2ylNQ3mBY6uxiU5P3tpv6FDigS25BROwxbMd6WL7bwDusmrTgH7jyCljjmpEpSLko2nEPETWwCC6wu4YGgnsCBgY5RQxSOJhhxnCRNaVWL9jzgIDAJ2peVb+gpgWRt8MMoEwRSKeAvuAvrDC3CFMcHVZvEFtppW6t4pFrtrParH22f4frqHaZMX+7LFlUMuMA9LP5OlB4buAX+QUU1RTQXp0TlVRpMKXGEGEXoKTJZ8ge2JCKTbsK3RIErJVqMYk2nJ/BdWwnNgFrGNgJ59wdG2DzthOQElI2xG41P+aYbisl29sr56GGzOunToM36+SajsdL3mC59MyFWR5hnIRO0i/zeKblNszjt3ndR7v/2evyGZHjY7p6pvCdr3AD7Izy7wfu7oVtVYJaEV5bW+MD6qdDDspHOk5ktt4o+WYWb2bhhwPFj7BRYzaOz8RenwYIPSjq9StCuE1rZ8SQ1oM9JGqT4xShZjsQ== ariel@ariel",
            "tags": {},
            "tags_all": {
              "Application": "Middleware",
              "CreatedBy": "Terraform"
            }
          },
          "sensitive_attributes": [],
          "private": "eyJzY2hlbWFfdmVyc2lvbiI6IjEifQ=="
        }
      ]
    },
    {
      "module": "module.bastion",
      "mode": "managed",
      "type": "aws_route53_record",
      "name": "bastion",
      "provider": "provider[\"registry.terraform.io/hashicorp/aws\"]",
      "instances": [
        {
          "schema_version": 2,
          "attributes": {
            "alias": [],
            "allow_overwrite": null,
            "failover_routing_policy": [],
            "fqdn": "bastion.stg.ariel-middleware.site",
            "geolocation_routing_policy": [],
            "health_check_id": "",
            "id": "Z036681222L117T3KDZ5N_bastion.stg.ariel-middleware.site_A",
            "latency_routing_policy": [],
            "multivalue_answer_routing_policy": null,
            "name": "bastion.stg.ariel-middleware.site",
            "records": [
              "3.138.175.71"
            ],
            "set_identifier": "",
            "ttl": 300,
            "type": "A",
            "weighted_routing_policy": [],
            "zone_id": "Z036681222L117T3KDZ5N"
          },
          "sensitive_attributes": [],
          "private": "eyJzY2hlbWFfdmVyc2lvbiI6IjIifQ==",
          "dependencies": [
            "module.bastion.aws_instance.bastion",
            "module.bastion.aws_key_pair.bastion",
            "module.sg.aws_security_group.bastion",
            "module.vpc.aws_internet_gateway.middleware",
            "module.vpc.aws_subnet.subnet_middleware_a_public",
            "module.vpc.aws_vpc.middleware",
            "module.vpc.data.aws_region.current"
          ]
        }
      ]
    },
    {
      "module": "module.cache",
      "mode": "managed",
      "type": "aws_elasticache_cluster",
      "name": "middleware",
      "provider": "provider[\"registry.terraform.io/hashicorp/aws\"]",
      "instances": [
        {
          "schema_version": 0,
          "attributes": {
            "apply_immediately": null,
            "arn": "arn:aws:elasticache:us-east-2:806721437369:cluster:cluster-middleware",
            "auto_minor_version_upgrade": "true",
            "availability_zone": "us-east-2b",
            "az_mode": "single-az",
            "cache_nodes": [
              {
                "address": "cluster-middleware.zyj8ro.0001.use2.cache.amazonaws.com",
                "availability_zone": "us-east-2b",
                "id": "0001",
                "port": 6379
              }
            ],
            "cluster_address": null,
            "cluster_id": "cluster-middleware",
            "configuration_endpoint": null,
            "engine": "redis",
            "engine_version": "6.2",
            "engine_version_actual": "6.2.6",
            "final_snapshot_identifier": null,
            "id": "cluster-middleware",
            "log_delivery_configuration": [],
            "maintenance_window": "sat:05:00-sat:06:00",
            "node_type": "cache.t3.micro",
            "notification_topic_arn": null,
            "num_cache_nodes": 1,
            "parameter_group_name": "default.redis6.x",
            "port": 6379,
            "preferred_availability_zones": null,
            "replication_group_id": "tf-rep-middleware-1",
            "security_group_ids": [
              "sg-07afabebd6ac3b1ae"
            ],
            "security_group_names": [],
            "snapshot_arns": null,
            "snapshot_name": null,
            "snapshot_retention_limit": 0,
            "snapshot_window": "02:30-03:30",
            "subnet_group_name": "subnet-group-middleware",
            "tags": {},
            "tags_all": {
              "Application": "Middleware",
              "CreatedBy": "Terraform"
            }
          },
          "sensitive_attributes": [],
          "private": "bnVsbA==",
          "dependencies": [
            "module.cache.aws_elasticache_replication_group.middleware",
            "module.cache.aws_elasticache_subnet_group.middleware",
            "module.sg.aws_security_group.middleware_cache",
            "module.vpc.aws_internet_gateway.middleware",
            "module.vpc.aws_subnet.subnet_middleware_a",
            "module.vpc.aws_subnet.subnet_middleware_b",
            "module.vpc.aws_vpc.middleware",
            "module.vpc.data.aws_region.current"
          ]
        }
      ]
    },
    {
      "module": "module.cache",
      "mode": "managed",
      "type": "aws_elasticache_replication_group",
      "name": "middleware",
      "provider": "provider[\"registry.terraform.io/hashicorp/aws\"]",
      "instances": [
        {
          "schema_version": 1,
          "attributes": {
            "apply_immediately": null,
            "arn": "arn:aws:elasticache:us-east-2:806721437369:replicationgroup:tf-rep-middleware-1",
            "at_rest_encryption_enabled": false,
            "auth_token": "",
            "auto_minor_version_upgrade": "true",
            "automatic_failover_enabled": false,
            "availability_zones": null,
            "cluster_enabled": false,
            "cluster_mode": [
              {
                "num_node_groups": 1,
                "replicas_per_node_group": 2
              }
            ],
            "configuration_endpoint_address": null,
            "data_tiering_enabled": false,
            "description": "cluster-middleware",
            "engine": "redis",
            "engine_version": "6.2",
            "engine_version_actual": "6.2.6",
            "final_snapshot_identifier": null,
            "global_replication_group_id": null,
            "id": "tf-rep-middleware-1",
            "kms_key_id": "",
            "log_delivery_configuration": [],
            "maintenance_window": "sat:05:00-sat:06:00",
            "member_clusters": [
              "cluster-middleware",
              "tf-rep-middleware-1-001",
              "tf-rep-middleware-1-002"
            ],
            "multi_az_enabled": false,
            "node_type": "cache.t3.micro",
            "notification_topic_arn": null,
            "num_cache_clusters": 3,
            "num_node_groups": 1,
            "number_cache_clusters": 3,
            "parameter_group_name": "default.redis6.x",
            "port": 6379,
            "preferred_cache_cluster_azs": null,
            "primary_endpoint_address": "tf-rep-middleware-1.zyj8ro.ng.0001.use2.cache.amazonaws.com",
            "reader_endpoint_address": "tf-rep-middleware-1-ro.zyj8ro.ng.0001.use2.cache.amazonaws.com",
            "replicas_per_node_group": 2,
            "replication_group_description": "cluster-middleware",
            "replication_group_id": "tf-rep-middleware-1",
            "security_group_ids": [
              "sg-07afabebd6ac3b1ae"
            ],
            "security_group_names": [],
            "snapshot_arns": null,
            "snapshot_name": null,
            "snapshot_retention_limit": 0,
            "snapshot_window": "02:30-03:30",
            "subnet_group_name": "subnet-group-middleware",
            "tags": {},
            "tags_all": {
              "Application": "Middleware",
              "CreatedBy": "Terraform"
            },
            "timeouts": null,
            "transit_encryption_enabled": false,
            "user_group_ids": []
          },
          "sensitive_attributes": [],
          "private": "eyJlMmJmYjczMC1lY2FhLTExZTYtOGY4OC0zNDM2M2JjN2M0YzAiOnsiY3JlYXRlIjozNjAwMDAwMDAwMDAwLCJkZWxldGUiOjI0MDAwMDAwMDAwMDAsInVwZGF0ZSI6MjQwMDAwMDAwMDAwMH0sInNjaGVtYV92ZXJzaW9uIjoiMSJ9",
          "dependencies": [
            "module.cache.aws_elasticache_subnet_group.middleware",
            "module.sg.aws_security_group.middleware_cache",
            "module.vpc.aws_internet_gateway.middleware",
            "module.vpc.aws_subnet.subnet_middleware_a",
            "module.vpc.aws_subnet.subnet_middleware_b",
            "module.vpc.aws_vpc.middleware",
            "module.vpc.data.aws_region.current"
          ]
        }
      ]
    },
    {
      "module": "module.cache",
      "mode": "managed",
      "type": "aws_elasticache_subnet_group",
      "name": "middleware",
      "provider": "provider[\"registry.terraform.io/hashicorp/aws\"]",
      "instances": [
        {
          "schema_version": 0,
          "attributes": {
            "arn": "arn:aws:elasticache:us-east-2:806721437369:subnetgroup:subnet-group-middleware",
            "description": "Managed by Terraform",
            "id": "subnet-group-middleware",
            "name": "subnet-group-middleware",
            "subnet_ids": [
              "subnet-060eaa07e52a04986",
              "subnet-0b816477064989429"
            ],
            "tags": {},
            "tags_all": {
              "Application": "Middleware",
              "CreatedBy": "Terraform"
            }
          },
          "sensitive_attributes": [],
          "private": "bnVsbA==",
          "dependencies": [
            "module.vpc.aws_internet_gateway.middleware",
            "module.vpc.aws_subnet.subnet_middleware_a",
            "module.vpc.aws_subnet.subnet_middleware_b",
            "module.vpc.aws_vpc.middleware",
            "module.vpc.data.aws_region.current"
          ]
        }
      ]
    },
    {
      "module": "module.ecr",
      "mode": "managed",
      "type": "aws_ecr_repository",
      "name": "middleware",
      "provider": "provider[\"registry.terraform.io/hashicorp/aws\"]",
      "instances": [
        {
          "schema_version": 0,
          "attributes": {
            "arn": "arn:aws:ecr:us-east-2:806721437369:repository/middleware",
            "encryption_configuration": [
              {
                "encryption_type": "AES256",
                "kms_key": ""
              }
            ],
            "id": "middleware",
            "image_scanning_configuration": [
              {
                "scan_on_push": false
              }
            ],
            "image_tag_mutability": "MUTABLE",
            "name": "middleware",
            "registry_id": "806721437369",
            "repository_url": "806721437369.dkr.ecr.us-east-2.amazonaws.com/middleware",
            "tags": {},
            "tags_all": {
              "Application": "Middleware",
              "CreatedBy": "Terraform"
            },
            "timeouts": null
          },
          "sensitive_attributes": [],
          "private": "eyJlMmJmYjczMC1lY2FhLTExZTYtOGY4OC0zNDM2M2JjN2M0YzAiOnsiZGVsZXRlIjoxMjAwMDAwMDAwMDAwfX0="
        }
      ]
    },
    {
      "module": "module.ecs",
      "mode": "managed",
      "type": "aws_ecs_cluster",
      "name": "middleware",
      "provider": "provider[\"registry.terraform.io/hashicorp/aws\"]",
      "instances": [
        {
          "schema_version": 0,
          "attributes": {
            "arn": "arn:aws:ecs:us-east-2:806721437369:cluster/middleware-stg",
            "capacity_providers": [],
            "configuration": [],
            "default_capacity_provider_strategy": [],
            "id": "arn:aws:ecs:us-east-2:806721437369:cluster/middleware-stg",
            "name": "middleware-stg",
            "setting": [
              {
                "name": "containerInsights",
                "value": "disabled"
              }
            ],
            "tags": {},
            "tags_all": {
              "Application": "Middleware",
              "CreatedBy": "Terraform"
            }
          },
          "sensitive_attributes": [],
          "private": "bnVsbA=="
        }
      ]
    },
    {
      "module": "module.load_balancer",
      "mode": "managed",
      "type": "aws_lb",
      "name": "middleware",
      "provider": "provider[\"registry.terraform.io/hashicorp/aws\"]",
      "instances": [
        {
          "schema_version": 0,
          "attributes": {
            "access_logs": [
              {
                "bucket": "",
                "enabled": false,
                "prefix": ""
              }
            ],
            "arn": "arn:aws:elasticloadbalancing:us-east-2:806721437369:loadbalancer/app/middleware-stg/a73abb537e764efc",
            "arn_suffix": "app/middleware-stg/a73abb537e764efc",
            "customer_owned_ipv4_pool": "",
            "desync_mitigation_mode": "defensive",
            "dns_name": "middleware-stg-42292400.us-east-2.elb.amazonaws.com",
            "drop_invalid_header_fields": false,
            "enable_cross_zone_load_balancing": null,
            "enable_deletion_protection": false,
            "enable_http2": true,
            "enable_waf_fail_open": false,
            "id": "arn:aws:elasticloadbalancing:us-east-2:806721437369:loadbalancer/app/middleware-stg/a73abb537e764efc",
            "idle_timeout": 60,
            "internal": false,
            "ip_address_type": "ipv4",
            "load_balancer_type": "application",
            "name": "middleware-stg",
            "name_prefix": null,
            "security_groups": [
              "sg-0df7a6fde2c07e12e"
            ],
            "subnet_mapping": [
              {
                "allocation_id": "",
                "ipv6_address": "",
                "outpost_id": "",
                "private_ipv4_address": "",
                "subnet_id": "subnet-022ea4640f4905748"
              },
              {
                "allocation_id": "",
                "ipv6_address": "",
                "outpost_id": "",
                "private_ipv4_address": "",
                "subnet_id": "subnet-07e57b70e091251ac"
              }
            ],
            "subnets": [
              "subnet-022ea4640f4905748",
              "subnet-07e57b70e091251ac"
            ],
            "tags": {},
            "tags_all": {
              "Application": "Middleware",
              "CreatedBy": "Terraform"
            },
            "timeouts": null,
            "vpc_id": "vpc-0d616943f7163f320",
            "zone_id": "Z3AADJGX6KTTL2"
          },
          "sensitive_attributes": [],
          "private": "eyJlMmJmYjczMC1lY2FhLTExZTYtOGY4OC0zNDM2M2JjN2M0YzAiOnsiY3JlYXRlIjo2MDAwMDAwMDAwMDAsImRlbGV0ZSI6NjAwMDAwMDAwMDAwLCJ1cGRhdGUiOjYwMDAwMDAwMDAwMH19",
          "dependencies": [
            "module.sg.aws_security_group.middleware_lb",
            "module.vpc.aws_internet_gateway.middleware",
            "module.vpc.aws_subnet.subnet_middleware_a_public",
            "module.vpc.aws_subnet.subnet_middleware_b_public",
            "module.vpc.aws_vpc.middleware",
            "module.vpc.data.aws_region.current"
          ]
        }
      ]
    },
    {
      "module": "module.load_balancer",
      "mode": "managed",
      "type": "aws_lb_listener",
      "name": "middleware",
      "provider": "provider[\"registry.terraform.io/hashicorp/aws\"]",
      "instances": [
        {
          "schema_version": 0,
          "attributes": {
            "alpn_policy": null,
            "arn": "arn:aws:elasticloadbalancing:us-east-2:806721437369:listener/app/middleware-stg/a73abb537e764efc/dfd1963c64151ecc",
            "certificate_arn": "arn:aws:acm:us-east-2:806721437369:certificate/db541d2c-1c10-4a85-8f6a-62f20fae46f1",
            "default_action": [
              {
                "authenticate_cognito": [],
                "authenticate_oidc": [],
                "fixed_response": [],
                "forward": [],
                "order": 1,
                "redirect": [],
                "target_group_arn": "arn:aws:elasticloadbalancing:us-east-2:806721437369:targetgroup/middleware-stg/bc0993aee337067c",
                "type": "forward"
              }
            ],
            "id": "arn:aws:elasticloadbalancing:us-east-2:806721437369:listener/app/middleware-stg/a73abb537e764efc/dfd1963c64151ecc",
            "load_balancer_arn": "arn:aws:elasticloadbalancing:us-east-2:806721437369:loadbalancer/app/middleware-stg/a73abb537e764efc",
            "port": 443,
            "protocol": "HTTPS",
            "ssl_policy": "ELBSecurityPolicy-2016-08",
            "tags": {},
            "tags_all": {
              "Application": "Middleware",
              "CreatedBy": "Terraform"
            },
            "timeouts": null
          },
          "sensitive_attributes": [],
          "private": "eyJlMmJmYjczMC1lY2FhLTExZTYtOGY4OC0zNDM2M2JjN2M0YzAiOnsicmVhZCI6NjAwMDAwMDAwMDAwfX0=",
          "dependencies": [
            "module.acm.aws_acm_certificate.middleware_domain",
            "module.load_balancer.aws_lb.middleware",
            "module.middleware.aws_lb_target_group.middleware",
            "module.sg.aws_security_group.middleware_lb",
            "module.vpc.aws_internet_gateway.middleware",
            "module.vpc.aws_subnet.subnet_middleware_a_public",
            "module.vpc.aws_subnet.subnet_middleware_b_public",
            "module.vpc.aws_vpc.middleware",
            "module.vpc.data.aws_region.current"
          ]
        }
      ]
    },
    {
      "module": "module.load_balancer",
      "mode": "managed",
      "type": "aws_lb_listener",
      "name": "middleware_http",
      "provider": "provider[\"registry.terraform.io/hashicorp/aws\"]",
      "instances": [
        {
          "schema_version": 0,
          "attributes": {
            "alpn_policy": null,
            "arn": "arn:aws:elasticloadbalancing:us-east-2:806721437369:listener/app/middleware-stg/a73abb537e764efc/ec36c26c85051f2d",
            "certificate_arn": null,
            "default_action": [
              {
                "authenticate_cognito": [],
                "authenticate_oidc": [],
                "fixed_response": [],
                "forward": [],
                "order": 1,
                "redirect": [
                  {
                    "host": "#{host}",
                    "path": "/#{path}",
                    "port": "443",
                    "protocol": "HTTPS",
                    "query": "#{query}",
                    "status_code": "HTTP_301"
                  }
                ],
                "target_group_arn": "",
                "type": "redirect"
              }
            ],
            "id": "arn:aws:elasticloadbalancing:us-east-2:806721437369:listener/app/middleware-stg/a73abb537e764efc/ec36c26c85051f2d",
            "load_balancer_arn": "arn:aws:elasticloadbalancing:us-east-2:806721437369:loadbalancer/app/middleware-stg/a73abb537e764efc",
            "port": 80,
            "protocol": "HTTP",
            "ssl_policy": "",
            "tags": {},
            "tags_all": {
              "Application": "Middleware",
              "CreatedBy": "Terraform"
            },
            "timeouts": null
          },
          "sensitive_attributes": [],
          "private": "eyJlMmJmYjczMC1lY2FhLTExZTYtOGY4OC0zNDM2M2JjN2M0YzAiOnsicmVhZCI6NjAwMDAwMDAwMDAwfX0=",
          "dependencies": [
            "module.load_balancer.aws_lb.middleware",
            "module.sg.aws_security_group.middleware_lb",
            "module.vpc.aws_internet_gateway.middleware",
            "module.vpc.aws_subnet.subnet_middleware_a_public",
            "module.vpc.aws_subnet.subnet_middleware_b_public",
            "module.vpc.aws_vpc.middleware",
            "module.vpc.data.aws_region.current"
          ]
        }
      ]
    },
    {
      "module": "module.load_balancer",
      "mode": "managed",
      "type": "aws_route53_record",
      "name": "middleware",
      "provider": "provider[\"registry.terraform.io/hashicorp/aws\"]",
      "instances": [
        {
          "schema_version": 2,
          "attributes": {
            "alias": [],
            "allow_overwrite": null,
            "failover_routing_policy": [],
            "fqdn": "middleware.ariel-middleware.site",
            "geolocation_routing_policy": [],
            "health_check_id": "",
            "id": "Z036681222L117T3KDZ5N_middleware.ariel-middleware.site_CNAME",
            "latency_routing_policy": [],
            "multivalue_answer_routing_policy": null,
            "name": "middleware.ariel-middleware.site",
            "records": [
              "middleware-stg-42292400.us-east-2.elb.amazonaws.com"
            ],
            "set_identifier": "",
            "ttl": 300,
            "type": "CNAME",
            "weighted_routing_policy": [],
            "zone_id": "Z036681222L117T3KDZ5N"
          },
          "sensitive_attributes": [],
          "private": "eyJzY2hlbWFfdmVyc2lvbiI6IjIifQ==",
          "dependencies": [
            "module.load_balancer.aws_lb.middleware",
            "module.sg.aws_security_group.middleware_lb",
            "module.vpc.aws_internet_gateway.middleware",
            "module.vpc.aws_subnet.subnet_middleware_a_public",
            "module.vpc.aws_subnet.subnet_middleware_b_public",
            "module.vpc.aws_vpc.middleware",
            "module.vpc.data.aws_region.current"
          ]
        }
      ]
    },
    {
      "module": "module.middleware",
      "mode": "data",
      "type": "aws_caller_identity",
      "name": "current",
      "provider": "provider[\"registry.terraform.io/hashicorp/aws\"]",
      "instances": [
        {
          "schema_version": 0,
          "attributes": {
            "account_id": "806721437369",
            "arn": "arn:aws:iam::806721437369:root",
            "id": "806721437369",
            "user_id": "806721437369"
          },
          "sensitive_attributes": []
        }
      ]
    },
    {
      "module": "module.middleware",
      "mode": "data",
      "type": "aws_region",
      "name": "current",
      "provider": "provider[\"registry.terraform.io/hashicorp/aws\"]",
      "instances": [
        {
          "schema_version": 0,
          "attributes": {
            "description": "US East (Ohio)",
            "endpoint": "ec2.us-east-2.amazonaws.com",
            "id": "us-east-2",
            "name": "us-east-2"
          },
          "sensitive_attributes": []
        }
      ]
    },
    {
      "module": "module.middleware",
      "mode": "managed",
      "type": "aws_cloudwatch_log_group",
      "name": "middleware",
      "provider": "provider[\"registry.terraform.io/hashicorp/aws\"]",
      "instances": [
        {
          "schema_version": 0,
          "attributes": {
            "arn": "arn:aws:logs:us-east-2:806721437369:log-group:/ecs/middleware-stg",
            "id": "/ecs/middleware-stg",
            "kms_key_id": "",
            "name": "/ecs/middleware-stg",
            "name_prefix": null,
            "retention_in_days": 5,
            "tags": {},
            "tags_all": {
              "Application": "Middleware",
              "CreatedBy": "Terraform"
            }
          },
          "sensitive_attributes": [],
          "private": "bnVsbA=="
        }
      ]
    },
    {
      "module": "module.middleware",
      "mode": "managed",
      "type": "aws_ecs_service",
      "name": "middleware",
      "provider": "provider[\"registry.terraform.io/hashicorp/aws\"]",
      "instances": [
        {
          "schema_version": 0,
          "attributes": {
            "capacity_provider_strategy": [],
            "cluster": "arn:aws:ecs:us-east-2:806721437369:cluster/middleware-stg",
            "deployment_circuit_breaker": [
              {
                "enable": false,
                "rollback": false
              }
            ],
            "deployment_controller": [
              {
                "type": "ECS"
              }
            ],
            "deployment_maximum_percent": 200,
            "deployment_minimum_healthy_percent": 100,
            "desired_count": 2,
            "enable_ecs_managed_tags": false,
            "enable_execute_command": false,
            "force_new_deployment": null,
            "health_check_grace_period_seconds": 0,
            "iam_role": "aws-service-role",
            "id": "arn:aws:ecs:us-east-2:806721437369:service/middleware-stg/middleware-stg",
            "launch_type": "FARGATE",
            "load_balancer": [
              {
                "container_name": "middleware-stg",
                "container_port": 8080,
                "elb_name": "",
                "target_group_arn": "arn:aws:elasticloadbalancing:us-east-2:806721437369:targetgroup/middleware-stg/bc0993aee337067c"
              }
            ],
            "name": "middleware-stg",
            "network_configuration": [
              {
                "assign_public_ip": false,
                "security_groups": [
                  "sg-00cc0f609199dd7e3"
                ],
                "subnets": [
                  "subnet-060eaa07e52a04986",
                  "subnet-0b816477064989429"
                ]
              }
            ],
            "ordered_placement_strategy": [],
            "placement_constraints": [],
            "platform_version": "LATEST",
            "propagate_tags": "NONE",
            "scheduling_strategy": "REPLICA",
            "service_registries": [],
            "tags": {},
            "tags_all": {
              "Application": "Middleware",
              "CreatedBy": "Terraform"
            },
            "task_definition": "arn:aws:ecs:us-east-2:806721437369:task-definition/middleware-stg:2",
            "timeouts": null,
            "wait_for_steady_state": false
          },
          "sensitive_attributes": [],
          "private": "eyJlMmJmYjczMC1lY2FhLTExZTYtOGY4OC0zNDM2M2JjN2M0YzAiOnsiZGVsZXRlIjoxMjAwMDAwMDAwMDAwfX0=",
          "dependencies": [
            "module.ecs.aws_ecs_cluster.middleware",
            "module.middleware.aws_ecs_task_definition.middleware",
            "module.middleware.aws_lb_target_group.middleware",
            "module.middleware.data.aws_caller_identity.current",
            "module.middleware.data.aws_region.current",
            "module.role.aws_iam_role.middleware_ecs",
            "module.sg.aws_security_group.middleware_ecs",
            "module.vpc.aws_internet_gateway.middleware",
            "module.vpc.aws_subnet.subnet_middleware_a",
            "module.vpc.aws_subnet.subnet_middleware_b",
            "module.vpc.aws_vpc.middleware",
            "module.vpc.data.aws_region.current"
          ]
        }
      ]
    },
    {
      "module": "module.middleware",
      "mode": "managed",
      "type": "aws_ecs_task_definition",
      "name": "middleware",
      "provider": "provider[\"registry.terraform.io/hashicorp/aws\"]",
      "instances": [
        {
          "schema_version": 1,
          "attributes": {
            "arn": "arn:aws:ecs:us-east-2:806721437369:task-definition/middleware-stg:2",
            "container_definitions": "[{\"cpu\":1024,\"environment\":[],\"essential\":true,\"image\":\"806721437369.dkr.ecr.us-east-2.amazonaws.com/middleware:latest\",\"logConfiguration\":{\"logDriver\":\"awslogs\",\"options\":{\"awslogs-group\":\"/ecs/middleware-stg\",\"awslogs-region\":\"us-east-2\",\"awslogs-stream-prefix\":\"ecs\"}},\"memory\":2048,\"mountPoints\":[],\"name\":\"middleware-stg\",\"portMappings\":[{\"containerPort\":8080,\"hostPort\":8080,\"protocol\":\"tcp\"}],\"volumesFrom\":[]}]",
            "cpu": "1024",
            "ephemeral_storage": [],
            "execution_role_arn": "arn:aws:iam::806721437369:role/middleware-ecs-stg",
            "family": "middleware-stg",
            "id": "middleware-stg",
            "inference_accelerator": [],
            "ipc_mode": "",
            "memory": "2048",
            "network_mode": "awsvpc",
            "pid_mode": "",
            "placement_constraints": [],
            "proxy_configuration": [],
            "requires_compatibilities": [
              "FARGATE"
            ],
            "revision": 2,
            "runtime_platform": [],
            "skip_destroy": false,
            "tags": {},
            "tags_all": {
              "Application": "Middleware",
              "CreatedBy": "Terraform"
            },
            "task_role_arn": "arn:aws:iam::806721437369:role/middleware-ecs-stg",
            "volume": []
          },
          "sensitive_attributes": [],
          "private": "eyJzY2hlbWFfdmVyc2lvbiI6IjEifQ==",
          "dependencies": [
            "module.middleware.data.aws_caller_identity.current",
            "module.middleware.data.aws_region.current",
            "module.role.aws_iam_role.middleware_ecs"
          ]
        }
      ]
    },
    {
      "module": "module.middleware",
      "mode": "managed",
      "type": "aws_lb_target_group",
      "name": "middleware",
      "provider": "provider[\"registry.terraform.io/hashicorp/aws\"]",
      "instances": [
        {
          "schema_version": 0,
          "attributes": {
            "arn": "arn:aws:elasticloadbalancing:us-east-2:806721437369:targetgroup/middleware-stg/bc0993aee337067c",
            "arn_suffix": "targetgroup/middleware-stg/bc0993aee337067c",
            "connection_termination": false,
            "deregistration_delay": "300",
            "health_check": [
              {
                "enabled": true,
                "healthy_threshold": 2,
                "interval": 10,
                "matcher": "200",
                "path": "/health-check",
                "port": "traffic-port",
                "protocol": "HTTP",
                "timeout": 5,
                "unhealthy_threshold": 3
              }
            ],
            "id": "arn:aws:elasticloadbalancing:us-east-2:806721437369:targetgroup/middleware-stg/bc0993aee337067c",
            "lambda_multi_value_headers_enabled": false,
            "load_balancing_algorithm_type": "round_robin",
            "name": "middleware-stg",
            "name_prefix": null,
            "port": 8080,
            "preserve_client_ip": null,
            "protocol": "HTTP",
            "protocol_version": "HTTP1",
            "proxy_protocol_v2": false,
            "slow_start": 0,
            "stickiness": [
              {
                "cookie_duration": 86400,
                "cookie_name": "",
                "enabled": false,
                "type": "lb_cookie"
              }
            ],
            "tags": {},
            "tags_all": {
              "Application": "Middleware",
              "CreatedBy": "Terraform"
            },
            "target_type": "ip",
            "vpc_id": "vpc-0d616943f7163f320"
          },
          "sensitive_attributes": [],
          "private": "bnVsbA==",
          "dependencies": [
            "module.vpc.aws_vpc.middleware"
          ]
        }
      ]
    },
    {
      "module": "module.mq",
      "mode": "data",
      "type": "aws_region",
      "name": "current",
      "provider": "provider[\"registry.terraform.io/hashicorp/aws\"]",
      "instances": [
        {
          "schema_version": 0,
          "attributes": {
            "description": "US East (Ohio)",
            "endpoint": "ec2.us-east-2.amazonaws.com",
            "id": "us-east-2",
            "name": "us-east-2"
          },
          "sensitive_attributes": []
        }
      ]
    },
    {
      "module": "module.mq",
      "mode": "managed",
      "type": "aws_mq_broker",
      "name": "mq",
      "provider": "provider[\"registry.terraform.io/hashicorp/aws\"]",
      "instances": [
        {
          "schema_version": 0,
          "attributes": {
            "apply_immediately": false,
            "arn": "arn:aws:mq:us-east-2:806721437369:broker:middleware-stg:b-6d573fe2-c741-4ff5-832d-38d896ca940e",
            "authentication_strategy": "simple",
            "auto_minor_version_upgrade": false,
            "broker_name": "middleware-stg",
            "configuration": [],
            "deployment_mode": "SINGLE_INSTANCE",
            "encryption_options": [
              {
                "kms_key_id": "",
                "use_aws_owned_key": true
              }
            ],
            "engine_type": "RabbitMQ",
            "engine_version": "3.9.13",
            "host_instance_type": "mq.t3.micro",
            "id": "b-6d573fe2-c741-4ff5-832d-38d896ca940e",
            "instances": [
              {
                "console_url": "https://b-6d573fe2-c741-4ff5-832d-38d896ca940e.mq.us-east-2.amazonaws.com",
                "endpoints": [
                  "amqps://b-6d573fe2-c741-4ff5-832d-38d896ca940e.mq.us-east-2.amazonaws.com:5671"
                ],
                "ip_address": ""
              }
            ],
            "ldap_server_metadata": [],
            "logs": [
              {
                "audit": "",
                "general": false
              }
            ],
            "maintenance_window_start_time": [
              {
                "day_of_week": "TUESDAY",
                "time_of_day": "18:00",
                "time_zone": "UTC"
              }
            ],
            "publicly_accessible": false,
            "security_groups": [
              "sg-03a061eda672c0b77"
            ],
            "storage_type": "ebs",
            "subnet_ids": [
              "subnet-0b816477064989429"
            ],
            "tags": {
              "Name": "middleware-stg"
            },
            "tags_all": {
              "Application": "Middleware",
              "CreatedBy": "Terraform",
              "Name": "middleware-stg"
            },
            "user": []
          },
          "sensitive_attributes": [],
          "private": "bnVsbA==",
          "dependencies": [
            "module.sg.aws_security_group.middleware_mq",
            "module.vpc.aws_internet_gateway.middleware",
            "module.vpc.aws_subnet.subnet_middleware_a",
            "module.vpc.aws_vpc.middleware",
            "module.vpc.data.aws_region.current"
          ]
        }
      ]
    },
    {
      "module": "module.parameter_store",
      "mode": "managed",
      "type": "aws_ssm_parameter",
      "name": "cache_read_host",
      "provider": "provider[\"registry.terraform.io/hashicorp/aws\"]",
      "instances": [
        {
          "schema_version": 0,
          "attributes": {
            "allowed_pattern": "",
            "arn": "arn:aws:ssm:us-east-2:806721437369:parameter/middleware/stg/CACHE_READ_HOST",
            "data_type": "text",
            "description": "",
            "id": "/middleware/stg/CACHE_READ_HOST",
            "key_id": "",
            "name": "/middleware/stg/CACHE_READ_HOST",
            "overwrite": null,
            "tags": null,
            "tags_all": {
              "Application": "Middleware",
              "CreatedBy": "Terraform"
            },
            "tier": "Standard",
            "type": "String",
            "value": "tf-rep-middleware-1-ro.zyj8ro.ng.0001.use2.cache.amazonaws.com",
            "version": 1
          },
          "sensitive_attributes": [],
          "private": "bnVsbA==",
          "dependencies": [
            "module.cache.aws_elasticache_replication_group.middleware"
          ]
        }
      ]
    },
    {
      "module": "module.parameter_store",
      "mode": "managed",
      "type": "aws_ssm_parameter",
      "name": "cache_write_host",
      "provider": "provider[\"registry.terraform.io/hashicorp/aws\"]",
      "instances": [
        {
          "schema_version": 0,
          "attributes": {
            "allowed_pattern": "",
            "arn": "arn:aws:ssm:us-east-2:806721437369:parameter/middleware/stg/CACHE_WRITE_HOST",
            "data_type": "text",
            "description": "",
            "id": "/middleware/stg/CACHE_WRITE_HOST",
            "key_id": "",
            "name": "/middleware/stg/CACHE_WRITE_HOST",
            "overwrite": null,
            "tags": null,
            "tags_all": {
              "Application": "Middleware",
              "CreatedBy": "Terraform"
            },
            "tier": "Standard",
            "type": "String",
            "value": "tf-rep-middleware-1.zyj8ro.ng.0001.use2.cache.amazonaws.com",
            "version": 1
          },
          "sensitive_attributes": [],
          "private": "bnVsbA==",
          "dependencies": [
            "module.cache.aws_elasticache_replication_group.middleware"
          ]
        }
      ]
    },
    {
      "module": "module.parameter_store",
      "mode": "managed",
      "type": "aws_ssm_parameter",
      "name": "mq_address",
      "provider": "provider[\"registry.terraform.io/hashicorp/aws\"]",
      "instances": [
        {
          "schema_version": 0,
          "attributes": {
            "allowed_pattern": "",
            "arn": "arn:aws:ssm:us-east-2:806721437369:parameter/middleware/stg/MQ_HOST",
            "data_type": "text",
            "description": "",
            "id": "/middleware/stg/MQ_HOST",
            "key_id": "",
            "name": "/middleware/stg/MQ_HOST",
            "overwrite": null,
            "tags": null,
            "tags_all": {
              "Application": "Middleware",
              "CreatedBy": "Terraform"
            },
            "tier": "Standard",
            "type": "String",
            "value": "b-6d573fe2-c741-4ff5-832d-38d896ca940e.mq.us-east-2.amazonaws.com",
            "version": 1
          },
          "sensitive_attributes": [],
          "private": "bnVsbA==",
          "dependencies": [
            "module.mq.aws_mq_broker.mq",
            "module.mq.data.aws_region.current"
          ]
        }
      ]
    },
    {
      "module": "module.parameter_store",
      "mode": "managed",
      "type": "aws_ssm_parameter",
      "name": "mq_password",
      "provider": "provider[\"registry.terraform.io/hashicorp/aws\"]",
      "instances": [
        {
          "schema_version": 0,
          "attributes": {
            "allowed_pattern": "",
            "arn": "arn:aws:ssm:us-east-2:806721437369:parameter/middleware/stg/MQ_PASSWORD",
            "data_type": "text",
            "description": "",
            "id": "/middleware/stg/MQ_PASSWORD",
            "key_id": "",
            "name": "/middleware/stg/MQ_PASSWORD",
            "overwrite": null,
            "tags": null,
            "tags_all": {
              "Application": "Middleware",
              "CreatedBy": "Terraform"
            },
            "tier": "Standard",
            "type": "String",
            "value": "@Batata-1234",
            "version": 1
          },
          "sensitive_attributes": [],
          "private": "bnVsbA=="
        }
      ]
    },
    {
      "module": "module.parameter_store",
      "mode": "managed",
      "type": "aws_ssm_parameter",
      "name": "mq_username",
      "provider": "provider[\"registry.terraform.io/hashicorp/aws\"]",
      "instances": [
        {
          "schema_version": 0,
          "attributes": {
            "allowed_pattern": "",
            "arn": "arn:aws:ssm:us-east-2:806721437369:parameter/middleware/stg/MQ_USERNAME",
            "data_type": "text",
            "description": "",
            "id": "/middleware/stg/MQ_USERNAME",
            "key_id": "",
            "name": "/middleware/stg/MQ_USERNAME",
            "overwrite": null,
            "tags": null,
            "tags_all": {
              "Application": "Middleware",
              "CreatedBy": "Terraform"
            },
            "tier": "Standard",
            "type": "String",
            "value": "admin",
            "version": 1
          },
          "sensitive_attributes": [],
          "private": "bnVsbA=="
        }
      ]
    },
    {
      "module": "module.role",
      "mode": "data",
      "type": "aws_caller_identity",
      "name": "current",
      "provider": "provider[\"registry.terraform.io/hashicorp/aws\"]",
      "instances": [
        {
          "schema_version": 0,
          "attributes": {
            "account_id": "806721437369",
            "arn": "arn:aws:iam::806721437369:root",
            "id": "806721437369",
            "user_id": "806721437369"
          },
          "sensitive_attributes": []
        }
      ]
    },
    {
      "module": "module.role",
      "mode": "data",
      "type": "aws_region",
      "name": "current",
      "provider": "provider[\"registry.terraform.io/hashicorp/aws\"]",
      "instances": [
        {
          "schema_version": 0,
          "attributes": {
            "description": "US East (Ohio)",
            "endpoint": "ec2.us-east-2.amazonaws.com",
            "id": "us-east-2",
            "name": "us-east-2"
          },
          "sensitive_attributes": []
        }
      ]
    },
    {
      "module": "module.role",
      "mode": "managed",
      "type": "aws_iam_policy",
      "name": "get_ssm_tpa_web",
      "provider": "provider[\"registry.terraform.io/hashicorp/aws\"]",
      "instances": [
        {
          "schema_version": 0,
          "attributes": {
            "arn": "arn:aws:iam::806721437369:policy/get-ssm-middleware-stg",
            "description": "Permissions to get and describe SSM variables of Middleware STG",
            "id": "arn:aws:iam::806721437369:policy/get-ssm-middleware-stg",
            "name": "get-ssm-middleware-stg",
            "name_prefix": null,
            "path": "/",
            "policy": "{\"Statement\":[{\"Action\":[\"ssm:GetParameterHistory\",\"ssm:GetParametersByPath\",\"ssm:GetParameters\",\"ssm:GetParameter\"],\"Effect\":\"Allow\",\"Resource\":\"arn:aws:ssm:us-east-2:806721437369:parameter/middleware/stg/*\"},{\"Action\":\"ssm:DescribeParameters\",\"Effect\":\"Allow\",\"Resource\":\"*\"}],\"Version\":\"2012-10-17\"}",
            "policy_id": "ANPA3XVCYH244CTBFSH5Y",
            "tags": {},
            "tags_all": {
              "Application": "Middleware",
              "CreatedBy": "Terraform"
            }
          },
          "sensitive_attributes": [],
          "private": "bnVsbA==",
          "dependencies": [
            "module.role.data.aws_caller_identity.current",
            "module.role.data.aws_region.current"
          ]
        }
      ]
    },
    {
      "module": "module.role",
      "mode": "managed",
      "type": "aws_iam_role",
      "name": "middleware_ecs",
      "provider": "provider[\"registry.terraform.io/hashicorp/aws\"]",
      "instances": [
        {
          "schema_version": 0,
          "attributes": {
            "arn": "arn:aws:iam::806721437369:role/middleware-ecs-stg",
            "assume_role_policy": "{\"Version\":\"2012-10-17\",\"Statement\":[{\"Effect\":\"Allow\",\"Principal\":{\"Service\":\"ecs-tasks.amazonaws.com\"},\"Action\":\"sts:AssumeRole\"}]}",
            "create_date": "2022-05-28T18:01:11Z",
            "description": "",
            "force_detach_policies": false,
            "id": "middleware-ecs-stg",
            "inline_policy": [
              {
                "name": "",
                "policy": ""
              }
            ],
            "managed_policy_arns": [
              "arn:aws:iam::806721437369:policy/get-ssm-middleware-stg",
              "arn:aws:iam::aws:policy/service-role/AmazonECSTaskExecutionRolePolicy"
            ],
            "max_session_duration": 3600,
            "name": "middleware-ecs-stg",
            "name_prefix": "",
            "path": "/",
            "permissions_boundary": null,
            "tags": {},
            "tags_all": {
              "Application": "Middleware",
              "CreatedBy": "Terraform"
            },
            "unique_id": "AROA3XVCYH24TBUPNW5YX"
          },
          "sensitive_attributes": [],
          "private": "bnVsbA=="
        }
      ]
    },
    {
      "module": "module.role",
      "mode": "managed",
      "type": "aws_iam_role_policy_attachment",
      "name": "ecs",
      "provider": "provider[\"registry.terraform.io/hashicorp/aws\"]",
      "instances": [
        {
          "schema_version": 0,
          "attributes": {
            "id": "middleware-ecs-stg-20220528203524975100000002",
            "policy_arn": "arn:aws:iam::aws:policy/service-role/AmazonECSTaskExecutionRolePolicy",
            "role": "middleware-ecs-stg"
          },
          "sensitive_attributes": [],
          "private": "bnVsbA==",
          "dependencies": [
            "module.role.aws_iam_role.middleware_ecs"
          ]
        }
      ]
    },
    {
      "module": "module.role",
      "mode": "managed",
      "type": "aws_iam_role_policy_attachment",
      "name": "ssm",
      "provider": "provider[\"registry.terraform.io/hashicorp/aws\"]",
      "instances": [
        {
          "schema_version": 0,
          "attributes": {
            "id": "middleware-ecs-stg-20220528204942839800000001",
            "policy_arn": "arn:aws:iam::806721437369:policy/get-ssm-middleware-stg",
            "role": "middleware-ecs-stg"
          },
          "sensitive_attributes": [],
          "private": "bnVsbA==",
          "dependencies": [
            "module.role.aws_iam_policy.get_ssm_tpa_web",
            "module.role.aws_iam_role.middleware_ecs",
            "module.role.data.aws_caller_identity.current",
            "module.role.data.aws_region.current"
          ]
        }
      ]
    },
    {
      "module": "module.sg",
      "mode": "managed",
      "type": "aws_security_group",
      "name": "bastion",
      "provider": "provider[\"registry.terraform.io/hashicorp/aws\"]",
      "instances": [
        {
          "schema_version": 1,
          "attributes": {
            "arn": "arn:aws:ec2:us-east-2:806721437369:security-group/sg-02915c8d97edb7e9f",
            "description": "bastion-stg",
            "egress": [
              {
                "cidr_blocks": [
                  "0.0.0.0/0"
                ],
                "description": "Output default",
                "from_port": 0,
                "ipv6_cidr_blocks": [],
                "prefix_list_ids": [],
                "protocol": "-1",
                "security_groups": [],
                "self": false,
                "to_port": 0
              }
            ],
            "id": "sg-02915c8d97edb7e9f",
            "ingress": [
              {
                "cidr_blocks": [
                  "0.0.0.0/0"
                ],
                "description": "SSH - All",
                "from_port": 22,
                "ipv6_cidr_blocks": [],
                "prefix_list_ids": [],
                "protocol": "tcp",
                "security_groups": [],
                "self": false,
                "to_port": 22
              }
            ],
            "name": "bastion-stg",
            "name_prefix": "",
            "owner_id": "806721437369",
            "revoke_rules_on_delete": false,
            "tags": {
              "Name": "bastion-stg"
            },
            "tags_all": {
              "Application": "Middleware",
              "CreatedBy": "Terraform",
              "Name": "bastion-stg"
            },
            "timeouts": null,
            "vpc_id": "vpc-0d616943f7163f320"
          },
          "sensitive_attributes": [],
          "private": "eyJlMmJmYjczMC1lY2FhLTExZTYtOGY4OC0zNDM2M2JjN2M0YzAiOnsiY3JlYXRlIjo2MDAwMDAwMDAwMDAsImRlbGV0ZSI6OTAwMDAwMDAwMDAwfSwic2NoZW1hX3ZlcnNpb24iOiIxIn0=",
          "dependencies": [
            "module.vpc.aws_vpc.middleware"
          ]
        }
      ]
    },
    {
      "module": "module.sg",
      "mode": "managed",
      "type": "aws_security_group",
      "name": "middleware_cache",
      "provider": "provider[\"registry.terraform.io/hashicorp/aws\"]",
      "instances": [
        {
          "schema_version": 1,
          "attributes": {
            "arn": "arn:aws:ec2:us-east-2:806721437369:security-group/sg-07afabebd6ac3b1ae",
            "description": "middleware-cache-stg",
            "egress": [],
            "id": "sg-07afabebd6ac3b1ae",
            "ingress": [
              {
                "cidr_blocks": [],
                "description": "Redis - ECS",
                "from_port": 6379,
                "ipv6_cidr_blocks": [],
                "prefix_list_ids": [],
                "protocol": "tcp",
                "security_groups": [
                  "sg-00cc0f609199dd7e3"
                ],
                "self": false,
                "to_port": 6379
              }
            ],
            "name": "middleware-cache-stg",
            "name_prefix": "",
            "owner_id": "806721437369",
            "revoke_rules_on_delete": false,
            "tags": {
              "Name": "middleware-cache-stg"
            },
            "tags_all": {
              "Application": "Middleware",
              "CreatedBy": "Terraform",
              "Name": "middleware-cache-stg"
            },
            "timeouts": null,
            "vpc_id": "vpc-0d616943f7163f320"
          },
          "sensitive_attributes": [],
          "private": "eyJlMmJmYjczMC1lY2FhLTExZTYtOGY4OC0zNDM2M2JjN2M0YzAiOnsiY3JlYXRlIjo2MDAwMDAwMDAwMDAsImRlbGV0ZSI6OTAwMDAwMDAwMDAwfSwic2NoZW1hX3ZlcnNpb24iOiIxIn0=",
          "dependencies": [
            "module.vpc.aws_vpc.middleware"
          ]
        }
      ]
    },
    {
      "module": "module.sg",
      "mode": "managed",
      "type": "aws_security_group",
      "name": "middleware_ecs",
      "provider": "provider[\"registry.terraform.io/hashicorp/aws\"]",
      "instances": [
        {
          "schema_version": 1,
          "attributes": {
            "arn": "arn:aws:ec2:us-east-2:806721437369:security-group/sg-00cc0f609199dd7e3",
            "description": "middleware-ecs-stg",
            "egress": [
              {
                "cidr_blocks": [
                  "0.0.0.0/0"
                ],
                "description": "Output default",
                "from_port": 0,
                "ipv6_cidr_blocks": [],
                "prefix_list_ids": [],
                "protocol": "-1",
                "security_groups": [],
                "self": false,
                "to_port": 0
              }
            ],
            "id": "sg-00cc0f609199dd7e3",
            "ingress": [
              {
                "cidr_blocks": [],
                "description": "ALL HTTP - LB",
                "from_port": 0,
                "ipv6_cidr_blocks": [],
                "prefix_list_ids": [],
                "protocol": "tcp",
                "security_groups": [
                  "sg-0df7a6fde2c07e12e"
                ],
                "self": false,
                "to_port": 65535
              }
            ],
            "name": "middleware-ecs-stg",
            "name_prefix": "",
            "owner_id": "806721437369",
            "revoke_rules_on_delete": false,
            "tags": {
              "Name": "middleware-ecs-stg"
            },
            "tags_all": {
              "Application": "Middleware",
              "CreatedBy": "Terraform",
              "Name": "middleware-ecs-stg"
            },
            "timeouts": null,
            "vpc_id": "vpc-0d616943f7163f320"
          },
          "sensitive_attributes": [],
          "private": "eyJlMmJmYjczMC1lY2FhLTExZTYtOGY4OC0zNDM2M2JjN2M0YzAiOnsiY3JlYXRlIjo2MDAwMDAwMDAwMDAsImRlbGV0ZSI6OTAwMDAwMDAwMDAwfSwic2NoZW1hX3ZlcnNpb24iOiIxIn0=",
          "dependencies": [
            "module.vpc.aws_vpc.middleware"
          ]
        }
      ]
    },
    {
      "module": "module.sg",
      "mode": "managed",
      "type": "aws_security_group",
      "name": "middleware_lb",
      "provider": "provider[\"registry.terraform.io/hashicorp/aws\"]",
      "instances": [
        {
          "schema_version": 1,
          "attributes": {
            "arn": "arn:aws:ec2:us-east-2:806721437369:security-group/sg-0df7a6fde2c07e12e",
            "description": "middleware-loadbalancer-stg",
            "egress": [
              {
                "cidr_blocks": [
                  "0.0.0.0/0"
                ],
                "description": "Output default",
                "from_port": 0,
                "ipv6_cidr_blocks": [],
                "prefix_list_ids": [],
                "protocol": "-1",
                "security_groups": [],
                "self": false,
                "to_port": 0
              }
            ],
            "id": "sg-0df7a6fde2c07e12e",
            "ingress": [
              {
                "cidr_blocks": [
                  "0.0.0.0/0"
                ],
                "description": "HTTPS - Public",
                "from_port": 443,
                "ipv6_cidr_blocks": [],
                "prefix_list_ids": [],
                "protocol": "tcp",
                "security_groups": [],
                "self": false,
                "to_port": 443
              }
            ],
            "name": "middleware-loadbalancer-stg",
            "name_prefix": "",
            "owner_id": "806721437369",
            "revoke_rules_on_delete": false,
            "tags": {
              "Name": "middleware-loadbalancer-stg"
            },
            "tags_all": {
              "Application": "Middleware",
              "CreatedBy": "Terraform",
              "Name": "middleware-loadbalancer-stg"
            },
            "timeouts": null,
            "vpc_id": "vpc-0d616943f7163f320"
          },
          "sensitive_attributes": [],
          "private": "eyJlMmJmYjczMC1lY2FhLTExZTYtOGY4OC0zNDM2M2JjN2M0YzAiOnsiY3JlYXRlIjo2MDAwMDAwMDAwMDAsImRlbGV0ZSI6OTAwMDAwMDAwMDAwfSwic2NoZW1hX3ZlcnNpb24iOiIxIn0=",
          "dependencies": [
            "module.vpc.aws_vpc.middleware"
          ]
        }
      ]
    },
    {
      "module": "module.sg",
      "mode": "managed",
      "type": "aws_security_group",
      "name": "middleware_mq",
      "provider": "provider[\"registry.terraform.io/hashicorp/aws\"]",
      "instances": [
        {
          "schema_version": 1,
          "attributes": {
            "arn": "arn:aws:ec2:us-east-2:806721437369:security-group/sg-03a061eda672c0b77",
            "description": "middleware-mq-stg",
            "egress": [],
            "id": "sg-03a061eda672c0b77",
            "ingress": [
              {
                "cidr_blocks": [],
                "description": "RabbitMQ - ECS",
                "from_port": 5672,
                "ipv6_cidr_blocks": [],
                "prefix_list_ids": [],
                "protocol": "tcp",
                "security_groups": [
                  "sg-00cc0f609199dd7e3"
                ],
                "self": false,
                "to_port": 5672
              }
            ],
            "name": "middleware-mq-stg",
            "name_prefix": "",
            "owner_id": "806721437369",
            "revoke_rules_on_delete": false,
            "tags": {
              "Name": "middleware-mq-stg"
            },
            "tags_all": {
              "Application": "Middleware",
              "CreatedBy": "Terraform",
              "Name": "middleware-mq-stg"
            },
            "timeouts": null,
            "vpc_id": "vpc-0d616943f7163f320"
          },
          "sensitive_attributes": [],
          "private": "eyJlMmJmYjczMC1lY2FhLTExZTYtOGY4OC0zNDM2M2JjN2M0YzAiOnsiY3JlYXRlIjo2MDAwMDAwMDAwMDAsImRlbGV0ZSI6OTAwMDAwMDAwMDAwfSwic2NoZW1hX3ZlcnNpb24iOiIxIn0=",
          "dependencies": [
            "module.vpc.aws_vpc.middleware"
          ]
        }
      ]
    },
    {
      "module": "module.sg",
      "mode": "managed",
      "type": "aws_security_group_rule",
      "name": "bastion_in_ssh",
      "provider": "provider[\"registry.terraform.io/hashicorp/aws\"]",
      "instances": [
        {
          "schema_version": 2,
          "attributes": {
            "cidr_blocks": [
              "0.0.0.0/0"
            ],
            "description": "SSH - All",
            "from_port": 22,
            "id": "sgrule-3476563482",
            "ipv6_cidr_blocks": [],
            "prefix_list_ids": [],
            "protocol": "tcp",
            "security_group_id": "sg-02915c8d97edb7e9f",
            "self": false,
            "source_security_group_id": null,
            "to_port": 22,
            "type": "ingress"
          },
          "sensitive_attributes": [],
          "private": "eyJzY2hlbWFfdmVyc2lvbiI6IjIifQ==",
          "dependencies": [
            "module.sg.aws_security_group.bastion",
            "module.vpc.aws_vpc.middleware"
          ]
        }
      ]
    },
    {
      "module": "module.sg",
      "mode": "managed",
      "type": "aws_security_group_rule",
      "name": "bastion_out_all",
      "provider": "provider[\"registry.terraform.io/hashicorp/aws\"]",
      "instances": [
        {
          "schema_version": 2,
          "attributes": {
            "cidr_blocks": [
              "0.0.0.0/0"
            ],
            "description": "Output default",
            "from_port": 0,
            "id": "sgrule-3560711707",
            "ipv6_cidr_blocks": [],
            "prefix_list_ids": [],
            "protocol": "-1",
            "security_group_id": "sg-02915c8d97edb7e9f",
            "self": false,
            "source_security_group_id": null,
            "to_port": 0,
            "type": "egress"
          },
          "sensitive_attributes": [],
          "private": "eyJzY2hlbWFfdmVyc2lvbiI6IjIifQ==",
          "dependencies": [
            "module.sg.aws_security_group.bastion",
            "module.vpc.aws_vpc.middleware"
          ]
        }
      ]
    },
    {
      "module": "module.sg",
      "mode": "managed",
      "type": "aws_security_group_rule",
      "name": "middleware_cache_in_ecs",
      "provider": "provider[\"registry.terraform.io/hashicorp/aws\"]",
      "instances": [
        {
          "schema_version": 2,
          "attributes": {
            "cidr_blocks": [],
            "description": "Redis - ECS",
            "from_port": 6379,
            "id": "sgrule-2956646732",
            "ipv6_cidr_blocks": [],
            "prefix_list_ids": [],
            "protocol": "tcp",
            "security_group_id": "sg-07afabebd6ac3b1ae",
            "self": false,
            "source_security_group_id": "sg-00cc0f609199dd7e3",
            "to_port": 6379,
            "type": "ingress"
          },
          "sensitive_attributes": [],
          "private": "eyJzY2hlbWFfdmVyc2lvbiI6IjIifQ==",
          "dependencies": [
            "module.sg.aws_security_group.middleware_cache",
            "module.sg.aws_security_group.middleware_ecs",
            "module.vpc.aws_vpc.middleware"
          ]
        }
      ]
    },
    {
      "module": "module.sg",
      "mode": "managed",
      "type": "aws_security_group_rule",
      "name": "middleware_ecs_in_https",
      "provider": "provider[\"registry.terraform.io/hashicorp/aws\"]",
      "instances": [
        {
          "schema_version": 2,
          "attributes": {
            "cidr_blocks": [],
            "description": "ALL HTTP - LB",
            "from_port": 0,
            "id": "sgrule-3177029293",
            "ipv6_cidr_blocks": [],
            "prefix_list_ids": [],
            "protocol": "tcp",
            "security_group_id": "sg-00cc0f609199dd7e3",
            "self": false,
            "source_security_group_id": "sg-0df7a6fde2c07e12e",
            "to_port": 65535,
            "type": "ingress"
          },
          "sensitive_attributes": [],
          "private": "eyJzY2hlbWFfdmVyc2lvbiI6IjIifQ==",
          "dependencies": [
            "module.sg.aws_security_group.middleware_ecs",
            "module.sg.aws_security_group.middleware_lb",
            "module.vpc.aws_vpc.middleware"
          ]
        }
      ]
    },
    {
      "module": "module.sg",
      "mode": "managed",
      "type": "aws_security_group_rule",
      "name": "middleware_ecs_out",
      "provider": "provider[\"registry.terraform.io/hashicorp/aws\"]",
      "instances": [
        {
          "schema_version": 2,
          "attributes": {
            "cidr_blocks": [
              "0.0.0.0/0"
            ],
            "description": "Output default",
            "from_port": 0,
            "id": "sgrule-21823346",
            "ipv6_cidr_blocks": [],
            "prefix_list_ids": [],
            "protocol": "-1",
            "security_group_id": "sg-00cc0f609199dd7e3",
            "self": false,
            "source_security_group_id": null,
            "to_port": 0,
            "type": "egress"
          },
          "sensitive_attributes": [],
          "private": "eyJzY2hlbWFfdmVyc2lvbiI6IjIifQ==",
          "dependencies": [
            "module.sg.aws_security_group.middleware_ecs",
            "module.vpc.aws_vpc.middleware"
          ]
        }
      ]
    },
    {
      "module": "module.sg",
      "mode": "managed",
      "type": "aws_security_group_rule",
      "name": "middleware_lb_in_https",
      "provider": "provider[\"registry.terraform.io/hashicorp/aws\"]",
      "instances": [
        {
          "schema_version": 2,
          "attributes": {
            "cidr_blocks": [
              "0.0.0.0/0"
            ],
            "description": "HTTPS - Public",
            "from_port": 443,
            "id": "sgrule-1346921204",
            "ipv6_cidr_blocks": [],
            "prefix_list_ids": [],
            "protocol": "tcp",
            "security_group_id": "sg-0df7a6fde2c07e12e",
            "self": false,
            "source_security_group_id": null,
            "to_port": 443,
            "type": "ingress"
          },
          "sensitive_attributes": [],
          "private": "eyJzY2hlbWFfdmVyc2lvbiI6IjIifQ==",
          "dependencies": [
            "module.sg.aws_security_group.middleware_lb",
            "module.vpc.aws_vpc.middleware"
          ]
        }
      ]
    },
    {
      "module": "module.sg",
      "mode": "managed",
      "type": "aws_security_group_rule",
      "name": "middleware_lb_out",
      "provider": "provider[\"registry.terraform.io/hashicorp/aws\"]",
      "instances": [
        {
          "schema_version": 2,
          "attributes": {
            "cidr_blocks": [
              "0.0.0.0/0"
            ],
            "description": "Output default",
            "from_port": 0,
            "id": "sgrule-3343760607",
            "ipv6_cidr_blocks": [],
            "prefix_list_ids": [],
            "protocol": "-1",
            "security_group_id": "sg-0df7a6fde2c07e12e",
            "self": false,
            "source_security_group_id": null,
            "to_port": 0,
            "type": "egress"
          },
          "sensitive_attributes": [],
          "private": "eyJzY2hlbWFfdmVyc2lvbiI6IjIifQ==",
          "dependencies": [
            "module.sg.aws_security_group.middleware_lb",
            "module.vpc.aws_vpc.middleware"
          ]
        }
      ]
    },
    {
      "module": "module.sg",
      "mode": "managed",
      "type": "aws_security_group_rule",
      "name": "middleware_mq_in_ecs",
      "provider": "provider[\"registry.terraform.io/hashicorp/aws\"]",
      "instances": [
        {
          "schema_version": 2,
          "attributes": {
            "cidr_blocks": [],
            "description": "RabbitMQ - ECS",
            "from_port": 5672,
            "id": "sgrule-2739875620",
            "ipv6_cidr_blocks": [],
            "prefix_list_ids": [],
            "protocol": "tcp",
            "security_group_id": "sg-03a061eda672c0b77",
            "self": false,
            "source_security_group_id": "sg-00cc0f609199dd7e3",
            "to_port": 5672,
            "type": "ingress"
          },
          "sensitive_attributes": [],
          "private": "eyJzY2hlbWFfdmVyc2lvbiI6IjIifQ==",
          "dependencies": [
            "module.sg.aws_security_group.middleware_ecs",
            "module.sg.aws_security_group.middleware_mq",
            "module.vpc.aws_vpc.middleware"
          ]
        }
      ]
    },
    {
      "module": "module.vpc",
      "mode": "data",
      "type": "aws_region",
      "name": "current",
      "provider": "provider[\"registry.terraform.io/hashicorp/aws\"]",
      "instances": [
        {
          "schema_version": 0,
          "attributes": {
            "description": "US East (Ohio)",
            "endpoint": "ec2.us-east-2.amazonaws.com",
            "id": "us-east-2",
            "name": "us-east-2"
          },
          "sensitive_attributes": []
        }
      ]
    },
    {
      "module": "module.vpc",
      "mode": "managed",
      "type": "aws_eip",
      "name": "nat",
      "provider": "provider[\"registry.terraform.io/hashicorp/aws\"]",
      "instances": [
        {
          "schema_version": 0,
          "attributes": {
            "address": null,
            "allocation_id": "eipalloc-0447bebffe4e8a027",
            "associate_with_private_ip": null,
            "association_id": "eipassoc-029c452d7f959dc4f",
            "carrier_ip": "",
            "customer_owned_ip": "",
            "customer_owned_ipv4_pool": "",
            "domain": "vpc",
            "id": "eipalloc-0447bebffe4e8a027",
            "instance": "",
            "network_border_group": "us-east-2",
            "network_interface": "eni-06659e9ef4c6c18df",
            "private_dns": "ip-172-17-5-224.us-east-2.compute.internal",
            "private_ip": "172.17.5.224",
            "public_dns": "ec2-3-135-113-118.us-east-2.compute.amazonaws.com",
            "public_ip": "3.135.113.118",
            "public_ipv4_pool": "amazon",
            "tags": {},
            "tags_all": {
              "Application": "Middleware",
              "CreatedBy": "Terraform"
            },
            "timeouts": null,
            "vpc": true
          },
          "sensitive_attributes": [],
          "private": "eyJlMmJmYjczMC1lY2FhLTExZTYtOGY4OC0zNDM2M2JjN2M0YzAiOnsiZGVsZXRlIjoxODAwMDAwMDAwMDAsInJlYWQiOjkwMDAwMDAwMDAwMCwidXBkYXRlIjozMDAwMDAwMDAwMDB9fQ=="
        }
      ]
    },
    {
      "module": "module.vpc",
      "mode": "managed",
      "type": "aws_internet_gateway",
      "name": "middleware",
      "provider": "provider[\"registry.terraform.io/hashicorp/aws\"]",
      "instances": [
        {
          "schema_version": 0,
          "attributes": {
            "arn": "arn:aws:ec2:us-east-2:806721437369:internet-gateway/igw-0c859007963ae3bd7",
            "id": "igw-0c859007963ae3bd7",
            "owner_id": "806721437369",
            "tags": {
              "Name": "ig-middleware-stg"
            },
            "tags_all": {
              "Application": "Middleware",
              "CreatedBy": "Terraform",
              "Name": "ig-middleware-stg"
            },
            "vpc_id": "vpc-0d616943f7163f320"
          },
          "sensitive_attributes": [],
          "private": "bnVsbA==",
          "dependencies": [
            "module.vpc.aws_vpc.middleware"
          ]
        }
      ]
    },
    {
      "module": "module.vpc",
      "mode": "managed",
      "type": "aws_nat_gateway",
      "name": "nat",
      "provider": "provider[\"registry.terraform.io/hashicorp/aws\"]",
      "instances": [
        {
          "schema_version": 0,
          "attributes": {
            "allocation_id": "eipalloc-0447bebffe4e8a027",
            "connectivity_type": "public",
            "id": "nat-09f3b46d7a0e98dcd",
            "network_interface_id": "eni-06659e9ef4c6c18df",
            "private_ip": "172.17.5.224",
            "public_ip": "3.135.113.118",
            "subnet_id": "subnet-0b816477064989429",
            "tags": {
              "Name": "nat-middleware-stg"
            },
            "tags_all": {
              "Application": "Middleware",
              "CreatedBy": "Terraform",
              "Name": "nat-middleware-stg"
            }
          },
          "sensitive_attributes": [],
          "private": "bnVsbA==",
          "dependencies": [
            "module.vpc.aws_eip.nat",
            "module.vpc.aws_internet_gateway.middleware",
            "module.vpc.aws_subnet.subnet_middleware_a",
            "module.vpc.aws_vpc.middleware",
            "module.vpc.data.aws_region.current"
          ]
        }
      ]
    },
    {
      "module": "module.vpc",
      "mode": "managed",
      "type": "aws_route_table",
      "name": "private",
      "provider": "provider[\"registry.terraform.io/hashicorp/aws\"]",
      "instances": [
        {
          "schema_version": 0,
          "attributes": {
            "arn": "arn:aws:ec2:us-east-2:806721437369:route-table/rtb-062a1a777925ba659",
            "id": "rtb-062a1a777925ba659",
            "owner_id": "806721437369",
            "propagating_vgws": [],
            "route": [
              {
                "carrier_gateway_id": "",
                "cidr_block": "0.0.0.0/0",
                "core_network_arn": "",
                "destination_prefix_list_id": "",
                "egress_only_gateway_id": "",
                "gateway_id": "",
                "instance_id": "",
                "ipv6_cidr_block": "",
                "local_gateway_id": "",
                "nat_gateway_id": "nat-09f3b46d7a0e98dcd",
                "network_interface_id": "",
                "transit_gateway_id": "",
                "vpc_endpoint_id": "",
                "vpc_peering_connection_id": ""
              }
            ],
            "tags": {
              "Name": "rt-middleware-private-stg"
            },
            "tags_all": {
              "Application": "Middleware",
              "CreatedBy": "Terraform",
              "Name": "rt-middleware-private-stg"
            },
            "timeouts": null,
            "vpc_id": "vpc-0d616943f7163f320"
          },
          "sensitive_attributes": [],
          "private": "eyJlMmJmYjczMC1lY2FhLTExZTYtOGY4OC0zNDM2M2JjN2M0YzAiOnsiY3JlYXRlIjozMDAwMDAwMDAwMDAsImRlbGV0ZSI6MzAwMDAwMDAwMDAwLCJ1cGRhdGUiOjEyMDAwMDAwMDAwMH19",
          "dependencies": [
            "module.vpc.aws_eip.nat",
            "module.vpc.aws_internet_gateway.middleware",
            "module.vpc.aws_nat_gateway.nat",
            "module.vpc.aws_subnet.subnet_middleware_a",
            "module.vpc.aws_vpc.middleware",
            "module.vpc.data.aws_region.current"
          ]
        }
      ]
    },
    {
      "module": "module.vpc",
      "mode": "managed",
      "type": "aws_route_table",
      "name": "public",
      "provider": "provider[\"registry.terraform.io/hashicorp/aws\"]",
      "instances": [
        {
          "schema_version": 0,
          "attributes": {
            "arn": "arn:aws:ec2:us-east-2:806721437369:route-table/rtb-0c29504a4177736c5",
            "id": "rtb-0c29504a4177736c5",
            "owner_id": "806721437369",
            "propagating_vgws": [],
            "route": [
              {
                "carrier_gateway_id": "",
                "cidr_block": "0.0.0.0/0",
                "core_network_arn": "",
                "destination_prefix_list_id": "",
                "egress_only_gateway_id": "",
                "gateway_id": "igw-0c859007963ae3bd7",
                "instance_id": "",
                "ipv6_cidr_block": "",
                "local_gateway_id": "",
                "nat_gateway_id": "",
                "network_interface_id": "",
                "transit_gateway_id": "",
                "vpc_endpoint_id": "",
                "vpc_peering_connection_id": ""
              }
            ],
            "tags": {
              "Name": "rt-middleware-public-stg"
            },
            "tags_all": {
              "Application": "Middleware",
              "CreatedBy": "Terraform",
              "Name": "rt-middleware-public-stg"
            },
            "timeouts": null,
            "vpc_id": "vpc-0d616943f7163f320"
          },
          "sensitive_attributes": [],
          "private": "eyJlMmJmYjczMC1lY2FhLTExZTYtOGY4OC0zNDM2M2JjN2M0YzAiOnsiY3JlYXRlIjozMDAwMDAwMDAwMDAsImRlbGV0ZSI6MzAwMDAwMDAwMDAwLCJ1cGRhdGUiOjEyMDAwMDAwMDAwMH19",
          "dependencies": [
            "module.vpc.aws_internet_gateway.middleware",
            "module.vpc.aws_vpc.middleware"
          ]
        }
      ]
    },
    {
      "module": "module.vpc",
      "mode": "managed",
      "type": "aws_route_table_association",
      "name": "private_a",
      "provider": "provider[\"registry.terraform.io/hashicorp/aws\"]",
      "instances": [
        {
          "schema_version": 0,
          "attributes": {
            "gateway_id": "",
            "id": "rtbassoc-02981bc9584ef5f77",
            "route_table_id": "rtb-062a1a777925ba659",
            "subnet_id": "subnet-0b816477064989429"
          },
          "sensitive_attributes": [],
          "private": "bnVsbA==",
          "dependencies": [
            "module.vpc.aws_eip.nat",
            "module.vpc.aws_internet_gateway.middleware",
            "module.vpc.aws_nat_gateway.nat",
            "module.vpc.aws_route_table.private",
            "module.vpc.aws_subnet.subnet_middleware_a",
            "module.vpc.aws_vpc.middleware",
            "module.vpc.data.aws_region.current"
          ]
        }
      ]
    },
    {
      "module": "module.vpc",
      "mode": "managed",
      "type": "aws_route_table_association",
      "name": "public_a",
      "provider": "provider[\"registry.terraform.io/hashicorp/aws\"]",
      "instances": [
        {
          "schema_version": 0,
          "attributes": {
            "gateway_id": "",
            "id": "rtbassoc-0a55e8dbd0fccc7a3",
            "route_table_id": "rtb-0c29504a4177736c5",
            "subnet_id": "subnet-022ea4640f4905748"
          },
          "sensitive_attributes": [],
          "private": "bnVsbA==",
          "dependencies": [
            "module.vpc.aws_internet_gateway.middleware",
            "module.vpc.aws_route_table.public",
            "module.vpc.aws_subnet.subnet_middleware_a_public",
            "module.vpc.aws_vpc.middleware",
            "module.vpc.data.aws_region.current"
          ]
        }
      ]
    },
    {
      "module": "module.vpc",
      "mode": "managed",
      "type": "aws_subnet",
      "name": "subnet_middleware_a",
      "provider": "provider[\"registry.terraform.io/hashicorp/aws\"]",
      "instances": [
        {
          "schema_version": 1,
          "attributes": {
            "arn": "arn:aws:ec2:us-east-2:806721437369:subnet/subnet-0b816477064989429",
            "assign_ipv6_address_on_creation": false,
            "availability_zone": "us-east-2a",
            "availability_zone_id": "use2-az1",
            "cidr_block": "172.17.0.0/20",
            "customer_owned_ipv4_pool": "",
            "enable_dns64": false,
            "enable_resource_name_dns_a_record_on_launch": false,
            "enable_resource_name_dns_aaaa_record_on_launch": false,
            "id": "subnet-0b816477064989429",
            "ipv6_cidr_block": "",
            "ipv6_cidr_block_association_id": "",
            "ipv6_native": false,
            "map_customer_owned_ip_on_launch": false,
            "map_public_ip_on_launch": false,
            "outpost_arn": "",
            "owner_id": "806721437369",
            "private_dns_hostname_type_on_launch": "ip-name",
            "tags": {
              "Name": "subnet-middleware-a-private-stg"
            },
            "tags_all": {
              "Application": "Middleware",
              "CreatedBy": "Terraform",
              "Name": "subnet-middleware-a-private-stg"
            },
            "timeouts": null,
            "vpc_id": "vpc-0d616943f7163f320"
          },
          "sensitive_attributes": [],
          "private": "eyJlMmJmYjczMC1lY2FhLTExZTYtOGY4OC0zNDM2M2JjN2M0YzAiOnsiY3JlYXRlIjo2MDAwMDAwMDAwMDAsImRlbGV0ZSI6MTIwMDAwMDAwMDAwMH0sInNjaGVtYV92ZXJzaW9uIjoiMSJ9",
          "dependencies": [
            "module.vpc.aws_internet_gateway.middleware",
            "module.vpc.aws_vpc.middleware",
            "module.vpc.data.aws_region.current"
          ]
        }
      ]
    },
    {
      "module": "module.vpc",
      "mode": "managed",
      "type": "aws_subnet",
      "name": "subnet_middleware_a_public",
      "provider": "provider[\"registry.terraform.io/hashicorp/aws\"]",
      "instances": [
        {
          "schema_version": 1,
          "attributes": {
            "arn": "arn:aws:ec2:us-east-2:806721437369:subnet/subnet-022ea4640f4905748",
            "assign_ipv6_address_on_creation": false,
            "availability_zone": "us-east-2a",
            "availability_zone_id": "use2-az1",
            "cidr_block": "172.17.128.0/20",
            "customer_owned_ipv4_pool": "",
            "enable_dns64": false,
            "enable_resource_name_dns_a_record_on_launch": false,
            "enable_resource_name_dns_aaaa_record_on_launch": false,
            "id": "subnet-022ea4640f4905748",
            "ipv6_cidr_block": "",
            "ipv6_cidr_block_association_id": "",
            "ipv6_native": false,
            "map_customer_owned_ip_on_launch": false,
            "map_public_ip_on_launch": false,
            "outpost_arn": "",
            "owner_id": "806721437369",
            "private_dns_hostname_type_on_launch": "ip-name",
            "tags": {
              "Name": "subnet-middleware-a-public-stg"
            },
            "tags_all": {
              "Application": "Middleware",
              "CreatedBy": "Terraform",
              "Name": "subnet-middleware-a-public-stg"
            },
            "timeouts": null,
            "vpc_id": "vpc-0d616943f7163f320"
          },
          "sensitive_attributes": [],
          "private": "eyJlMmJmYjczMC1lY2FhLTExZTYtOGY4OC0zNDM2M2JjN2M0YzAiOnsiY3JlYXRlIjo2MDAwMDAwMDAwMDAsImRlbGV0ZSI6MTIwMDAwMDAwMDAwMH0sInNjaGVtYV92ZXJzaW9uIjoiMSJ9",
          "dependencies": [
            "module.vpc.aws_internet_gateway.middleware",
            "module.vpc.aws_vpc.middleware",
            "module.vpc.data.aws_region.current"
          ]
        }
      ]
    },
    {
      "module": "module.vpc",
      "mode": "managed",
      "type": "aws_subnet",
      "name": "subnet_middleware_b",
      "provider": "provider[\"registry.terraform.io/hashicorp/aws\"]",
      "instances": [
        {
          "schema_version": 1,
          "attributes": {
            "arn": "arn:aws:ec2:us-east-2:806721437369:subnet/subnet-060eaa07e52a04986",
            "assign_ipv6_address_on_creation": false,
            "availability_zone": "us-east-2b",
            "availability_zone_id": "use2-az2",
            "cidr_block": "172.17.32.0/20",
            "customer_owned_ipv4_pool": "",
            "enable_dns64": false,
            "enable_resource_name_dns_a_record_on_launch": false,
            "enable_resource_name_dns_aaaa_record_on_launch": false,
            "id": "subnet-060eaa07e52a04986",
            "ipv6_cidr_block": "",
            "ipv6_cidr_block_association_id": "",
            "ipv6_native": false,
            "map_customer_owned_ip_on_launch": false,
            "map_public_ip_on_launch": false,
            "outpost_arn": "",
            "owner_id": "806721437369",
            "private_dns_hostname_type_on_launch": "ip-name",
            "tags": {
              "Name": "subnet-middleware-b-private-stg"
            },
            "tags_all": {
              "Application": "Middleware",
              "CreatedBy": "Terraform",
              "Name": "subnet-middleware-b-private-stg"
            },
            "timeouts": null,
            "vpc_id": "vpc-0d616943f7163f320"
          },
          "sensitive_attributes": [],
          "private": "eyJlMmJmYjczMC1lY2FhLTExZTYtOGY4OC0zNDM2M2JjN2M0YzAiOnsiY3JlYXRlIjo2MDAwMDAwMDAwMDAsImRlbGV0ZSI6MTIwMDAwMDAwMDAwMH0sInNjaGVtYV92ZXJzaW9uIjoiMSJ9",
          "dependencies": [
            "module.vpc.aws_internet_gateway.middleware",
            "module.vpc.aws_vpc.middleware",
            "module.vpc.data.aws_region.current"
          ]
        }
      ]
    },
    {
      "module": "module.vpc",
      "mode": "managed",
      "type": "aws_subnet",
      "name": "subnet_middleware_b_public",
      "provider": "provider[\"registry.terraform.io/hashicorp/aws\"]",
      "instances": [
        {
          "schema_version": 1,
          "attributes": {
            "arn": "arn:aws:ec2:us-east-2:806721437369:subnet/subnet-07e57b70e091251ac",
            "assign_ipv6_address_on_creation": false,
            "availability_zone": "us-east-2b",
            "availability_zone_id": "use2-az2",
            "cidr_block": "172.17.160.0/20",
            "customer_owned_ipv4_pool": "",
            "enable_dns64": false,
            "enable_resource_name_dns_a_record_on_launch": false,
            "enable_resource_name_dns_aaaa_record_on_launch": false,
            "id": "subnet-07e57b70e091251ac",
            "ipv6_cidr_block": "",
            "ipv6_cidr_block_association_id": "",
            "ipv6_native": false,
            "map_customer_owned_ip_on_launch": false,
            "map_public_ip_on_launch": false,
            "outpost_arn": "",
            "owner_id": "806721437369",
            "private_dns_hostname_type_on_launch": "ip-name",
            "tags": {
              "Name": "subnet-middleware-b-public-stg"
            },
            "tags_all": {
              "Application": "Middleware",
              "CreatedBy": "Terraform",
              "Name": "subnet-middleware-b-public-stg"
            },
            "timeouts": null,
            "vpc_id": "vpc-0d616943f7163f320"
          },
          "sensitive_attributes": [],
          "private": "eyJlMmJmYjczMC1lY2FhLTExZTYtOGY4OC0zNDM2M2JjN2M0YzAiOnsiY3JlYXRlIjo2MDAwMDAwMDAwMDAsImRlbGV0ZSI6MTIwMDAwMDAwMDAwMH0sInNjaGVtYV92ZXJzaW9uIjoiMSJ9",
          "dependencies": [
            "module.vpc.aws_internet_gateway.middleware",
            "module.vpc.aws_vpc.middleware",
            "module.vpc.data.aws_region.current"
          ]
        }
      ]
    },
    {
      "module": "module.vpc",
      "mode": "managed",
      "type": "aws_vpc",
      "name": "middleware",
      "provider": "provider[\"registry.terraform.io/hashicorp/aws\"]",
      "instances": [
        {
          "schema_version": 1,
          "attributes": {
            "arn": "arn:aws:ec2:us-east-2:806721437369:vpc/vpc-0d616943f7163f320",
            "assign_generated_ipv6_cidr_block": false,
            "cidr_block": "172.17.0.0/16",
            "default_network_acl_id": "acl-030d2b16290400f9c",
            "default_route_table_id": "rtb-0d57cb6e3d8959612",
            "default_security_group_id": "sg-0333cd87cc8667b4e",
            "dhcp_options_id": "dopt-5369dc3b",
            "enable_classiclink": false,
            "enable_classiclink_dns_support": false,
            "enable_dns_hostnames": true,
            "enable_dns_support": true,
            "id": "vpc-0d616943f7163f320",
            "instance_tenancy": "default",
            "ipv4_ipam_pool_id": null,
            "ipv4_netmask_length": null,
            "ipv6_association_id": "",
            "ipv6_cidr_block": "",
            "ipv6_cidr_block_network_border_group": "",
            "ipv6_ipam_pool_id": "",
            "ipv6_netmask_length": 0,
            "main_route_table_id": "rtb-0d57cb6e3d8959612",
            "owner_id": "806721437369",
            "tags": {
              "Name": "vpc-middleware-stg"
            },
            "tags_all": {
              "Application": "Middleware",
              "CreatedBy": "Terraform",
              "Name": "vpc-middleware-stg"
            }
          },
          "sensitive_attributes": [],
          "private": "eyJzY2hlbWFfdmVyc2lvbiI6IjEifQ=="
        }
      ]
    }
  ]
}
