{
  "version": 4,
  "terraform_version": "1.2.2",
  "serial": 621,
  "lineage": "8f826bab-053c-73a5-3405-db0f51e1f428",
  "outputs": {},
  "resources": [
    {
      "module": "module.acm",
      "mode": "managed",
      "type": "aws_acm_certificate",
      "name": "middleware_domain",
      "provider": "provider[\"registry.terraform.io/hashicorp/aws\"]",
      "instances": [
        {
          "schema_version": 0,
          "attributes": {
            "arn": "arn:aws:acm:us-east-2:806721437369:certificate/a198562c-3a3a-49ec-b125-193f53222d12",
            "certificate_authority_arn": "",
            "certificate_body": null,
            "certificate_chain": null,
            "domain_name": "middleware.ariel-middleware.site",
            "domain_validation_options": [
              {
                "domain_name": "middleware.ariel-middleware.site",
                "resource_record_name": "_b6f3a676fa7fd4fd556fff38ec015a31.middleware.ariel-middleware.site.",
                "resource_record_type": "CNAME",
                "resource_record_value": "_77f6ae76f076084749c08b03f09d176f.bdvkfdzfbg.acm-validations.aws."
              }
            ],
            "id": "arn:aws:acm:us-east-2:806721437369:certificate/a198562c-3a3a-49ec-b125-193f53222d12",
            "options": [
              {
                "certificate_transparency_logging_preference": "ENABLED"
              }
            ],
            "private_key": null,
            "status": "PENDING_VALIDATION",
            "subject_alternative_names": [
              "middleware.ariel-middleware.site"
            ],
            "tags": {
              "Name": "acm-middleware.ariel-middleware.site"
            },
            "tags_all": {
              "Application": "Middleware",
              "CreatedBy": "Terraform",
              "Name": "acm-middleware.ariel-middleware.site"
            },
            "validation_emails": [],
            "validation_method": "DNS",
            "validation_option": []
          },
          "sensitive_attributes": [],
          "private": "bnVsbA=="
        }
      ]
    },
    {
      "module": "module.acm",
      "mode": "managed",
      "type": "aws_route53_record",
      "name": "middleware_domain_acm",
      "provider": "provider[\"registry.terraform.io/hashicorp/aws\"]",
      "instances": [
        {
          "index_key": "middleware.ariel-middleware.site",
          "schema_version": 2,
          "attributes": {
            "alias": [],
            "allow_overwrite": true,
            "failover_routing_policy": [],
            "fqdn": "_b6f3a676fa7fd4fd556fff38ec015a31.middleware.ariel-middleware.site",
            "geolocation_routing_policy": [],
            "health_check_id": null,
            "id": "Z036681222L117T3KDZ5N__b6f3a676fa7fd4fd556fff38ec015a31.middleware.ariel-middleware.site._CNAME",
            "latency_routing_policy": [],
            "multivalue_answer_routing_policy": null,
            "name": "_b6f3a676fa7fd4fd556fff38ec015a31.middleware.ariel-middleware.site",
            "records": [
              "_77f6ae76f076084749c08b03f09d176f.bdvkfdzfbg.acm-validations.aws."
            ],
            "set_identifier": null,
            "ttl": 60,
            "type": "CNAME",
            "weighted_routing_policy": [],
            "zone_id": "Z036681222L117T3KDZ5N"
          },
          "sensitive_attributes": [],
          "private": "eyJzY2hlbWFfdmVyc2lvbiI6IjIifQ==",
          "dependencies": [
            "module.acm.aws_acm_certificate.middleware_domain"
          ]
        }
      ]
    },
    {
      "module": "module.bastion",
      "mode": "managed",
      "type": "aws_instance",
      "name": "bastion",
      "provider": "provider[\"registry.terraform.io/hashicorp/aws\"]",
      "instances": [
        {
          "schema_version": 1,
          "attributes": {
            "ami": "ami-02cb75f995890cd96",
            "arn": "arn:aws:ec2:us-east-2:806721437369:instance/i-01bb6f31f3645341d",
            "associate_public_ip_address": true,
            "availability_zone": "us-east-2a",
            "capacity_reservation_specification": [
              {
                "capacity_reservation_preference": "open",
                "capacity_reservation_target": []
              }
            ],
            "cpu_core_count": 2,
            "cpu_threads_per_core": 1,
            "credit_specification": [],
            "disable_api_termination": false,
            "ebs_block_device": [],
            "ebs_optimized": false,
            "enclave_options": [
              {
                "enabled": false
              }
            ],
            "ephemeral_block_device": [],
            "get_password_data": false,
            "hibernation": false,
            "host_id": null,
            "iam_instance_profile": "",
            "id": "i-01bb6f31f3645341d",
            "instance_initiated_shutdown_behavior": "stop",
            "instance_state": "running",
            "instance_type": "t4g.nano",
            "ipv6_address_count": 0,
            "ipv6_addresses": [],
            "key_name": "bastion-stg",
            "launch_template": [],
            "maintenance_options": [
              {
                "auto_recovery": "default"
              }
            ],
            "metadata_options": [
              {
                "http_endpoint": "enabled",
                "http_put_response_hop_limit": 1,
                "http_tokens": "optional",
                "instance_metadata_tags": "disabled"
              }
            ],
            "monitoring": false,
            "network_interface": [],
            "outpost_arn": "",
            "password_data": "",
            "placement_group": "",
            "placement_partition_number": null,
            "primary_network_interface_id": "eni-0b2ead8efe52f0fbe",
            "private_dns": "ip-172-17-136-147.us-east-2.compute.internal",
            "private_ip": "172.17.136.147",
            "public_dns": "ec2-52-15-89-185.us-east-2.compute.amazonaws.com",
            "public_ip": "52.15.89.185",
            "root_block_device": [
              {
                "delete_on_termination": true,
                "device_name": "/dev/xvda",
                "encrypted": false,
                "iops": 100,
                "kms_key_id": "",
                "tags": {
                  "Name": "bastion-root-stg"
                },
                "throughput": 0,
                "volume_id": "vol-041d00eafded84517",
                "volume_size": 8,
                "volume_type": "gp2"
              }
            ],
            "secondary_private_ips": [],
            "security_groups": [],
            "source_dest_check": true,
            "subnet_id": "subnet-0e40342d4d2ee3f04",
            "tags": {
              "Name": "bastion-stg"
            },
            "tags_all": {
              "Application": "Middleware",
              "CreatedBy": "Terraform",
              "Name": "bastion-stg"
            },
            "tenancy": "default",
            "timeouts": null,
            "user_data": null,
            "user_data_base64": null,
            "user_data_replace_on_change": false,
            "volume_tags": null,
            "vpc_security_group_ids": [
              "sg-004b3240a655ccde1"
            ]
          },
          "sensitive_attributes": [],
          "private": "eyJlMmJmYjczMC1lY2FhLTExZTYtOGY4OC0zNDM2M2JjN2M0YzAiOnsiY3JlYXRlIjo2MDAwMDAwMDAwMDAsImRlbGV0ZSI6MTIwMDAwMDAwMDAwMCwidXBkYXRlIjo2MDAwMDAwMDAwMDB9LCJzY2hlbWFfdmVyc2lvbiI6IjEifQ==",
          "dependencies": [
            "module.bastion.aws_key_pair.bastion",
            "module.sg.aws_security_group.bastion",
            "module.vpc.aws_internet_gateway.middleware",
            "module.vpc.aws_subnet.subnet_middleware_a_public",
            "module.vpc.aws_vpc.middleware",
            "module.vpc.data.aws_region.current"
          ]
        }
      ]
    },
    {
      "module": "module.bastion",
      "mode": "managed",
      "type": "aws_key_pair",
      "name": "bastion",
      "provider": "provider[\"registry.terraform.io/hashicorp/aws\"]",
      "instances": [
        {
          "schema_version": 1,
          "attributes": {
            "arn": "arn:aws:ec2:us-east-2:806721437369:key-pair/bastion-stg",
            "fingerprint": "56:06:1f:4e:d7:ed:ae:0b:ed:8e:2e:27:4b:de:5a:d6",
            "id": "bastion-stg",
            "key_name": "bastion-stg",
            "key_name_prefix": "",
            "key_pair_id": "key-0d0ebd192136b1fa2",
            "public_key": "ssh-rsa AAAAB3NzaC1yc2EAAAADAQABAAACAQDWlJgCHZ9DuZQD92i391zN7bTKquOVTzP+frQSSXkfkPdrruY9ggbxnmFCkzwgDbsoAy5e1Wd68lSh752h8l1AODQOOhVFW0sT3iz9TXIu5Q300/iwlsIpJ1tLtlQNR8i/YX5zij9C9ZzFKUXqC2zckVxNHHWDcv6pieKx5EUZ4ba1EINqk3htnBVaQh1jlJem+zt5oVsXb2ylNQ3mBY6uxiU5P3tpv6FDigS25BROwxbMd6WL7bwDusmrTgH7jyCljjmpEpSLko2nEPETWwCC6wu4YGgnsCBgY5RQxSOJhhxnCRNaVWL9jzgIDAJ2peVb+gpgWRt8MMoEwRSKeAvuAvrDC3CFMcHVZvEFtppW6t4pFrtrParH22f4frqHaZMX+7LFlUMuMA9LP5OlB4buAX+QUU1RTQXp0TlVRpMKXGEGEXoKTJZ8ge2JCKTbsK3RIErJVqMYk2nJ/BdWwnNgFrGNgJ59wdG2DzthOQElI2xG41P+aYbisl29sr56GGzOunToM36+SajsdL3mC59MyFWR5hnIRO0i/zeKblNszjt3ndR7v/2evyGZHjY7p6pvCdr3AD7Izy7wfu7oVtVYJaEV5bW+MD6qdDDspHOk5ktt4o+WYWb2bhhwPFj7BRYzaOz8RenwYIPSjq9StCuE1rZ8SQ1oM9JGqT4xShZjsQ== ariel@ariel",
            "tags": null,
            "tags_all": {
              "Application": "Middleware",
              "CreatedBy": "Terraform"
            }
          },
          "sensitive_attributes": [],
          "private": "eyJzY2hlbWFfdmVyc2lvbiI6IjEifQ=="
        }
      ]
    },
    {
      "module": "module.bastion",
      "mode": "managed",
      "type": "aws_route53_record",
      "name": "bastion",
      "provider": "provider[\"registry.terraform.io/hashicorp/aws\"]",
      "instances": [
        {
          "schema_version": 2,
          "attributes": {
            "alias": [],
            "allow_overwrite": null,
            "failover_routing_policy": [],
            "fqdn": "bastion.stg.ariel-middleware.site",
            "geolocation_routing_policy": [],
            "health_check_id": null,
            "id": "Z036681222L117T3KDZ5N_bastion.stg.ariel-middleware.site_A",
            "latency_routing_policy": [],
            "multivalue_answer_routing_policy": null,
            "name": "bastion.stg.ariel-middleware.site",
            "records": [
              "52.15.89.185"
            ],
            "set_identifier": null,
            "ttl": 300,
            "type": "A",
            "weighted_routing_policy": [],
            "zone_id": "Z036681222L117T3KDZ5N"
          },
          "sensitive_attributes": [],
          "private": "eyJzY2hlbWFfdmVyc2lvbiI6IjIifQ==",
          "dependencies": [
            "module.bastion.aws_instance.bastion",
            "module.bastion.aws_key_pair.bastion",
            "module.sg.aws_security_group.bastion",
            "module.vpc.aws_internet_gateway.middleware",
            "module.vpc.aws_subnet.subnet_middleware_a_public",
            "module.vpc.aws_vpc.middleware",
            "module.vpc.data.aws_region.current"
          ]
        }
      ]
    },
    {
      "module": "module.cache",
      "mode": "managed",
      "type": "aws_elasticache_cluster",
      "name": "middleware",
      "provider": "provider[\"registry.terraform.io/hashicorp/aws\"]",
      "instances": [
        {
          "schema_version": 0,
          "attributes": {
            "apply_immediately": null,
            "arn": "arn:aws:elasticache:us-east-2:806721437369:cluster:cluster-middleware",
            "auto_minor_version_upgrade": "true",
            "availability_zone": "us-east-2b",
            "az_mode": "single-az",
            "cache_nodes": [
              {
                "address": "cluster-middleware.zyj8ro.0001.use2.cache.amazonaws.com",
                "availability_zone": "us-east-2b",
                "id": "0001",
                "port": 6379
              }
            ],
            "cluster_address": null,
            "cluster_id": "cluster-middleware",
            "configuration_endpoint": null,
            "engine": "redis",
            "engine_version": "6.2",
            "engine_version_actual": "6.2.6",
            "final_snapshot_identifier": null,
            "id": "cluster-middleware",
            "log_delivery_configuration": [],
            "maintenance_window": "sat:23:00-sun:00:00",
            "node_type": "cache.t3.micro",
            "notification_topic_arn": null,
            "num_cache_nodes": 1,
            "parameter_group_name": "default.redis6.x",
            "port": 6379,
            "preferred_availability_zones": null,
            "replication_group_id": "tf-rep-middleware-1",
            "security_group_ids": [
              "sg-0aaa6a0be396c2e80"
            ],
            "security_group_names": [],
            "snapshot_arns": null,
            "snapshot_name": null,
            "snapshot_retention_limit": 0,
            "snapshot_window": "05:00-06:00",
            "subnet_group_name": "subnet-group-middleware",
            "tags": null,
            "tags_all": {
              "Application": "Middleware",
              "CreatedBy": "Terraform"
            }
          },
          "sensitive_attributes": [],
          "private": "bnVsbA==",
          "dependencies": [
            "module.cache.aws_elasticache_replication_group.middleware",
            "module.cache.aws_elasticache_subnet_group.middleware",
            "module.sg.aws_security_group.middleware_cache",
            "module.vpc.aws_internet_gateway.middleware",
            "module.vpc.aws_subnet.subnet_middleware_a",
            "module.vpc.aws_subnet.subnet_middleware_b",
            "module.vpc.aws_vpc.middleware",
            "module.vpc.data.aws_region.current"
          ]
        }
      ]
    },
    {
      "module": "module.cache",
      "mode": "managed",
      "type": "aws_elasticache_replication_group",
      "name": "middleware",
      "provider": "provider[\"registry.terraform.io/hashicorp/aws\"]",
      "instances": [
        {
          "schema_version": 1,
          "attributes": {
            "apply_immediately": null,
            "arn": "arn:aws:elasticache:us-east-2:806721437369:replicationgroup:tf-rep-middleware-1",
            "at_rest_encryption_enabled": false,
            "auth_token": "",
            "auto_minor_version_upgrade": "true",
            "automatic_failover_enabled": false,
            "availability_zones": null,
            "cluster_enabled": false,
            "cluster_mode": [
              {
                "num_node_groups": 1,
                "replicas_per_node_group": 1
              }
            ],
            "configuration_endpoint_address": null,
            "data_tiering_enabled": false,
            "description": "cluster-middleware",
            "engine": "redis",
            "engine_version": "6.2",
            "engine_version_actual": "6.2.6",
            "final_snapshot_identifier": null,
            "global_replication_group_id": null,
            "id": "tf-rep-middleware-1",
            "kms_key_id": "",
            "log_delivery_configuration": [],
            "maintenance_window": "sat:23:00-sun:00:00",
            "member_clusters": [
              "tf-rep-middleware-1-001",
              "tf-rep-middleware-1-002"
            ],
            "multi_az_enabled": false,
            "node_type": "cache.t3.micro",
            "notification_topic_arn": null,
            "num_cache_clusters": 2,
            "num_node_groups": 1,
            "number_cache_clusters": 2,
            "parameter_group_name": "default.redis6.x",
            "port": 6379,
            "preferred_cache_cluster_azs": null,
            "primary_endpoint_address": "tf-rep-middleware-1.zyj8ro.ng.0001.use2.cache.amazonaws.com",
            "reader_endpoint_address": "tf-rep-middleware-1-ro.zyj8ro.ng.0001.use2.cache.amazonaws.com",
            "replicas_per_node_group": 1,
            "replication_group_description": "cluster-middleware",
            "replication_group_id": "tf-rep-middleware-1",
            "security_group_ids": [
              "sg-0aaa6a0be396c2e80"
            ],
            "security_group_names": [],
            "snapshot_arns": null,
            "snapshot_name": null,
            "snapshot_retention_limit": 0,
            "snapshot_window": "05:00-06:00",
            "subnet_group_name": "subnet-group-middleware",
            "tags": null,
            "tags_all": {
              "Application": "Middleware",
              "CreatedBy": "Terraform"
            },
            "timeouts": null,
            "transit_encryption_enabled": false,
            "user_group_ids": null
          },
          "sensitive_attributes": [],
          "private": "eyJlMmJmYjczMC1lY2FhLTExZTYtOGY4OC0zNDM2M2JjN2M0YzAiOnsiY3JlYXRlIjozNjAwMDAwMDAwMDAwLCJkZWxldGUiOjI0MDAwMDAwMDAwMDAsInVwZGF0ZSI6MjQwMDAwMDAwMDAwMH0sInNjaGVtYV92ZXJzaW9uIjoiMSJ9",
          "dependencies": [
            "module.cache.aws_elasticache_subnet_group.middleware",
            "module.sg.aws_security_group.middleware_cache",
            "module.vpc.aws_internet_gateway.middleware",
            "module.vpc.aws_subnet.subnet_middleware_a",
            "module.vpc.aws_subnet.subnet_middleware_b",
            "module.vpc.aws_vpc.middleware",
            "module.vpc.data.aws_region.current"
          ]
        }
      ]
    },
    {
      "module": "module.cache",
      "mode": "managed",
      "type": "aws_elasticache_subnet_group",
      "name": "middleware",
      "provider": "provider[\"registry.terraform.io/hashicorp/aws\"]",
      "instances": [
        {
          "schema_version": 0,
          "attributes": {
            "arn": "arn:aws:elasticache:us-east-2:806721437369:subnetgroup:subnet-group-middleware",
            "description": "Managed by Terraform",
            "id": "subnet-group-middleware",
            "name": "subnet-group-middleware",
            "subnet_ids": [
              "subnet-011d7e5e2bd374006",
              "subnet-094e6e4751306cf31"
            ],
            "tags": null,
            "tags_all": {
              "Application": "Middleware",
              "CreatedBy": "Terraform"
            }
          },
          "sensitive_attributes": [],
          "private": "bnVsbA==",
          "dependencies": [
            "module.vpc.aws_internet_gateway.middleware",
            "module.vpc.aws_subnet.subnet_middleware_a",
            "module.vpc.aws_subnet.subnet_middleware_b",
            "module.vpc.aws_vpc.middleware",
            "module.vpc.data.aws_region.current"
          ]
        }
      ]
    },
    {
      "module": "module.ecr",
      "mode": "managed",
      "type": "aws_ecr_repository",
      "name": "client_chat",
      "provider": "provider[\"registry.terraform.io/hashicorp/aws\"]",
      "instances": [
        {
          "schema_version": 0,
          "attributes": {
            "arn": "arn:aws:ecr:us-east-2:806721437369:repository/client-chat",
            "encryption_configuration": [
              {
                "encryption_type": "AES256",
                "kms_key": ""
              }
            ],
            "id": "client-chat",
            "image_scanning_configuration": [
              {
                "scan_on_push": false
              }
            ],
            "image_tag_mutability": "MUTABLE",
            "name": "client-chat",
            "registry_id": "806721437369",
            "repository_url": "806721437369.dkr.ecr.us-east-2.amazonaws.com/client-chat",
            "tags": null,
            "tags_all": {
              "Application": "Middleware",
              "CreatedBy": "Terraform"
            },
            "timeouts": null
          },
          "sensitive_attributes": [],
          "private": "eyJlMmJmYjczMC1lY2FhLTExZTYtOGY4OC0zNDM2M2JjN2M0YzAiOnsiZGVsZXRlIjoxMjAwMDAwMDAwMDAwfX0="
        }
      ]
    },
    {
      "module": "module.ecr",
      "mode": "managed",
      "type": "aws_ecr_repository",
      "name": "middleware",
      "provider": "provider[\"registry.terraform.io/hashicorp/aws\"]",
      "instances": [
        {
          "schema_version": 0,
          "attributes": {
            "arn": "arn:aws:ecr:us-east-2:806721437369:repository/middleware",
            "encryption_configuration": [
              {
                "encryption_type": "AES256",
                "kms_key": ""
              }
            ],
            "id": "middleware",
            "image_scanning_configuration": [
              {
                "scan_on_push": false
              }
            ],
            "image_tag_mutability": "MUTABLE",
            "name": "middleware",
            "registry_id": "806721437369",
            "repository_url": "806721437369.dkr.ecr.us-east-2.amazonaws.com/middleware",
            "tags": null,
            "tags_all": {
              "Application": "Middleware",
              "CreatedBy": "Terraform"
            },
            "timeouts": null
          },
          "sensitive_attributes": [],
          "private": "eyJlMmJmYjczMC1lY2FhLTExZTYtOGY4OC0zNDM2M2JjN2M0YzAiOnsiZGVsZXRlIjoxMjAwMDAwMDAwMDAwfX0="
        }
      ]
    },
    {
      "module": "module.ecr",
      "mode": "managed",
      "type": "aws_ecr_repository",
      "name": "service_chat",
      "provider": "provider[\"registry.terraform.io/hashicorp/aws\"]",
      "instances": [
        {
          "schema_version": 0,
          "attributes": {
            "arn": "arn:aws:ecr:us-east-2:806721437369:repository/service-chat",
            "encryption_configuration": [
              {
                "encryption_type": "AES256",
                "kms_key": ""
              }
            ],
            "id": "service-chat",
            "image_scanning_configuration": [
              {
                "scan_on_push": false
              }
            ],
            "image_tag_mutability": "MUTABLE",
            "name": "service-chat",
            "registry_id": "806721437369",
            "repository_url": "806721437369.dkr.ecr.us-east-2.amazonaws.com/service-chat",
            "tags": null,
            "tags_all": {
              "Application": "Middleware",
              "CreatedBy": "Terraform"
            },
            "timeouts": null
          },
          "sensitive_attributes": [],
          "private": "eyJlMmJmYjczMC1lY2FhLTExZTYtOGY4OC0zNDM2M2JjN2M0YzAiOnsiZGVsZXRlIjoxMjAwMDAwMDAwMDAwfX0="
        }
      ]
    },
    {
      "module": "module.ecs",
      "mode": "managed",
      "type": "aws_ecs_cluster",
      "name": "middleware",
      "provider": "provider[\"registry.terraform.io/hashicorp/aws\"]",
      "instances": [
        {
          "schema_version": 0,
          "attributes": {
            "arn": "arn:aws:ecs:us-east-2:806721437369:cluster/middleware-stg",
            "capacity_providers": [],
            "configuration": [],
            "default_capacity_provider_strategy": [],
            "id": "arn:aws:ecs:us-east-2:806721437369:cluster/middleware-stg",
            "name": "middleware-stg",
            "setting": [
              {
                "name": "containerInsights",
                "value": "disabled"
              }
            ],
            "tags": null,
            "tags_all": {
              "Application": "Middleware",
              "CreatedBy": "Terraform"
            }
          },
          "sensitive_attributes": [],
          "private": "bnVsbA=="
        }
      ]
    },
    {
      "module": "module.influxdb",
      "mode": "managed",
      "type": "aws_instance",
      "name": "influxdb",
      "provider": "provider[\"registry.terraform.io/hashicorp/aws\"]",
      "instances": [
        {
          "schema_version": 1,
          "attributes": {
            "ami": "ami-02cb75f995890cd96",
            "arn": "arn:aws:ec2:us-east-2:806721437369:instance/i-027e2c7fcc414574f",
            "associate_public_ip_address": false,
            "availability_zone": "us-east-2a",
            "capacity_reservation_specification": [
              {
                "capacity_reservation_preference": "open",
                "capacity_reservation_target": []
              }
            ],
            "cpu_core_count": 2,
            "cpu_threads_per_core": 1,
            "credit_specification": [],
            "disable_api_termination": false,
            "ebs_block_device": [],
            "ebs_optimized": false,
            "enclave_options": [
              {
                "enabled": false
              }
            ],
            "ephemeral_block_device": [],
            "get_password_data": false,
            "hibernation": false,
            "host_id": null,
            "iam_instance_profile": "",
            "id": "i-027e2c7fcc414574f",
            "instance_initiated_shutdown_behavior": "stop",
            "instance_state": "running",
            "instance_type": "t4g.micro",
            "ipv6_address_count": 0,
            "ipv6_addresses": [],
            "key_name": "influxdb-stg",
            "launch_template": [],
            "maintenance_options": [
              {
                "auto_recovery": "default"
              }
            ],
            "metadata_options": [
              {
                "http_endpoint": "enabled",
                "http_put_response_hop_limit": 1,
                "http_tokens": "optional",
                "instance_metadata_tags": "disabled"
              }
            ],
            "monitoring": false,
            "network_interface": [],
            "outpost_arn": "",
            "password_data": "",
            "placement_group": "",
            "placement_partition_number": null,
            "primary_network_interface_id": "eni-04ec8d99627b6ef3d",
            "private_dns": "ip-172-17-1-231.us-east-2.compute.internal",
            "private_ip": "172.17.1.231",
            "public_dns": "",
            "public_ip": "",
            "root_block_device": [
              {
                "delete_on_termination": true,
                "device_name": "/dev/xvda",
                "encrypted": false,
                "iops": 100,
                "kms_key_id": "",
                "tags": {
                  "Name": "influxdb-root-stg"
                },
                "throughput": 0,
                "volume_id": "vol-019a0181f3d8c73cc",
                "volume_size": 20,
                "volume_type": "gp2"
              }
            ],
            "secondary_private_ips": [],
            "security_groups": [],
            "source_dest_check": true,
            "subnet_id": "subnet-094e6e4751306cf31",
            "tags": {
              "Name": "influxdb-stg"
            },
            "tags_all": {
              "Application": "Middleware",
              "CreatedBy": "Terraform",
              "Name": "influxdb-stg"
            },
            "tenancy": "default",
            "timeouts": null,
            "user_data": "25c44d5075ae13bd5d370699c5f00bceb32b0174",
            "user_data_base64": null,
            "user_data_replace_on_change": false,
            "volume_tags": null,
            "vpc_security_group_ids": [
              "sg-0aa21f6800c5c2b89"
            ]
          },
          "sensitive_attributes": [],
          "private": "eyJlMmJmYjczMC1lY2FhLTExZTYtOGY4OC0zNDM2M2JjN2M0YzAiOnsiY3JlYXRlIjo2MDAwMDAwMDAwMDAsImRlbGV0ZSI6MTIwMDAwMDAwMDAwMCwidXBkYXRlIjo2MDAwMDAwMDAwMDB9LCJzY2hlbWFfdmVyc2lvbiI6IjEifQ==",
          "dependencies": [
            "module.influxdb.aws_key_pair.influxdb",
            "module.sg.aws_security_group.influxdb",
            "module.vpc.aws_internet_gateway.middleware",
            "module.vpc.aws_subnet.subnet_middleware_a",
            "module.vpc.aws_vpc.middleware",
            "module.vpc.data.aws_region.current"
          ]
        }
      ]
    },
    {
      "module": "module.influxdb",
      "mode": "managed",
      "type": "aws_key_pair",
      "name": "influxdb",
      "provider": "provider[\"registry.terraform.io/hashicorp/aws\"]",
      "instances": [
        {
          "schema_version": 1,
          "attributes": {
            "arn": "arn:aws:ec2:us-east-2:806721437369:key-pair/influxdb-stg",
            "fingerprint": "74:59:4e:4c:84:4f:ad:76:f7:14:c5:63:bb:f2:6f:2d",
            "id": "influxdb-stg",
            "key_name": "influxdb-stg",
            "key_name_prefix": "",
            "key_pair_id": "key-01aa78d5be65eb56d",
            "public_key": "ssh-rsa AAAAB3NzaC1yc2EAAAADAQABAAACAQCvhNwDsJMaeJrW/d3I2RH+dQuYo8MUGGqlZ/wTLHW8BsD/Tt7kekRKn+CI3hx9ub3QTw+Rakzx84wGNtkwYzczApScPm1AxCoGgkusJNwbqywNnliQ1kRTpNLZjeoBp0YfDVcIbgKYRgM7njBF05kwdjV+OyXqBEFy+dvTlNNl5UHAcLwKocI2BqZpIxbwFt6Wk3cb4TmG+xKd0R433Ts7hLNej3PB+mUkWr5HyDJ6RlDVU+UPJLjn6mHWChAKFXG87g9ccM0L4/pGT++cU2Me6GOWTZ1ScpQKdB8cTbJqVHXDoBtV4S3S4RxTaQrI6P6yZcKCYwxNIj6v1qLrN6WqOlgLnPQYdr7kCVkVcmgRmic47gtEv2y38tmQ6OuIftDoTbeXsrXB+pD6HtkFivQX+yvLFqrAaFPjQTg9v6KLSX2K23jIPdX0C6sigp7P9skRegc1EzaHd3tk1vXhsp0vApcGGhbUqAzkyo6OZEta4adWsFCAzOjQ7rMUr23hhXO/XuNrQvQMylaL+efk074vhSKTL0bBHKLcwWEwLBn7J3TXfvPc6UPuH54RfOIQyWWP14aCihb6HMfoNJjkGDskRgo8PySnnbCjMuHKDIVUYOmLQkN+xs1UEuXU8Cjfkx2PaxDfWt9blBJkmHyrPkEVedm8BE/Y2rdx2MlE8dazNw== ariel@ariel",
            "tags": null,
            "tags_all": {
              "Application": "Middleware",
              "CreatedBy": "Terraform"
            }
          },
          "sensitive_attributes": [],
          "private": "eyJzY2hlbWFfdmVyc2lvbiI6IjEifQ=="
        }
      ]
    },
    {
      "module": "module.influxdb",
      "mode": "managed",
      "type": "aws_route53_record",
      "name": "influxdb",
      "provider": "provider[\"registry.terraform.io/hashicorp/aws\"]",
      "instances": [
        {
          "schema_version": 2,
          "attributes": {
            "alias": [],
            "allow_overwrite": null,
            "failover_routing_policy": [],
            "fqdn": "influxdb.internal.stg.ariel-middleware.site",
            "geolocation_routing_policy": [],
            "health_check_id": null,
            "id": "Z036681222L117T3KDZ5N_influxdb.internal.stg.ariel-middleware.site_A",
            "latency_routing_policy": [],
            "multivalue_answer_routing_policy": null,
            "name": "influxdb.internal.stg.ariel-middleware.site",
            "records": [
              "172.17.1.231"
            ],
            "set_identifier": null,
            "ttl": 300,
            "type": "A",
            "weighted_routing_policy": [],
            "zone_id": "Z036681222L117T3KDZ5N"
          },
          "sensitive_attributes": [],
          "private": "eyJzY2hlbWFfdmVyc2lvbiI6IjIifQ==",
          "dependencies": [
            "module.influxdb.aws_instance.influxdb",
            "module.influxdb.aws_key_pair.influxdb",
            "module.sg.aws_security_group.influxdb",
            "module.vpc.aws_internet_gateway.middleware",
            "module.vpc.aws_subnet.subnet_middleware_a",
            "module.vpc.aws_vpc.middleware",
            "module.vpc.data.aws_region.current"
          ]
        }
      ]
    },
    {
      "module": "module.load_balancer",
      "mode": "managed",
      "type": "aws_lb",
      "name": "middleware",
      "provider": "provider[\"registry.terraform.io/hashicorp/aws\"]",
      "instances": [
        {
          "schema_version": 0,
          "attributes": {
            "access_logs": [
              {
                "bucket": "",
                "enabled": false,
                "prefix": ""
              }
            ],
            "arn": "arn:aws:elasticloadbalancing:us-east-2:806721437369:loadbalancer/app/middleware-stg/c38c2431cd5ebac8",
            "arn_suffix": "app/middleware-stg/c38c2431cd5ebac8",
            "customer_owned_ipv4_pool": "",
            "desync_mitigation_mode": "defensive",
            "dns_name": "middleware-stg-1689707132.us-east-2.elb.amazonaws.com",
            "drop_invalid_header_fields": false,
            "enable_cross_zone_load_balancing": null,
            "enable_deletion_protection": false,
            "enable_http2": true,
            "enable_waf_fail_open": false,
            "id": "arn:aws:elasticloadbalancing:us-east-2:806721437369:loadbalancer/app/middleware-stg/c38c2431cd5ebac8",
            "idle_timeout": 60,
            "internal": false,
            "ip_address_type": "ipv4",
            "load_balancer_type": "application",
            "name": "middleware-stg",
            "name_prefix": null,
            "security_groups": [
              "sg-0dbf6189d2f06f5c2"
            ],
            "subnet_mapping": [
              {
                "allocation_id": "",
                "ipv6_address": "",
                "outpost_id": "",
                "private_ipv4_address": "",
                "subnet_id": "subnet-0e40342d4d2ee3f04"
              },
              {
                "allocation_id": "",
                "ipv6_address": "",
                "outpost_id": "",
                "private_ipv4_address": "",
                "subnet_id": "subnet-0f0f2fea35cb2ff00"
              }
            ],
            "subnets": [
              "subnet-0e40342d4d2ee3f04",
              "subnet-0f0f2fea35cb2ff00"
            ],
            "tags": null,
            "tags_all": {
              "Application": "Middleware",
              "CreatedBy": "Terraform"
            },
            "timeouts": null,
            "vpc_id": "vpc-0f1e016778e1d2c13",
            "zone_id": "Z3AADJGX6KTTL2"
          },
          "sensitive_attributes": [],
          "private": "eyJlMmJmYjczMC1lY2FhLTExZTYtOGY4OC0zNDM2M2JjN2M0YzAiOnsiY3JlYXRlIjo2MDAwMDAwMDAwMDAsImRlbGV0ZSI6NjAwMDAwMDAwMDAwLCJ1cGRhdGUiOjYwMDAwMDAwMDAwMH19",
          "dependencies": [
            "module.sg.aws_security_group.middleware_lb",
            "module.vpc.aws_internet_gateway.middleware",
            "module.vpc.aws_subnet.subnet_middleware_a_public",
            "module.vpc.aws_subnet.subnet_middleware_b_public",
            "module.vpc.aws_vpc.middleware",
            "module.vpc.data.aws_region.current"
          ]
        }
      ]
    },
    {
      "module": "module.load_balancer",
      "mode": "managed",
      "type": "aws_lb_listener",
      "name": "middleware",
      "provider": "provider[\"registry.terraform.io/hashicorp/aws\"]",
      "instances": [
        {
          "schema_version": 0,
          "attributes": {
            "alpn_policy": null,
            "arn": "arn:aws:elasticloadbalancing:us-east-2:806721437369:listener/app/middleware-stg/c38c2431cd5ebac8/b9ce74924955821e",
            "certificate_arn": "arn:aws:acm:us-east-2:806721437369:certificate/a198562c-3a3a-49ec-b125-193f53222d12",
            "default_action": [
              {
                "authenticate_cognito": [],
                "authenticate_oidc": [],
                "fixed_response": [],
                "forward": [],
                "order": 1,
                "redirect": [],
                "target_group_arn": "arn:aws:elasticloadbalancing:us-east-2:806721437369:targetgroup/middleware-stg/4eebfb0d937cd152",
                "type": "forward"
              }
            ],
            "id": "arn:aws:elasticloadbalancing:us-east-2:806721437369:listener/app/middleware-stg/c38c2431cd5ebac8/b9ce74924955821e",
            "load_balancer_arn": "arn:aws:elasticloadbalancing:us-east-2:806721437369:loadbalancer/app/middleware-stg/c38c2431cd5ebac8",
            "port": 443,
            "protocol": "HTTPS",
            "ssl_policy": "ELBSecurityPolicy-2016-08",
            "tags": null,
            "tags_all": {
              "Application": "Middleware",
              "CreatedBy": "Terraform"
            },
            "timeouts": null
          },
          "sensitive_attributes": [],
          "private": "eyJlMmJmYjczMC1lY2FhLTExZTYtOGY4OC0zNDM2M2JjN2M0YzAiOnsicmVhZCI6NjAwMDAwMDAwMDAwfX0=",
          "dependencies": [
            "module.acm.aws_acm_certificate.middleware_domain",
            "module.load_balancer.aws_lb.middleware",
            "module.middleware.aws_lb_target_group.middleware",
            "module.sg.aws_security_group.middleware_lb",
            "module.vpc.aws_internet_gateway.middleware",
            "module.vpc.aws_subnet.subnet_middleware_a_public",
            "module.vpc.aws_subnet.subnet_middleware_b_public",
            "module.vpc.aws_vpc.middleware",
            "module.vpc.data.aws_region.current"
          ]
        }
      ]
    },
    {
      "module": "module.load_balancer",
      "mode": "managed",
      "type": "aws_lb_listener",
      "name": "middleware_http",
      "provider": "provider[\"registry.terraform.io/hashicorp/aws\"]",
      "instances": [
        {
          "schema_version": 0,
          "attributes": {
            "alpn_policy": null,
            "arn": "arn:aws:elasticloadbalancing:us-east-2:806721437369:listener/app/middleware-stg/c38c2431cd5ebac8/7bf78aa2350f24eb",
            "certificate_arn": null,
            "default_action": [
              {
                "authenticate_cognito": [],
                "authenticate_oidc": [],
                "fixed_response": [],
                "forward": [],
                "order": 1,
                "redirect": [
                  {
                    "host": "#{host}",
                    "path": "/#{path}",
                    "port": "443",
                    "protocol": "HTTPS",
                    "query": "#{query}",
                    "status_code": "HTTP_301"
                  }
                ],
                "target_group_arn": "",
                "type": "redirect"
              }
            ],
            "id": "arn:aws:elasticloadbalancing:us-east-2:806721437369:listener/app/middleware-stg/c38c2431cd5ebac8/7bf78aa2350f24eb",
            "load_balancer_arn": "arn:aws:elasticloadbalancing:us-east-2:806721437369:loadbalancer/app/middleware-stg/c38c2431cd5ebac8",
            "port": 80,
            "protocol": "HTTP",
            "ssl_policy": "",
            "tags": null,
            "tags_all": {
              "Application": "Middleware",
              "CreatedBy": "Terraform"
            },
            "timeouts": null
          },
          "sensitive_attributes": [],
          "private": "eyJlMmJmYjczMC1lY2FhLTExZTYtOGY4OC0zNDM2M2JjN2M0YzAiOnsicmVhZCI6NjAwMDAwMDAwMDAwfX0=",
          "dependencies": [
            "module.load_balancer.aws_lb.middleware",
            "module.sg.aws_security_group.middleware_lb",
            "module.vpc.aws_internet_gateway.middleware",
            "module.vpc.aws_subnet.subnet_middleware_a_public",
            "module.vpc.aws_subnet.subnet_middleware_b_public",
            "module.vpc.aws_vpc.middleware",
            "module.vpc.data.aws_region.current"
          ]
        }
      ]
    },
    {
      "module": "module.load_balancer",
      "mode": "managed",
      "type": "aws_route53_record",
      "name": "middleware",
      "provider": "provider[\"registry.terraform.io/hashicorp/aws\"]",
      "instances": [
        {
          "schema_version": 2,
          "attributes": {
            "alias": [],
            "allow_overwrite": null,
            "failover_routing_policy": [],
            "fqdn": "middleware.ariel-middleware.site",
            "geolocation_routing_policy": [],
            "health_check_id": null,
            "id": "Z036681222L117T3KDZ5N_middleware.ariel-middleware.site_CNAME",
            "latency_routing_policy": [],
            "multivalue_answer_routing_policy": null,
            "name": "middleware.ariel-middleware.site",
            "records": [
              "middleware-stg-1689707132.us-east-2.elb.amazonaws.com"
            ],
            "set_identifier": null,
            "ttl": 300,
            "type": "CNAME",
            "weighted_routing_policy": [],
            "zone_id": "Z036681222L117T3KDZ5N"
          },
          "sensitive_attributes": [],
          "private": "eyJzY2hlbWFfdmVyc2lvbiI6IjIifQ==",
          "dependencies": [
            "module.load_balancer.aws_lb.middleware",
            "module.sg.aws_security_group.middleware_lb",
            "module.vpc.aws_internet_gateway.middleware",
            "module.vpc.aws_subnet.subnet_middleware_a_public",
            "module.vpc.aws_subnet.subnet_middleware_b_public",
            "module.vpc.aws_vpc.middleware",
            "module.vpc.data.aws_region.current"
          ]
        }
      ]
    },
    {
      "module": "module.middleware",
      "mode": "data",
      "type": "aws_caller_identity",
      "name": "current",
      "provider": "provider[\"registry.terraform.io/hashicorp/aws\"]",
      "instances": [
        {
          "schema_version": 0,
          "attributes": {
            "account_id": "806721437369",
            "arn": "arn:aws:iam::806721437369:root",
            "id": "806721437369",
            "user_id": "806721437369"
          },
          "sensitive_attributes": []
        }
      ]
    },
    {
      "module": "module.middleware",
      "mode": "data",
      "type": "aws_region",
      "name": "current",
      "provider": "provider[\"registry.terraform.io/hashicorp/aws\"]",
      "instances": [
        {
          "schema_version": 0,
          "attributes": {
            "description": "US East (Ohio)",
            "endpoint": "ec2.us-east-2.amazonaws.com",
            "id": "us-east-2",
            "name": "us-east-2"
          },
          "sensitive_attributes": []
        }
      ]
    },
    {
      "module": "module.middleware",
      "mode": "managed",
      "type": "aws_cloudwatch_log_group",
      "name": "middleware",
      "provider": "provider[\"registry.terraform.io/hashicorp/aws\"]",
      "instances": [
        {
          "schema_version": 0,
          "attributes": {
            "arn": "arn:aws:logs:us-east-2:806721437369:log-group:/ecs/middleware-stg",
            "id": "/ecs/middleware-stg",
            "kms_key_id": "",
            "name": "/ecs/middleware-stg",
            "name_prefix": null,
            "retention_in_days": 5,
            "tags": null,
            "tags_all": {
              "Application": "Middleware",
              "CreatedBy": "Terraform"
            }
          },
          "sensitive_attributes": [],
          "private": "bnVsbA=="
        }
      ]
    },
    {
      "module": "module.middleware",
      "mode": "managed",
      "type": "aws_ecs_service",
      "name": "middleware",
      "provider": "provider[\"registry.terraform.io/hashicorp/aws\"]",
      "instances": [
        {
          "schema_version": 0,
          "attributes": {
            "capacity_provider_strategy": [],
            "cluster": "arn:aws:ecs:us-east-2:806721437369:cluster/middleware-stg",
            "deployment_circuit_breaker": [
              {
                "enable": false,
                "rollback": false
              }
            ],
            "deployment_controller": [
              {
                "type": "ECS"
              }
            ],
            "deployment_maximum_percent": 200,
            "deployment_minimum_healthy_percent": 100,
            "desired_count": 2,
            "enable_ecs_managed_tags": false,
            "enable_execute_command": false,
            "force_new_deployment": null,
            "health_check_grace_period_seconds": 0,
            "iam_role": "aws-service-role",
            "id": "arn:aws:ecs:us-east-2:806721437369:service/middleware-stg/middleware-stg",
            "launch_type": "FARGATE",
            "load_balancer": [
              {
                "container_name": "middleware-stg",
                "container_port": 8080,
                "elb_name": "",
                "target_group_arn": "arn:aws:elasticloadbalancing:us-east-2:806721437369:targetgroup/middleware-stg/4eebfb0d937cd152"
              }
            ],
            "name": "middleware-stg",
            "network_configuration": [
              {
                "assign_public_ip": false,
                "security_groups": [
                  "sg-0880ce8ddd4dc7abc"
                ],
                "subnets": [
                  "subnet-011d7e5e2bd374006",
                  "subnet-094e6e4751306cf31"
                ]
              }
            ],
            "ordered_placement_strategy": [],
            "placement_constraints": [],
            "platform_version": "LATEST",
            "propagate_tags": "NONE",
            "scheduling_strategy": "REPLICA",
            "service_registries": [],
            "tags": null,
            "tags_all": {
              "Application": "Middleware",
              "CreatedBy": "Terraform"
            },
            "task_definition": "arn:aws:ecs:us-east-2:806721437369:task-definition/middleware-stg:12",
            "timeouts": null,
            "wait_for_steady_state": false
          },
          "sensitive_attributes": [],
          "private": "eyJlMmJmYjczMC1lY2FhLTExZTYtOGY4OC0zNDM2M2JjN2M0YzAiOnsiZGVsZXRlIjoxMjAwMDAwMDAwMDAwfX0=",
          "dependencies": [
            "module.ecs.aws_ecs_cluster.middleware",
            "module.middleware.aws_ecs_task_definition.middleware",
            "module.middleware.aws_lb_target_group.middleware",
            "module.middleware.data.aws_caller_identity.current",
            "module.middleware.data.aws_region.current",
            "module.role.aws_iam_role.middleware_ecs",
            "module.sg.aws_security_group.middleware_ecs",
            "module.vpc.aws_internet_gateway.middleware",
            "module.vpc.aws_subnet.subnet_middleware_a",
            "module.vpc.aws_subnet.subnet_middleware_b",
            "module.vpc.aws_vpc.middleware",
            "module.vpc.data.aws_region.current"
          ]
        }
      ]
    },
    {
      "module": "module.middleware",
      "mode": "managed",
      "type": "aws_ecs_task_definition",
      "name": "middleware",
      "provider": "provider[\"registry.terraform.io/hashicorp/aws\"]",
      "instances": [
        {
          "schema_version": 1,
          "attributes": {
            "arn": "arn:aws:ecs:us-east-2:806721437369:task-definition/middleware-stg:12",
            "container_definitions": "[{\"cpu\":1024,\"environment\":[{\"name\":\"CACHE_CLIENT_REGISTER_TIMEOUT\",\"value\":\"30000\"},{\"name\":\"CONSUMERS_NOTIFICATION\",\"value\":\"4\"},{\"name\":\"CONSUMERS_TO_SEND\",\"value\":\"10\"},{\"name\":\"INFLUXDB_DATABASE\",\"value\":\"metrics\"},{\"name\":\"QUARKUS_MONGODB_DATABASE\",\"value\":\"middleware\"},{\"name\":\"RABBITMQ_PORT\",\"value\":\"5671\"},{\"name\":\"RABBITMQ_SSL\",\"value\":\"true\"},{\"name\":\"RABBITMQ_TIMEOUT_PUBLISH\",\"value\":\"2000\"},{\"name\":\"RABBITMQ_VHOST\",\"value\":\"/\"}],\"essential\":true,\"image\":\"806721437369.dkr.ecr.us-east-2.amazonaws.com/middleware:latest\",\"logConfiguration\":{\"logDriver\":\"awslogs\",\"options\":{\"awslogs-group\":\"/ecs/middleware-stg\",\"awslogs-region\":\"us-east-2\",\"awslogs-stream-prefix\":\"ecs\"}},\"memory\":2048,\"mountPoints\":[],\"name\":\"middleware-stg\",\"portMappings\":[{\"containerPort\":8080,\"hostPort\":8080,\"protocol\":\"tcp\"}],\"secrets\":[{\"name\":\"RABBITMQ_HOST\",\"valueFrom\":\"arn:aws:ssm:us-east-2:806721437369:parameter/middleware/stg/MQ_HOST\"},{\"name\":\"RABBITMQ_USERNAME\",\"valueFrom\":\"arn:aws:ssm:us-east-2:806721437369:parameter/middleware/stg/MQ_USERNAME\"},{\"name\":\"RABBITMQ_PASSWORD\",\"valueFrom\":\"arn:aws:ssm:us-east-2:806721437369:parameter/middleware/stg/MQ_PASSWORD\"},{\"name\":\"QUARKUS_REDIS_HOSTS\",\"valueFrom\":\"arn:aws:ssm:us-east-2:806721437369:parameter/middleware/stg/CACHE_WRITE_HOST\"},{\"name\":\"QUARKUS_MONGODB_CONNECTION_STRING\",\"valueFrom\":\"arn:aws:ssm:us-east-2:806721437369:parameter/middleware/stg/DB_CONNECTION_STRING\"},{\"name\":\"INFLUXDB_CONNECTION_STRING\",\"valueFrom\":\"arn:aws:ssm:us-east-2:806721437369:parameter/middleware/stg/INFLUXDB_CONNECTION_STRING\"}],\"volumesFrom\":[]}]",
            "cpu": "1024",
            "ephemeral_storage": [],
            "execution_role_arn": "arn:aws:iam::806721437369:role/middleware-ecs-stg",
            "family": "middleware-stg",
            "id": "middleware-stg",
            "inference_accelerator": [],
            "ipc_mode": "",
            "memory": "2048",
            "network_mode": "awsvpc",
            "pid_mode": "",
            "placement_constraints": [],
            "proxy_configuration": [],
            "requires_compatibilities": [
              "FARGATE"
            ],
            "revision": 12,
            "runtime_platform": [],
            "skip_destroy": false,
            "tags": null,
            "tags_all": {
              "Application": "Middleware",
              "CreatedBy": "Terraform"
            },
            "task_role_arn": "arn:aws:iam::806721437369:role/middleware-ecs-stg",
            "volume": []
          },
          "sensitive_attributes": [],
          "private": "eyJzY2hlbWFfdmVyc2lvbiI6IjEifQ==",
          "dependencies": [
            "module.middleware.data.aws_caller_identity.current",
            "module.middleware.data.aws_region.current",
            "module.role.aws_iam_role.middleware_ecs"
          ]
        }
      ]
    },
    {
      "module": "module.middleware",
      "mode": "managed",
      "type": "aws_lb_target_group",
      "name": "middleware",
      "provider": "provider[\"registry.terraform.io/hashicorp/aws\"]",
      "instances": [
        {
          "schema_version": 0,
          "attributes": {
            "arn": "arn:aws:elasticloadbalancing:us-east-2:806721437369:targetgroup/middleware-stg/4eebfb0d937cd152",
            "arn_suffix": "targetgroup/middleware-stg/4eebfb0d937cd152",
            "connection_termination": false,
            "deregistration_delay": "300",
            "health_check": [
              {
                "enabled": true,
                "healthy_threshold": 2,
                "interval": 10,
                "matcher": "200",
                "path": "/health-check",
                "port": "traffic-port",
                "protocol": "HTTP",
                "timeout": 5,
                "unhealthy_threshold": 3
              }
            ],
            "id": "arn:aws:elasticloadbalancing:us-east-2:806721437369:targetgroup/middleware-stg/4eebfb0d937cd152",
            "lambda_multi_value_headers_enabled": false,
            "load_balancing_algorithm_type": "round_robin",
            "name": "middleware-stg",
            "name_prefix": null,
            "port": 8080,
            "preserve_client_ip": null,
            "protocol": "HTTP",
            "protocol_version": "HTTP1",
            "proxy_protocol_v2": false,
            "slow_start": 0,
            "stickiness": [
              {
                "cookie_duration": 86400,
                "cookie_name": "",
                "enabled": false,
                "type": "lb_cookie"
              }
            ],
            "tags": null,
            "tags_all": {
              "Application": "Middleware",
              "CreatedBy": "Terraform"
            },
            "target_type": "ip",
            "vpc_id": "vpc-0f1e016778e1d2c13"
          },
          "sensitive_attributes": [],
          "private": "bnVsbA==",
          "dependencies": [
            "module.vpc.aws_vpc.middleware"
          ]
        }
      ]
    },
    {
      "module": "module.mongodb",
      "mode": "managed",
      "type": "aws_instance",
      "name": "mongodb",
      "provider": "provider[\"registry.terraform.io/hashicorp/aws\"]",
      "instances": [
        {
          "schema_version": 1,
          "attributes": {
            "ami": "ami-02cb75f995890cd96",
            "arn": "arn:aws:ec2:us-east-2:806721437369:instance/i-027b98b94df995fd1",
            "associate_public_ip_address": false,
            "availability_zone": "us-east-2a",
            "capacity_reservation_specification": [
              {
                "capacity_reservation_preference": "open",
                "capacity_reservation_target": []
              }
            ],
            "cpu_core_count": 2,
            "cpu_threads_per_core": 1,
            "credit_specification": [],
            "disable_api_termination": false,
            "ebs_block_device": [],
            "ebs_optimized": false,
            "enclave_options": [
              {
                "enabled": false
              }
            ],
            "ephemeral_block_device": [],
            "get_password_data": false,
            "hibernation": false,
            "host_id": null,
            "iam_instance_profile": "",
            "id": "i-027b98b94df995fd1",
            "instance_initiated_shutdown_behavior": "stop",
            "instance_state": "running",
            "instance_type": "m6g.large",
            "ipv6_address_count": 0,
            "ipv6_addresses": [],
            "key_name": "mongodb-stg",
            "launch_template": [],
            "maintenance_options": [
              {
                "auto_recovery": "default"
              }
            ],
            "metadata_options": [
              {
                "http_endpoint": "enabled",
                "http_put_response_hop_limit": 1,
                "http_tokens": "optional",
                "instance_metadata_tags": "disabled"
              }
            ],
            "monitoring": false,
            "network_interface": [],
            "outpost_arn": "",
            "password_data": "",
            "placement_group": "",
            "placement_partition_number": null,
            "primary_network_interface_id": "eni-0ea6dd57c3cdad5cb",
            "private_dns": "ip-172-17-2-167.us-east-2.compute.internal",
            "private_ip": "172.17.2.167",
            "public_dns": "",
            "public_ip": "",
            "root_block_device": [
              {
                "delete_on_termination": true,
                "device_name": "/dev/xvda",
                "encrypted": false,
                "iops": 100,
                "kms_key_id": "",
                "tags": {
                  "Name": "mongodb-root-stg"
                },
                "throughput": 0,
                "volume_id": "vol-08b2dfed4907e779f",
                "volume_size": 20,
                "volume_type": "gp2"
              }
            ],
            "secondary_private_ips": [],
            "security_groups": [],
            "source_dest_check": true,
            "subnet_id": "subnet-094e6e4751306cf31",
            "tags": {
              "Name": "mongodb-stg"
            },
            "tags_all": {
              "Application": "Middleware",
              "CreatedBy": "Terraform",
              "Name": "mongodb-stg"
            },
            "tenancy": "default",
            "timeouts": null,
            "user_data": "b679b1a98385d783e4a6279a77b4bf88b8f1885c",
            "user_data_base64": null,
            "user_data_replace_on_change": false,
            "volume_tags": null,
            "vpc_security_group_ids": [
              "sg-06cd62177ac2560da"
            ]
          },
          "sensitive_attributes": [],
          "private": "eyJlMmJmYjczMC1lY2FhLTExZTYtOGY4OC0zNDM2M2JjN2M0YzAiOnsiY3JlYXRlIjo2MDAwMDAwMDAwMDAsImRlbGV0ZSI6MTIwMDAwMDAwMDAwMCwidXBkYXRlIjo2MDAwMDAwMDAwMDB9LCJzY2hlbWFfdmVyc2lvbiI6IjEifQ==",
          "dependencies": [
            "module.mongodb.aws_key_pair.mongodb",
            "module.sg.aws_security_group.mongodb",
            "module.vpc.aws_internet_gateway.middleware",
            "module.vpc.aws_subnet.subnet_middleware_a",
            "module.vpc.aws_vpc.middleware",
            "module.vpc.data.aws_region.current"
          ]
        }
      ]
    },
    {
      "module": "module.mongodb",
      "mode": "managed",
      "type": "aws_key_pair",
      "name": "mongodb",
      "provider": "provider[\"registry.terraform.io/hashicorp/aws\"]",
      "instances": [
        {
          "schema_version": 1,
          "attributes": {
            "arn": "arn:aws:ec2:us-east-2:806721437369:key-pair/mongodb-stg",
            "fingerprint": "b8:93:dd:62:06:31:74:e3:f2:6d:1e:b7:fb:4e:fb:4b",
            "id": "mongodb-stg",
            "key_name": "mongodb-stg",
            "key_name_prefix": "",
            "key_pair_id": "key-04191453c64d23241",
            "public_key": "ssh-rsa AAAAB3NzaC1yc2EAAAADAQABAAACAQDgHVZh1q7zrrTyPbxvQ+6S40cWso6iVAflxjxNmH8tHx9VJa01cVxQnW8OhA8NOUWj6IN/mOsDS2FrEnmxf32u0lb0C416Fu+PwJHhU8qfFTMtnpGani2vnSjdXztBEUXdNPFWJXwo9/5JNYjZwDQrxWUdMhRaTQ078QsbTfksBNAx2vNpgQ2Tma/P130XNXOgsS+EXK+TXSN5oifQsB4SB5wFQ+/aQH9QWCaVnopZXpJl+rJUf4kMrxRqDEJzhzPQO3jtR511WCeYC95LCrLkuWSu4PwV5Vah5Qc8ckz2yZ8QzsE+JSz/bSplW9pxKny0i5t/1DlNVrQ+vMLLmyD/swtG8NmwOKFvdLIQC3DL+XY5dmt/o1kwy5bn4SzigZloMCp3Z08hdUcLQxjM42NifCFlxZ6Rf9stZN116wWqhP5xLP9v3TOum6ydm9CjTaDxRySH95hDftoX+ltpKKgbgvIhmrs/h8vWpQ1j/+zwFSnlEQVi1NxKYf+pwQ8/qBH6xS7DObROaQKT5tSVqDV4uwrqXnl6yQkub7ptLqV4W7OFeyILAmrVXy81jC3TTCHcBVQgaAcUOuHjLzDMJPQxpjPxkmHwcvvV62/D5cmeLTrwpmXMOhr/2FQQS+B5EOH73LufMwtVKhqOQy6MLbWvRLt4arN5G2AtOtxJc7I8yw== ariel@ariel",
            "tags": null,
            "tags_all": {
              "Application": "Middleware",
              "CreatedBy": "Terraform"
            }
          },
          "sensitive_attributes": [],
          "private": "eyJzY2hlbWFfdmVyc2lvbiI6IjEifQ=="
        }
      ]
    },
    {
      "module": "module.mongodb",
      "mode": "managed",
      "type": "aws_route53_record",
      "name": "mongodb",
      "provider": "provider[\"registry.terraform.io/hashicorp/aws\"]",
      "instances": [
        {
          "schema_version": 2,
          "attributes": {
            "alias": [],
            "allow_overwrite": null,
            "failover_routing_policy": [],
            "fqdn": "mongodb.internal.stg.ariel-middleware.site",
            "geolocation_routing_policy": [],
            "health_check_id": null,
            "id": "Z036681222L117T3KDZ5N_mongodb.internal.stg.ariel-middleware.site_A",
            "latency_routing_policy": [],
            "multivalue_answer_routing_policy": null,
            "name": "mongodb.internal.stg.ariel-middleware.site",
            "records": [
              "172.17.2.167"
            ],
            "set_identifier": null,
            "ttl": 300,
            "type": "A",
            "weighted_routing_policy": [],
            "zone_id": "Z036681222L117T3KDZ5N"
          },
          "sensitive_attributes": [],
          "private": "eyJzY2hlbWFfdmVyc2lvbiI6IjIifQ==",
          "dependencies": [
            "module.mongodb.aws_instance.mongodb",
            "module.mongodb.aws_key_pair.mongodb",
            "module.sg.aws_security_group.mongodb",
            "module.vpc.aws_internet_gateway.middleware",
            "module.vpc.aws_subnet.subnet_middleware_a",
            "module.vpc.aws_vpc.middleware",
            "module.vpc.data.aws_region.current"
          ]
        }
      ]
    },
    {
      "module": "module.mq",
      "mode": "data",
      "type": "aws_region",
      "name": "current",
      "provider": "provider[\"registry.terraform.io/hashicorp/aws\"]",
      "instances": [
        {
          "schema_version": 0,
          "attributes": {
            "description": "US East (Ohio)",
            "endpoint": "ec2.us-east-2.amazonaws.com",
            "id": "us-east-2",
            "name": "us-east-2"
          },
          "sensitive_attributes": []
        }
      ]
    },
    {
      "module": "module.mq",
      "mode": "managed",
      "type": "aws_mq_broker",
      "name": "mq",
      "provider": "provider[\"registry.terraform.io/hashicorp/aws\"]",
      "instances": [
        {
          "schema_version": 0,
          "attributes": {
            "apply_immediately": false,
            "arn": "arn:aws:mq:us-east-2:806721437369:broker:middleware-stg:b-46031130-f385-41dd-8b39-7cb58ab34e18",
            "authentication_strategy": "simple",
            "auto_minor_version_upgrade": false,
            "broker_name": "middleware-stg",
            "configuration": [],
            "deployment_mode": "SINGLE_INSTANCE",
            "encryption_options": [
              {
                "kms_key_id": "",
                "use_aws_owned_key": true
              }
            ],
            "engine_type": "RabbitMQ",
            "engine_version": "3.9.13",
            "host_instance_type": "mq.t3.micro",
            "id": "b-46031130-f385-41dd-8b39-7cb58ab34e18",
            "instances": [
              {
                "console_url": "https://b-46031130-f385-41dd-8b39-7cb58ab34e18.mq.us-east-2.amazonaws.com",
                "endpoints": [
                  "amqps://b-46031130-f385-41dd-8b39-7cb58ab34e18.mq.us-east-2.amazonaws.com:5671"
                ],
                "ip_address": ""
              }
            ],
            "ldap_server_metadata": [],
            "logs": [
              {
                "audit": "",
                "general": false
              }
            ],
            "maintenance_window_start_time": [
              {
                "day_of_week": "WEDNESDAY",
                "time_of_day": "18:00",
                "time_zone": "UTC"
              }
            ],
            "publicly_accessible": false,
            "security_groups": [
              "sg-04c676e99fcac7d44"
            ],
            "storage_type": "ebs",
            "subnet_ids": [
              "subnet-094e6e4751306cf31"
            ],
            "tags": {
              "Name": "middleware-stg"
            },
            "tags_all": {
              "Application": "Middleware",
              "CreatedBy": "Terraform",
              "Name": "middleware-stg"
            },
            "user": [
              {
                "console_access": false,
                "groups": [],
                "password": "@Batata-1234",
                "username": "admin"
              }
            ]
          },
          "sensitive_attributes": [],
          "private": "bnVsbA==",
          "dependencies": [
            "module.sg.aws_security_group.middleware_mq",
            "module.vpc.aws_internet_gateway.middleware",
            "module.vpc.aws_subnet.subnet_middleware_a",
            "module.vpc.aws_vpc.middleware",
            "module.vpc.data.aws_region.current"
          ]
        }
      ]
    },
    {
      "module": "module.parameter_store",
      "mode": "managed",
      "type": "aws_ssm_parameter",
      "name": "cache_read_host",
      "provider": "provider[\"registry.terraform.io/hashicorp/aws\"]",
      "instances": [
        {
          "schema_version": 0,
          "attributes": {
            "allowed_pattern": "",
            "arn": "arn:aws:ssm:us-east-2:806721437369:parameter/middleware/stg/CACHE_READ_HOST",
            "data_type": "text",
            "description": "",
            "id": "/middleware/stg/CACHE_READ_HOST",
            "key_id": "",
            "name": "/middleware/stg/CACHE_READ_HOST",
            "overwrite": null,
            "tags": null,
            "tags_all": {
              "Application": "Middleware",
              "CreatedBy": "Terraform"
            },
            "tier": "Standard",
            "type": "String",
            "value": "redis://tf-rep-middleware-1-ro.zyj8ro.ng.0001.use2.cache.amazonaws.com:6379",
            "version": 1
          },
          "sensitive_attributes": [],
          "private": "bnVsbA==",
          "dependencies": [
            "module.cache.aws_elasticache_replication_group.middleware",
            "module.cache.aws_elasticache_subnet_group.middleware",
            "module.sg.aws_security_group.middleware_cache",
            "module.vpc.aws_internet_gateway.middleware",
            "module.vpc.aws_subnet.subnet_middleware_a",
            "module.vpc.aws_subnet.subnet_middleware_b",
            "module.vpc.aws_vpc.middleware",
            "module.vpc.data.aws_region.current"
          ]
        }
      ]
    },
    {
      "module": "module.parameter_store",
      "mode": "managed",
      "type": "aws_ssm_parameter",
      "name": "cache_write_host",
      "provider": "provider[\"registry.terraform.io/hashicorp/aws\"]",
      "instances": [
        {
          "schema_version": 0,
          "attributes": {
            "allowed_pattern": "",
            "arn": "arn:aws:ssm:us-east-2:806721437369:parameter/middleware/stg/CACHE_WRITE_HOST",
            "data_type": "text",
            "description": "",
            "id": "/middleware/stg/CACHE_WRITE_HOST",
            "key_id": "",
            "name": "/middleware/stg/CACHE_WRITE_HOST",
            "overwrite": null,
            "tags": null,
            "tags_all": {
              "Application": "Middleware",
              "CreatedBy": "Terraform"
            },
            "tier": "Standard",
            "type": "String",
            "value": "redis://tf-rep-middleware-1.zyj8ro.ng.0001.use2.cache.amazonaws.com:6379",
            "version": 1
          },
          "sensitive_attributes": [],
          "private": "bnVsbA==",
          "dependencies": [
            "module.cache.aws_elasticache_replication_group.middleware",
            "module.cache.aws_elasticache_subnet_group.middleware",
            "module.sg.aws_security_group.middleware_cache",
            "module.vpc.aws_internet_gateway.middleware",
            "module.vpc.aws_subnet.subnet_middleware_a",
            "module.vpc.aws_subnet.subnet_middleware_b",
            "module.vpc.aws_vpc.middleware",
            "module.vpc.data.aws_region.current"
          ]
        }
      ]
    },
    {
      "module": "module.parameter_store",
      "mode": "managed",
      "type": "aws_ssm_parameter",
      "name": "influxdb_host",
      "provider": "provider[\"registry.terraform.io/hashicorp/aws\"]",
      "instances": [
        {
          "schema_version": 0,
          "attributes": {
            "allowed_pattern": "",
            "arn": "arn:aws:ssm:us-east-2:806721437369:parameter/middleware/stg/INFLUXDB_CONNECTION_STRING",
            "data_type": "text",
            "description": "",
            "id": "/middleware/stg/INFLUXDB_CONNECTION_STRING",
            "key_id": "",
            "name": "/middleware/stg/INFLUXDB_CONNECTION_STRING",
            "overwrite": null,
            "tags": null,
            "tags_all": {
              "Application": "Middleware",
              "CreatedBy": "Terraform"
            },
            "tier": "Standard",
            "type": "String",
            "value": "http://influxdb.internal.stg.ariel-middleware.site:8086",
            "version": 1
          },
          "sensitive_attributes": [],
          "private": "bnVsbA==",
          "dependencies": [
            "module.influxdb.aws_instance.influxdb",
            "module.influxdb.aws_key_pair.influxdb",
            "module.influxdb.aws_route53_record.influxdb",
            "module.sg.aws_security_group.influxdb",
            "module.vpc.aws_internet_gateway.middleware",
            "module.vpc.aws_subnet.subnet_middleware_a",
            "module.vpc.aws_vpc.middleware",
            "module.vpc.data.aws_region.current"
          ]
        }
      ]
    },
    {
      "module": "module.parameter_store",
      "mode": "managed",
      "type": "aws_ssm_parameter",
      "name": "mongo_host",
      "provider": "provider[\"registry.terraform.io/hashicorp/aws\"]",
      "instances": [
        {
          "schema_version": 0,
          "attributes": {
            "allowed_pattern": "",
            "arn": "arn:aws:ssm:us-east-2:806721437369:parameter/middleware/stg/DB_CONNECTION_STRING",
            "data_type": "text",
            "description": "",
            "id": "/middleware/stg/DB_CONNECTION_STRING",
            "key_id": "",
            "name": "/middleware/stg/DB_CONNECTION_STRING",
            "overwrite": null,
            "tags": null,
            "tags_all": {
              "Application": "Middleware",
              "CreatedBy": "Terraform"
            },
            "tier": "Standard",
            "type": "String",
            "value": "mongodb://mongodb.internal.stg.ariel-middleware.site:27017",
            "version": 1
          },
          "sensitive_attributes": [],
          "private": "bnVsbA==",
          "dependencies": [
            "module.mongodb.aws_instance.mongodb",
            "module.mongodb.aws_key_pair.mongodb",
            "module.mongodb.aws_route53_record.mongodb",
            "module.sg.aws_security_group.mongodb",
            "module.vpc.aws_internet_gateway.middleware",
            "module.vpc.aws_subnet.subnet_middleware_a",
            "module.vpc.aws_vpc.middleware",
            "module.vpc.data.aws_region.current"
          ]
        }
      ]
    },
    {
      "module": "module.parameter_store",
      "mode": "managed",
      "type": "aws_ssm_parameter",
      "name": "mq_address",
      "provider": "provider[\"registry.terraform.io/hashicorp/aws\"]",
      "instances": [
        {
          "schema_version": 0,
          "attributes": {
            "allowed_pattern": "",
            "arn": "arn:aws:ssm:us-east-2:806721437369:parameter/middleware/stg/MQ_HOST",
            "data_type": "text",
            "description": "",
            "id": "/middleware/stg/MQ_HOST",
            "key_id": "",
            "name": "/middleware/stg/MQ_HOST",
            "overwrite": null,
            "tags": null,
            "tags_all": {
              "Application": "Middleware",
              "CreatedBy": "Terraform"
            },
            "tier": "Standard",
            "type": "String",
            "value": "b-46031130-f385-41dd-8b39-7cb58ab34e18.mq.us-east-2.amazonaws.com",
            "version": 1
          },
          "sensitive_attributes": [],
          "private": "bnVsbA==",
          "dependencies": [
            "module.mq.aws_mq_broker.mq",
            "module.mq.data.aws_region.current",
            "module.sg.aws_security_group.middleware_mq",
            "module.vpc.aws_internet_gateway.middleware",
            "module.vpc.aws_subnet.subnet_middleware_a",
            "module.vpc.aws_vpc.middleware",
            "module.vpc.data.aws_region.current"
          ]
        }
      ]
    },
    {
      "module": "module.parameter_store",
      "mode": "managed",
      "type": "aws_ssm_parameter",
      "name": "mq_password",
      "provider": "provider[\"registry.terraform.io/hashicorp/aws\"]",
      "instances": [
        {
          "schema_version": 0,
          "attributes": {
            "allowed_pattern": "",
            "arn": "arn:aws:ssm:us-east-2:806721437369:parameter/middleware/stg/MQ_PASSWORD",
            "data_type": "text",
            "description": "",
            "id": "/middleware/stg/MQ_PASSWORD",
            "key_id": "",
            "name": "/middleware/stg/MQ_PASSWORD",
            "overwrite": null,
            "tags": null,
            "tags_all": {
              "Application": "Middleware",
              "CreatedBy": "Terraform"
            },
            "tier": "Standard",
            "type": "String",
            "value": "@Batata-1234",
            "version": 1
          },
          "sensitive_attributes": [],
          "private": "bnVsbA=="
        }
      ]
    },
    {
      "module": "module.parameter_store",
      "mode": "managed",
      "type": "aws_ssm_parameter",
      "name": "mq_username",
      "provider": "provider[\"registry.terraform.io/hashicorp/aws\"]",
      "instances": [
        {
          "schema_version": 0,
          "attributes": {
            "allowed_pattern": "",
            "arn": "arn:aws:ssm:us-east-2:806721437369:parameter/middleware/stg/MQ_USERNAME",
            "data_type": "text",
            "description": "",
            "id": "/middleware/stg/MQ_USERNAME",
            "key_id": "",
            "name": "/middleware/stg/MQ_USERNAME",
            "overwrite": null,
            "tags": null,
            "tags_all": {
              "Application": "Middleware",
              "CreatedBy": "Terraform"
            },
            "tier": "Standard",
            "type": "String",
            "value": "admin",
            "version": 1
          },
          "sensitive_attributes": [],
          "private": "bnVsbA=="
        }
      ]
    },
    {
      "module": "module.role",
      "mode": "data",
      "type": "aws_caller_identity",
      "name": "current",
      "provider": "provider[\"registry.terraform.io/hashicorp/aws\"]",
      "instances": [
        {
          "schema_version": 0,
          "attributes": {
            "account_id": "806721437369",
            "arn": "arn:aws:iam::806721437369:root",
            "id": "806721437369",
            "user_id": "806721437369"
          },
          "sensitive_attributes": []
        }
      ]
    },
    {
      "module": "module.role",
      "mode": "data",
      "type": "aws_region",
      "name": "current",
      "provider": "provider[\"registry.terraform.io/hashicorp/aws\"]",
      "instances": [
        {
          "schema_version": 0,
          "attributes": {
            "description": "US East (Ohio)",
            "endpoint": "ec2.us-east-2.amazonaws.com",
            "id": "us-east-2",
            "name": "us-east-2"
          },
          "sensitive_attributes": []
        }
      ]
    },
    {
      "module": "module.role",
      "mode": "managed",
      "type": "aws_iam_policy",
      "name": "get_ssm_tpa_web",
      "provider": "provider[\"registry.terraform.io/hashicorp/aws\"]",
      "instances": [
        {
          "schema_version": 0,
          "attributes": {
            "arn": "arn:aws:iam::806721437369:policy/get-ssm-middleware-stg",
            "description": "Permissions to get and describe SSM variables of Middleware STG",
            "id": "arn:aws:iam::806721437369:policy/get-ssm-middleware-stg",
            "name": "get-ssm-middleware-stg",
            "name_prefix": null,
            "path": "/",
            "policy": "{\"Statement\":[{\"Action\":[\"ssm:GetParameterHistory\",\"ssm:GetParametersByPath\",\"ssm:GetParameters\",\"ssm:GetParameter\"],\"Effect\":\"Allow\",\"Resource\":\"arn:aws:ssm:us-east-2:806721437369:parameter/middleware/stg/*\"},{\"Action\":\"ssm:DescribeParameters\",\"Effect\":\"Allow\",\"Resource\":\"*\"}],\"Version\":\"2012-10-17\"}",
            "policy_id": "ANPA3XVCYH24X46VLIEZN",
            "tags": null,
            "tags_all": {
              "Application": "Middleware",
              "CreatedBy": "Terraform"
            }
          },
          "sensitive_attributes": [],
          "private": "bnVsbA==",
          "dependencies": [
            "module.role.data.aws_caller_identity.current",
            "module.role.data.aws_region.current"
          ]
        }
      ]
    },
    {
      "module": "module.role",
      "mode": "managed",
      "type": "aws_iam_role",
      "name": "middleware_ecs",
      "provider": "provider[\"registry.terraform.io/hashicorp/aws\"]",
      "instances": [
        {
          "schema_version": 0,
          "attributes": {
            "arn": "arn:aws:iam::806721437369:role/middleware-ecs-stg",
            "assume_role_policy": "{\"Version\":\"2012-10-17\",\"Statement\":[{\"Effect\":\"Allow\",\"Principal\":{\"Service\":\"ecs-tasks.amazonaws.com\"},\"Action\":\"sts:AssumeRole\"}]}",
            "create_date": "2022-06-11T15:42:04Z",
            "description": "",
            "force_detach_policies": false,
            "id": "middleware-ecs-stg",
            "inline_policy": [
              {
                "name": "",
                "policy": ""
              }
            ],
            "managed_policy_arns": [],
            "max_session_duration": 3600,
            "name": "middleware-ecs-stg",
            "name_prefix": "",
            "path": "/",
            "permissions_boundary": null,
            "tags": null,
            "tags_all": {
              "Application": "Middleware",
              "CreatedBy": "Terraform"
            },
            "unique_id": "AROA3XVCYH245MHBJPQM4"
          },
          "sensitive_attributes": [],
          "private": "bnVsbA=="
        }
      ]
    },
    {
      "module": "module.role",
      "mode": "managed",
      "type": "aws_iam_role_policy_attachment",
      "name": "ecs",
      "provider": "provider[\"registry.terraform.io/hashicorp/aws\"]",
      "instances": [
        {
          "schema_version": 0,
          "attributes": {
            "id": "middleware-ecs-stg-20220611154205383900000003",
            "policy_arn": "arn:aws:iam::aws:policy/service-role/AmazonECSTaskExecutionRolePolicy",
            "role": "middleware-ecs-stg"
          },
          "sensitive_attributes": [],
          "private": "bnVsbA==",
          "dependencies": [
            "module.role.aws_iam_role.middleware_ecs"
          ]
        }
      ]
    },
    {
      "module": "module.role",
      "mode": "managed",
      "type": "aws_iam_role_policy_attachment",
      "name": "ssm",
      "provider": "provider[\"registry.terraform.io/hashicorp/aws\"]",
      "instances": [
        {
          "schema_version": 0,
          "attributes": {
            "id": "middleware-ecs-stg-20220611154205377000000002",
            "policy_arn": "arn:aws:iam::806721437369:policy/get-ssm-middleware-stg",
            "role": "middleware-ecs-stg"
          },
          "sensitive_attributes": [],
          "private": "bnVsbA==",
          "dependencies": [
            "module.role.aws_iam_policy.get_ssm_tpa_web",
            "module.role.aws_iam_role.middleware_ecs",
            "module.role.data.aws_caller_identity.current",
            "module.role.data.aws_region.current"
          ]
        }
      ]
    },
    {
      "module": "module.sg",
      "mode": "managed",
      "type": "aws_security_group",
      "name": "bastion",
      "provider": "provider[\"registry.terraform.io/hashicorp/aws\"]",
      "instances": [
        {
          "schema_version": 1,
          "attributes": {
            "arn": "arn:aws:ec2:us-east-2:806721437369:security-group/sg-004b3240a655ccde1",
            "description": "bastion-stg",
            "egress": [],
            "id": "sg-004b3240a655ccde1",
            "ingress": [],
            "name": "bastion-stg",
            "name_prefix": "",
            "owner_id": "806721437369",
            "revoke_rules_on_delete": false,
            "tags": {
              "Name": "bastion-stg"
            },
            "tags_all": {
              "Application": "Middleware",
              "CreatedBy": "Terraform",
              "Name": "bastion-stg"
            },
            "timeouts": null,
            "vpc_id": "vpc-0f1e016778e1d2c13"
          },
          "sensitive_attributes": [],
          "private": "eyJlMmJmYjczMC1lY2FhLTExZTYtOGY4OC0zNDM2M2JjN2M0YzAiOnsiY3JlYXRlIjo2MDAwMDAwMDAwMDAsImRlbGV0ZSI6OTAwMDAwMDAwMDAwfSwic2NoZW1hX3ZlcnNpb24iOiIxIn0=",
          "dependencies": [
            "module.vpc.aws_vpc.middleware"
          ]
        }
      ]
    },
    {
      "module": "module.sg",
      "mode": "managed",
      "type": "aws_security_group",
      "name": "influxdb",
      "provider": "provider[\"registry.terraform.io/hashicorp/aws\"]",
      "instances": [
        {
          "schema_version": 1,
          "attributes": {
            "arn": "arn:aws:ec2:us-east-2:806721437369:security-group/sg-0aa21f6800c5c2b89",
            "description": "influxdb-stg",
            "egress": [],
            "id": "sg-0aa21f6800c5c2b89",
            "ingress": [],
            "name": "influxdb-stg",
            "name_prefix": "",
            "owner_id": "806721437369",
            "revoke_rules_on_delete": false,
            "tags": {
              "Name": "influxdb-stg"
            },
            "tags_all": {
              "Application": "Middleware",
              "CreatedBy": "Terraform",
              "Name": "influxdb-stg"
            },
            "timeouts": null,
            "vpc_id": "vpc-0f1e016778e1d2c13"
          },
          "sensitive_attributes": [],
          "private": "eyJlMmJmYjczMC1lY2FhLTExZTYtOGY4OC0zNDM2M2JjN2M0YzAiOnsiY3JlYXRlIjo2MDAwMDAwMDAwMDAsImRlbGV0ZSI6OTAwMDAwMDAwMDAwfSwic2NoZW1hX3ZlcnNpb24iOiIxIn0=",
          "dependencies": [
            "module.vpc.aws_vpc.middleware"
          ]
        }
      ]
    },
    {
      "module": "module.sg",
      "mode": "managed",
      "type": "aws_security_group",
      "name": "middleware_cache",
      "provider": "provider[\"registry.terraform.io/hashicorp/aws\"]",
      "instances": [
        {
          "schema_version": 1,
          "attributes": {
            "arn": "arn:aws:ec2:us-east-2:806721437369:security-group/sg-0aaa6a0be396c2e80",
            "description": "middleware-cache-stg",
            "egress": [],
            "id": "sg-0aaa6a0be396c2e80",
            "ingress": [],
            "name": "middleware-cache-stg",
            "name_prefix": "",
            "owner_id": "806721437369",
            "revoke_rules_on_delete": false,
            "tags": {
              "Name": "middleware-cache-stg"
            },
            "tags_all": {
              "Application": "Middleware",
              "CreatedBy": "Terraform",
              "Name": "middleware-cache-stg"
            },
            "timeouts": null,
            "vpc_id": "vpc-0f1e016778e1d2c13"
          },
          "sensitive_attributes": [],
          "private": "eyJlMmJmYjczMC1lY2FhLTExZTYtOGY4OC0zNDM2M2JjN2M0YzAiOnsiY3JlYXRlIjo2MDAwMDAwMDAwMDAsImRlbGV0ZSI6OTAwMDAwMDAwMDAwfSwic2NoZW1hX3ZlcnNpb24iOiIxIn0=",
          "dependencies": [
            "module.vpc.aws_vpc.middleware"
          ]
        }
      ]
    },
    {
      "module": "module.sg",
      "mode": "managed",
      "type": "aws_security_group",
      "name": "middleware_ecs",
      "provider": "provider[\"registry.terraform.io/hashicorp/aws\"]",
      "instances": [
        {
          "schema_version": 1,
          "attributes": {
            "arn": "arn:aws:ec2:us-east-2:806721437369:security-group/sg-0880ce8ddd4dc7abc",
            "description": "middleware-ecs-stg",
            "egress": [],
            "id": "sg-0880ce8ddd4dc7abc",
            "ingress": [],
            "name": "middleware-ecs-stg",
            "name_prefix": "",
            "owner_id": "806721437369",
            "revoke_rules_on_delete": false,
            "tags": {
              "Name": "middleware-ecs-stg"
            },
            "tags_all": {
              "Application": "Middleware",
              "CreatedBy": "Terraform",
              "Name": "middleware-ecs-stg"
            },
            "timeouts": null,
            "vpc_id": "vpc-0f1e016778e1d2c13"
          },
          "sensitive_attributes": [],
          "private": "eyJlMmJmYjczMC1lY2FhLTExZTYtOGY4OC0zNDM2M2JjN2M0YzAiOnsiY3JlYXRlIjo2MDAwMDAwMDAwMDAsImRlbGV0ZSI6OTAwMDAwMDAwMDAwfSwic2NoZW1hX3ZlcnNpb24iOiIxIn0=",
          "dependencies": [
            "module.vpc.aws_vpc.middleware"
          ]
        }
      ]
    },
    {
      "module": "module.sg",
      "mode": "managed",
      "type": "aws_security_group",
      "name": "middleware_lb",
      "provider": "provider[\"registry.terraform.io/hashicorp/aws\"]",
      "instances": [
        {
          "schema_version": 1,
          "attributes": {
            "arn": "arn:aws:ec2:us-east-2:806721437369:security-group/sg-0dbf6189d2f06f5c2",
            "description": "middleware-loadbalancer-stg",
            "egress": [],
            "id": "sg-0dbf6189d2f06f5c2",
            "ingress": [],
            "name": "middleware-loadbalancer-stg",
            "name_prefix": "",
            "owner_id": "806721437369",
            "revoke_rules_on_delete": false,
            "tags": {
              "Name": "middleware-loadbalancer-stg"
            },
            "tags_all": {
              "Application": "Middleware",
              "CreatedBy": "Terraform",
              "Name": "middleware-loadbalancer-stg"
            },
            "timeouts": null,
            "vpc_id": "vpc-0f1e016778e1d2c13"
          },
          "sensitive_attributes": [],
          "private": "eyJlMmJmYjczMC1lY2FhLTExZTYtOGY4OC0zNDM2M2JjN2M0YzAiOnsiY3JlYXRlIjo2MDAwMDAwMDAwMDAsImRlbGV0ZSI6OTAwMDAwMDAwMDAwfSwic2NoZW1hX3ZlcnNpb24iOiIxIn0=",
          "dependencies": [
            "module.vpc.aws_vpc.middleware"
          ]
        }
      ]
    },
    {
      "module": "module.sg",
      "mode": "managed",
      "type": "aws_security_group",
      "name": "middleware_mq",
      "provider": "provider[\"registry.terraform.io/hashicorp/aws\"]",
      "instances": [
        {
          "schema_version": 1,
          "attributes": {
            "arn": "arn:aws:ec2:us-east-2:806721437369:security-group/sg-04c676e99fcac7d44",
            "description": "middleware-mq-stg",
            "egress": [],
            "id": "sg-04c676e99fcac7d44",
            "ingress": [],
            "name": "middleware-mq-stg",
            "name_prefix": "",
            "owner_id": "806721437369",
            "revoke_rules_on_delete": false,
            "tags": {
              "Name": "middleware-mq-stg"
            },
            "tags_all": {
              "Application": "Middleware",
              "CreatedBy": "Terraform",
              "Name": "middleware-mq-stg"
            },
            "timeouts": null,
            "vpc_id": "vpc-0f1e016778e1d2c13"
          },
          "sensitive_attributes": [],
          "private": "eyJlMmJmYjczMC1lY2FhLTExZTYtOGY4OC0zNDM2M2JjN2M0YzAiOnsiY3JlYXRlIjo2MDAwMDAwMDAwMDAsImRlbGV0ZSI6OTAwMDAwMDAwMDAwfSwic2NoZW1hX3ZlcnNpb24iOiIxIn0=",
          "dependencies": [
            "module.vpc.aws_vpc.middleware"
          ]
        }
      ]
    },
    {
      "module": "module.sg",
      "mode": "managed",
      "type": "aws_security_group",
      "name": "mongodb",
      "provider": "provider[\"registry.terraform.io/hashicorp/aws\"]",
      "instances": [
        {
          "schema_version": 1,
          "attributes": {
            "arn": "arn:aws:ec2:us-east-2:806721437369:security-group/sg-06cd62177ac2560da",
            "description": "mongodb-stg",
            "egress": [],
            "id": "sg-06cd62177ac2560da",
            "ingress": [],
            "name": "mongodb-stg",
            "name_prefix": "",
            "owner_id": "806721437369",
            "revoke_rules_on_delete": false,
            "tags": {
              "Name": "mongodb-stg"
            },
            "tags_all": {
              "Application": "Middleware",
              "CreatedBy": "Terraform",
              "Name": "mongodb-stg"
            },
            "timeouts": null,
            "vpc_id": "vpc-0f1e016778e1d2c13"
          },
          "sensitive_attributes": [],
          "private": "eyJlMmJmYjczMC1lY2FhLTExZTYtOGY4OC0zNDM2M2JjN2M0YzAiOnsiY3JlYXRlIjo2MDAwMDAwMDAwMDAsImRlbGV0ZSI6OTAwMDAwMDAwMDAwfSwic2NoZW1hX3ZlcnNpb24iOiIxIn0=",
          "dependencies": [
            "module.vpc.aws_vpc.middleware"
          ]
        }
      ]
    },
    {
      "module": "module.sg",
      "mode": "managed",
      "type": "aws_security_group_rule",
      "name": "bastion_in_ssh",
      "provider": "provider[\"registry.terraform.io/hashicorp/aws\"]",
      "instances": [
        {
          "schema_version": 2,
          "attributes": {
            "cidr_blocks": [
              "0.0.0.0/0"
            ],
            "description": "SSH - All",
            "from_port": 22,
            "id": "sgrule-3231060411",
            "ipv6_cidr_blocks": null,
            "prefix_list_ids": null,
            "protocol": "tcp",
            "security_group_id": "sg-004b3240a655ccde1",
            "self": false,
            "source_security_group_id": null,
            "to_port": 22,
            "type": "ingress"
          },
          "sensitive_attributes": [],
          "private": "eyJzY2hlbWFfdmVyc2lvbiI6IjIifQ==",
          "dependencies": [
            "module.sg.aws_security_group.bastion",
            "module.vpc.aws_vpc.middleware"
          ]
        }
      ]
    },
    {
      "module": "module.sg",
      "mode": "managed",
      "type": "aws_security_group_rule",
      "name": "bastion_out_all",
      "provider": "provider[\"registry.terraform.io/hashicorp/aws\"]",
      "instances": [
        {
          "schema_version": 2,
          "attributes": {
            "cidr_blocks": [
              "0.0.0.0/0"
            ],
            "description": "Output default",
            "from_port": 0,
            "id": "sgrule-4121202188",
            "ipv6_cidr_blocks": null,
            "prefix_list_ids": null,
            "protocol": "-1",
            "security_group_id": "sg-004b3240a655ccde1",
            "self": false,
            "source_security_group_id": null,
            "to_port": 0,
            "type": "egress"
          },
          "sensitive_attributes": [],
          "private": "eyJzY2hlbWFfdmVyc2lvbiI6IjIifQ==",
          "dependencies": [
            "module.sg.aws_security_group.bastion",
            "module.vpc.aws_vpc.middleware"
          ]
        }
      ]
    },
    {
      "module": "module.sg",
      "mode": "managed",
      "type": "aws_security_group_rule",
      "name": "influxdb_in_ecs",
      "provider": "provider[\"registry.terraform.io/hashicorp/aws\"]",
      "instances": [
        {
          "schema_version": 2,
          "attributes": {
            "cidr_blocks": null,
            "description": "InfluxDB - ECS",
            "from_port": 8086,
            "id": "sgrule-1444031075",
            "ipv6_cidr_blocks": null,
            "prefix_list_ids": null,
            "protocol": "tcp",
            "security_group_id": "sg-0aa21f6800c5c2b89",
            "self": false,
            "source_security_group_id": "sg-0880ce8ddd4dc7abc",
            "to_port": 8086,
            "type": "ingress"
          },
          "sensitive_attributes": [],
          "private": "eyJzY2hlbWFfdmVyc2lvbiI6IjIifQ==",
          "dependencies": [
            "module.sg.aws_security_group.influxdb",
            "module.sg.aws_security_group.middleware_ecs",
            "module.vpc.aws_vpc.middleware"
          ]
        }
      ]
    },
    {
      "module": "module.sg",
      "mode": "managed",
      "type": "aws_security_group_rule",
      "name": "influxdb_in_ssh",
      "provider": "provider[\"registry.terraform.io/hashicorp/aws\"]",
      "instances": [
        {
          "schema_version": 2,
          "attributes": {
            "cidr_blocks": null,
            "description": "SSH - All",
            "from_port": 22,
            "id": "sgrule-1000402452",
            "ipv6_cidr_blocks": null,
            "prefix_list_ids": null,
            "protocol": "tcp",
            "security_group_id": "sg-0aa21f6800c5c2b89",
            "self": false,
            "source_security_group_id": "sg-004b3240a655ccde1",
            "to_port": 22,
            "type": "ingress"
          },
          "sensitive_attributes": [],
          "private": "eyJzY2hlbWFfdmVyc2lvbiI6IjIifQ==",
          "dependencies": [
            "module.sg.aws_security_group.bastion",
            "module.sg.aws_security_group.influxdb",
            "module.vpc.aws_vpc.middleware"
          ]
        }
      ]
    },
    {
      "module": "module.sg",
      "mode": "managed",
      "type": "aws_security_group_rule",
      "name": "influxdb_out_all",
      "provider": "provider[\"registry.terraform.io/hashicorp/aws\"]",
      "instances": [
        {
          "schema_version": 2,
          "attributes": {
            "cidr_blocks": [
              "0.0.0.0/0"
            ],
            "description": "Output default",
            "from_port": 0,
            "id": "sgrule-594316420",
            "ipv6_cidr_blocks": null,
            "prefix_list_ids": null,
            "protocol": "-1",
            "security_group_id": "sg-0aa21f6800c5c2b89",
            "self": false,
            "source_security_group_id": null,
            "to_port": 0,
            "type": "egress"
          },
          "sensitive_attributes": [],
          "private": "eyJzY2hlbWFfdmVyc2lvbiI6IjIifQ==",
          "dependencies": [
            "module.sg.aws_security_group.influxdb",
            "module.vpc.aws_vpc.middleware"
          ]
        }
      ]
    },
    {
      "module": "module.sg",
      "mode": "managed",
      "type": "aws_security_group_rule",
      "name": "middleware_cache_in_ecs",
      "provider": "provider[\"registry.terraform.io/hashicorp/aws\"]",
      "instances": [
        {
          "schema_version": 2,
          "attributes": {
            "cidr_blocks": null,
            "description": "Redis - ECS",
            "from_port": 6379,
            "id": "sgrule-1317126599",
            "ipv6_cidr_blocks": null,
            "prefix_list_ids": null,
            "protocol": "tcp",
            "security_group_id": "sg-0aaa6a0be396c2e80",
            "self": false,
            "source_security_group_id": "sg-0880ce8ddd4dc7abc",
            "to_port": 6379,
            "type": "ingress"
          },
          "sensitive_attributes": [],
          "private": "eyJzY2hlbWFfdmVyc2lvbiI6IjIifQ==",
          "dependencies": [
            "module.sg.aws_security_group.middleware_cache",
            "module.sg.aws_security_group.middleware_ecs",
            "module.vpc.aws_vpc.middleware"
          ]
        }
      ]
    },
    {
      "module": "module.sg",
      "mode": "managed",
      "type": "aws_security_group_rule",
      "name": "middleware_ecs_in_https",
      "provider": "provider[\"registry.terraform.io/hashicorp/aws\"]",
      "instances": [
        {
          "schema_version": 2,
          "attributes": {
            "cidr_blocks": null,
            "description": "HTTP - ALB",
            "from_port": 8080,
            "id": "sgrule-184587991",
            "ipv6_cidr_blocks": null,
            "prefix_list_ids": null,
            "protocol": "tcp",
            "security_group_id": "sg-0880ce8ddd4dc7abc",
            "self": false,
            "source_security_group_id": "sg-0dbf6189d2f06f5c2",
            "to_port": 8080,
            "type": "ingress"
          },
          "sensitive_attributes": [],
          "private": "eyJzY2hlbWFfdmVyc2lvbiI6IjIifQ==",
          "dependencies": [
            "module.sg.aws_security_group.middleware_ecs",
            "module.sg.aws_security_group.middleware_lb",
            "module.vpc.aws_vpc.middleware"
          ]
        }
      ]
    },
    {
      "module": "module.sg",
      "mode": "managed",
      "type": "aws_security_group_rule",
      "name": "middleware_ecs_out",
      "provider": "provider[\"registry.terraform.io/hashicorp/aws\"]",
      "instances": [
        {
          "schema_version": 2,
          "attributes": {
            "cidr_blocks": [
              "0.0.0.0/0"
            ],
            "description": "Output default",
            "from_port": 0,
            "id": "sgrule-1585691080",
            "ipv6_cidr_blocks": null,
            "prefix_list_ids": null,
            "protocol": "-1",
            "security_group_id": "sg-0880ce8ddd4dc7abc",
            "self": false,
            "source_security_group_id": null,
            "to_port": 0,
            "type": "egress"
          },
          "sensitive_attributes": [],
          "private": "eyJzY2hlbWFfdmVyc2lvbiI6IjIifQ==",
          "dependencies": [
            "module.sg.aws_security_group.middleware_ecs",
            "module.vpc.aws_vpc.middleware"
          ]
        }
      ]
    },
    {
      "module": "module.sg",
      "mode": "managed",
      "type": "aws_security_group_rule",
      "name": "middleware_lb_in_http",
      "provider": "provider[\"registry.terraform.io/hashicorp/aws\"]",
      "instances": [
        {
          "schema_version": 2,
          "attributes": {
            "cidr_blocks": [
              "0.0.0.0/0"
            ],
            "description": "HTTP - Public",
            "from_port": 80,
            "id": "sgrule-957428345",
            "ipv6_cidr_blocks": null,
            "prefix_list_ids": null,
            "protocol": "tcp",
            "security_group_id": "sg-0dbf6189d2f06f5c2",
            "self": false,
            "source_security_group_id": null,
            "to_port": 80,
            "type": "ingress"
          },
          "sensitive_attributes": [],
          "private": "eyJzY2hlbWFfdmVyc2lvbiI6IjIifQ==",
          "dependencies": [
            "module.sg.aws_security_group.middleware_lb",
            "module.vpc.aws_vpc.middleware"
          ]
        }
      ]
    },
    {
      "module": "module.sg",
      "mode": "managed",
      "type": "aws_security_group_rule",
      "name": "middleware_lb_in_https",
      "provider": "provider[\"registry.terraform.io/hashicorp/aws\"]",
      "instances": [
        {
          "schema_version": 2,
          "attributes": {
            "cidr_blocks": [
              "0.0.0.0/0"
            ],
            "description": "HTTPS - Public",
            "from_port": 443,
            "id": "sgrule-2416560348",
            "ipv6_cidr_blocks": null,
            "prefix_list_ids": null,
            "protocol": "tcp",
            "security_group_id": "sg-0dbf6189d2f06f5c2",
            "self": false,
            "source_security_group_id": null,
            "to_port": 443,
            "type": "ingress"
          },
          "sensitive_attributes": [],
          "private": "eyJzY2hlbWFfdmVyc2lvbiI6IjIifQ==",
          "dependencies": [
            "module.sg.aws_security_group.middleware_lb",
            "module.vpc.aws_vpc.middleware"
          ]
        }
      ]
    },
    {
      "module": "module.sg",
      "mode": "managed",
      "type": "aws_security_group_rule",
      "name": "middleware_lb_out",
      "provider": "provider[\"registry.terraform.io/hashicorp/aws\"]",
      "instances": [
        {
          "schema_version": 2,
          "attributes": {
            "cidr_blocks": [
              "0.0.0.0/0"
            ],
            "description": "Output default",
            "from_port": 0,
            "id": "sgrule-801411759",
            "ipv6_cidr_blocks": null,
            "prefix_list_ids": null,
            "protocol": "-1",
            "security_group_id": "sg-0dbf6189d2f06f5c2",
            "self": false,
            "source_security_group_id": null,
            "to_port": 0,
            "type": "egress"
          },
          "sensitive_attributes": [],
          "private": "eyJzY2hlbWFfdmVyc2lvbiI6IjIifQ==",
          "dependencies": [
            "module.sg.aws_security_group.middleware_lb",
            "module.vpc.aws_vpc.middleware"
          ]
        }
      ]
    },
    {
      "module": "module.sg",
      "mode": "managed",
      "type": "aws_security_group_rule",
      "name": "middleware_mq_in_bastion",
      "provider": "provider[\"registry.terraform.io/hashicorp/aws\"]",
      "instances": [
        {
          "schema_version": 2,
          "attributes": {
            "cidr_blocks": null,
            "description": "RabbitMQ Manager - Bastion",
            "from_port": 443,
            "id": "sgrule-1290825301",
            "ipv6_cidr_blocks": null,
            "prefix_list_ids": null,
            "protocol": "tcp",
            "security_group_id": "sg-04c676e99fcac7d44",
            "self": false,
            "source_security_group_id": "sg-004b3240a655ccde1",
            "to_port": 443,
            "type": "ingress"
          },
          "sensitive_attributes": [],
          "private": "eyJzY2hlbWFfdmVyc2lvbiI6IjIifQ==",
          "dependencies": [
            "module.sg.aws_security_group.bastion",
            "module.sg.aws_security_group.middleware_mq",
            "module.vpc.aws_vpc.middleware"
          ]
        }
      ]
    },
    {
      "module": "module.sg",
      "mode": "managed",
      "type": "aws_security_group_rule",
      "name": "middleware_mq_in_ecs",
      "provider": "provider[\"registry.terraform.io/hashicorp/aws\"]",
      "instances": [
        {
          "schema_version": 2,
          "attributes": {
            "cidr_blocks": null,
            "description": "RabbitMQ - ECS",
            "from_port": 5671,
            "id": "sgrule-990623451",
            "ipv6_cidr_blocks": null,
            "prefix_list_ids": null,
            "protocol": "tcp",
            "security_group_id": "sg-04c676e99fcac7d44",
            "self": false,
            "source_security_group_id": "sg-0880ce8ddd4dc7abc",
            "to_port": 5672,
            "type": "ingress"
          },
          "sensitive_attributes": [],
          "private": "eyJzY2hlbWFfdmVyc2lvbiI6IjIifQ==",
          "dependencies": [
            "module.sg.aws_security_group.middleware_ecs",
            "module.sg.aws_security_group.middleware_mq",
            "module.vpc.aws_vpc.middleware"
          ]
        }
      ]
    },
    {
      "module": "module.sg",
      "mode": "managed",
      "type": "aws_security_group_rule",
      "name": "mongodb_in_ecs",
      "provider": "provider[\"registry.terraform.io/hashicorp/aws\"]",
      "instances": [
        {
          "schema_version": 2,
          "attributes": {
            "cidr_blocks": null,
            "description": "MongoDB - ECS",
            "from_port": 27017,
            "id": "sgrule-1356299825",
            "ipv6_cidr_blocks": null,
            "prefix_list_ids": null,
            "protocol": "tcp",
            "security_group_id": "sg-06cd62177ac2560da",
            "self": false,
            "source_security_group_id": "sg-0880ce8ddd4dc7abc",
            "to_port": 27017,
            "type": "ingress"
          },
          "sensitive_attributes": [],
          "private": "eyJzY2hlbWFfdmVyc2lvbiI6IjIifQ==",
          "dependencies": [
            "module.sg.aws_security_group.middleware_ecs",
            "module.sg.aws_security_group.mongodb",
            "module.vpc.aws_vpc.middleware"
          ]
        }
      ]
    },
    {
      "module": "module.sg",
      "mode": "managed",
      "type": "aws_security_group_rule",
      "name": "mongodb_in_ssh",
      "provider": "provider[\"registry.terraform.io/hashicorp/aws\"]",
      "instances": [
        {
          "schema_version": 2,
          "attributes": {
            "cidr_blocks": null,
            "description": "SSH - All",
            "from_port": 22,
            "id": "sgrule-3566768947",
            "ipv6_cidr_blocks": null,
            "prefix_list_ids": null,
            "protocol": "tcp",
            "security_group_id": "sg-06cd62177ac2560da",
            "self": false,
            "source_security_group_id": "sg-004b3240a655ccde1",
            "to_port": 22,
            "type": "ingress"
          },
          "sensitive_attributes": [],
          "private": "eyJzY2hlbWFfdmVyc2lvbiI6IjIifQ==",
          "dependencies": [
            "module.sg.aws_security_group.bastion",
            "module.sg.aws_security_group.mongodb",
            "module.vpc.aws_vpc.middleware"
          ]
        }
      ]
    },
    {
      "module": "module.sg",
      "mode": "managed",
      "type": "aws_security_group_rule",
      "name": "mongodb_out_all",
      "provider": "provider[\"registry.terraform.io/hashicorp/aws\"]",
      "instances": [
        {
          "schema_version": 2,
          "attributes": {
            "cidr_blocks": [
              "0.0.0.0/0"
            ],
            "description": "Output default",
            "from_port": 0,
            "id": "sgrule-2077435232",
            "ipv6_cidr_blocks": null,
            "prefix_list_ids": null,
            "protocol": "-1",
            "security_group_id": "sg-06cd62177ac2560da",
            "self": false,
            "source_security_group_id": null,
            "to_port": 0,
            "type": "egress"
          },
          "sensitive_attributes": [],
          "private": "eyJzY2hlbWFfdmVyc2lvbiI6IjIifQ==",
          "dependencies": [
            "module.sg.aws_security_group.mongodb",
            "module.vpc.aws_vpc.middleware"
          ]
        }
      ]
    },
    {
      "module": "module.vpc",
      "mode": "data",
      "type": "aws_region",
      "name": "current",
      "provider": "provider[\"registry.terraform.io/hashicorp/aws\"]",
      "instances": [
        {
          "schema_version": 0,
          "attributes": {
            "description": "US East (Ohio)",
            "endpoint": "ec2.us-east-2.amazonaws.com",
            "id": "us-east-2",
            "name": "us-east-2"
          },
          "sensitive_attributes": []
        }
      ]
    },
    {
      "module": "module.vpc",
      "mode": "managed",
      "type": "aws_eip",
      "name": "nat",
      "provider": "provider[\"registry.terraform.io/hashicorp/aws\"]",
      "instances": [
        {
          "schema_version": 0,
          "attributes": {
            "address": null,
            "allocation_id": "eipalloc-0d330318fa43f4269",
            "associate_with_private_ip": null,
            "association_id": "",
            "carrier_ip": "",
            "customer_owned_ip": "",
            "customer_owned_ipv4_pool": "",
            "domain": "vpc",
            "id": "eipalloc-0d330318fa43f4269",
            "instance": "",
            "network_border_group": "us-east-2",
            "network_interface": "",
            "private_dns": null,
            "private_ip": "",
            "public_dns": "ec2-52-15-198-153.us-east-2.compute.amazonaws.com",
            "public_ip": "52.15.198.153",
            "public_ipv4_pool": "amazon",
            "tags": null,
            "tags_all": {},
            "timeouts": null,
            "vpc": true
          },
          "sensitive_attributes": [],
          "private": "eyJlMmJmYjczMC1lY2FhLTExZTYtOGY4OC0zNDM2M2JjN2M0YzAiOnsiZGVsZXRlIjoxODAwMDAwMDAwMDAsInJlYWQiOjkwMDAwMDAwMDAwMCwidXBkYXRlIjozMDAwMDAwMDAwMDB9fQ=="
        }
      ]
    },
    {
      "module": "module.vpc",
      "mode": "managed",
      "type": "aws_internet_gateway",
      "name": "middleware",
      "provider": "provider[\"registry.terraform.io/hashicorp/aws\"]",
      "instances": [
        {
          "schema_version": 0,
          "attributes": {
            "arn": "arn:aws:ec2:us-east-2:806721437369:internet-gateway/igw-094cf3c0af343230e",
            "id": "igw-094cf3c0af343230e",
            "owner_id": "806721437369",
            "tags": {
              "Name": "ig-middleware-stg"
            },
            "tags_all": {
              "Application": "Middleware",
              "CreatedBy": "Terraform",
              "Name": "ig-middleware-stg"
            },
            "vpc_id": "vpc-0f1e016778e1d2c13"
          },
          "sensitive_attributes": [],
          "private": "bnVsbA==",
          "dependencies": [
            "module.vpc.aws_vpc.middleware"
          ]
        }
      ]
    },
    {
      "module": "module.vpc",
      "mode": "managed",
      "type": "aws_nat_gateway",
      "name": "nat",
      "provider": "provider[\"registry.terraform.io/hashicorp/aws\"]",
      "instances": [
        {
          "schema_version": 0,
          "attributes": {
            "allocation_id": "eipalloc-0d330318fa43f4269",
            "connectivity_type": "public",
            "id": "nat-0f31aa30bd08076dc",
            "network_interface_id": "eni-0142073ec1e08ab31",
            "private_ip": "172.17.132.13",
            "public_ip": "52.15.198.153",
            "subnet_id": "subnet-0e40342d4d2ee3f04",
            "tags": {
              "Name": "nat-middleware-stg"
            },
            "tags_all": {
              "Application": "Middleware",
              "CreatedBy": "Terraform",
              "Name": "nat-middleware-stg"
            }
          },
          "sensitive_attributes": [],
          "private": "bnVsbA==",
          "dependencies": [
            "module.vpc.aws_eip.nat",
            "module.vpc.aws_internet_gateway.middleware",
            "module.vpc.aws_subnet.subnet_middleware_a_public",
            "module.vpc.aws_vpc.middleware",
            "module.vpc.data.aws_region.current"
          ]
        }
      ]
    },
    {
      "module": "module.vpc",
      "mode": "managed",
      "type": "aws_route_table",
      "name": "private",
      "provider": "provider[\"registry.terraform.io/hashicorp/aws\"]",
      "instances": [
        {
          "schema_version": 0,
          "attributes": {
            "arn": "arn:aws:ec2:us-east-2:806721437369:route-table/rtb-033c4481d13be7a8c",
            "id": "rtb-033c4481d13be7a8c",
            "owner_id": "806721437369",
            "propagating_vgws": [],
            "route": [
              {
                "carrier_gateway_id": "",
                "cidr_block": "0.0.0.0/0",
                "core_network_arn": "",
                "destination_prefix_list_id": "",
                "egress_only_gateway_id": "",
                "gateway_id": "",
                "instance_id": "",
                "ipv6_cidr_block": "",
                "local_gateway_id": "",
                "nat_gateway_id": "nat-0f31aa30bd08076dc",
                "network_interface_id": "",
                "transit_gateway_id": "",
                "vpc_endpoint_id": "",
                "vpc_peering_connection_id": ""
              }
            ],
            "tags": {
              "Name": "rt-middleware-private-stg"
            },
            "tags_all": {
              "Application": "Middleware",
              "CreatedBy": "Terraform",
              "Name": "rt-middleware-private-stg"
            },
            "timeouts": null,
            "vpc_id": "vpc-0f1e016778e1d2c13"
          },
          "sensitive_attributes": [],
          "private": "eyJlMmJmYjczMC1lY2FhLTExZTYtOGY4OC0zNDM2M2JjN2M0YzAiOnsiY3JlYXRlIjozMDAwMDAwMDAwMDAsImRlbGV0ZSI6MzAwMDAwMDAwMDAwLCJ1cGRhdGUiOjEyMDAwMDAwMDAwMH19",
          "dependencies": [
            "module.vpc.aws_eip.nat",
            "module.vpc.aws_internet_gateway.middleware",
            "module.vpc.aws_nat_gateway.nat",
            "module.vpc.aws_subnet.subnet_middleware_a_public",
            "module.vpc.aws_vpc.middleware",
            "module.vpc.data.aws_region.current"
          ]
        }
      ]
    },
    {
      "module": "module.vpc",
      "mode": "managed",
      "type": "aws_route_table",
      "name": "public",
      "provider": "provider[\"registry.terraform.io/hashicorp/aws\"]",
      "instances": [
        {
          "schema_version": 0,
          "attributes": {
            "arn": "arn:aws:ec2:us-east-2:806721437369:route-table/rtb-0caa802f2f38d6c70",
            "id": "rtb-0caa802f2f38d6c70",
            "owner_id": "806721437369",
            "propagating_vgws": [],
            "route": [
              {
                "carrier_gateway_id": "",
                "cidr_block": "0.0.0.0/0",
                "core_network_arn": "",
                "destination_prefix_list_id": "",
                "egress_only_gateway_id": "",
                "gateway_id": "igw-094cf3c0af343230e",
                "instance_id": "",
                "ipv6_cidr_block": "",
                "local_gateway_id": "",
                "nat_gateway_id": "",
                "network_interface_id": "",
                "transit_gateway_id": "",
                "vpc_endpoint_id": "",
                "vpc_peering_connection_id": ""
              }
            ],
            "tags": {
              "Name": "rt-middleware-public-stg"
            },
            "tags_all": {
              "Application": "Middleware",
              "CreatedBy": "Terraform",
              "Name": "rt-middleware-public-stg"
            },
            "timeouts": null,
            "vpc_id": "vpc-0f1e016778e1d2c13"
          },
          "sensitive_attributes": [],
          "private": "eyJlMmJmYjczMC1lY2FhLTExZTYtOGY4OC0zNDM2M2JjN2M0YzAiOnsiY3JlYXRlIjozMDAwMDAwMDAwMDAsImRlbGV0ZSI6MzAwMDAwMDAwMDAwLCJ1cGRhdGUiOjEyMDAwMDAwMDAwMH19",
          "dependencies": [
            "module.vpc.aws_internet_gateway.middleware",
            "module.vpc.aws_vpc.middleware"
          ]
        }
      ]
    },
    {
      "module": "module.vpc",
      "mode": "managed",
      "type": "aws_route_table_association",
      "name": "private_a",
      "provider": "provider[\"registry.terraform.io/hashicorp/aws\"]",
      "instances": [
        {
          "schema_version": 0,
          "attributes": {
            "gateway_id": "",
            "id": "rtbassoc-0ee741529a366c68c",
            "route_table_id": "rtb-033c4481d13be7a8c",
            "subnet_id": "subnet-094e6e4751306cf31"
          },
          "sensitive_attributes": [],
          "private": "bnVsbA==",
          "dependencies": [
            "module.vpc.aws_eip.nat",
            "module.vpc.aws_internet_gateway.middleware",
            "module.vpc.aws_nat_gateway.nat",
            "module.vpc.aws_route_table.private",
            "module.vpc.aws_subnet.subnet_middleware_a",
            "module.vpc.aws_subnet.subnet_middleware_a_public",
            "module.vpc.aws_vpc.middleware",
            "module.vpc.data.aws_region.current"
          ]
        }
      ]
    },
    {
      "module": "module.vpc",
      "mode": "managed",
      "type": "aws_route_table_association",
      "name": "private_b",
      "provider": "provider[\"registry.terraform.io/hashicorp/aws\"]",
      "instances": [
        {
          "schema_version": 0,
          "attributes": {
            "gateway_id": "",
            "id": "rtbassoc-011cceddd8c217d9c",
            "route_table_id": "rtb-033c4481d13be7a8c",
            "subnet_id": "subnet-011d7e5e2bd374006"
          },
          "sensitive_attributes": [],
          "private": "bnVsbA==",
          "dependencies": [
            "module.vpc.aws_eip.nat",
            "module.vpc.aws_internet_gateway.middleware",
            "module.vpc.aws_nat_gateway.nat",
            "module.vpc.aws_route_table.private",
            "module.vpc.aws_subnet.subnet_middleware_a_public",
            "module.vpc.aws_subnet.subnet_middleware_b",
            "module.vpc.aws_vpc.middleware",
            "module.vpc.data.aws_region.current"
          ]
        }
      ]
    },
    {
      "module": "module.vpc",
      "mode": "managed",
      "type": "aws_route_table_association",
      "name": "public_a",
      "provider": "provider[\"registry.terraform.io/hashicorp/aws\"]",
      "instances": [
        {
          "schema_version": 0,
          "attributes": {
            "gateway_id": "",
            "id": "rtbassoc-0c59c3240a07391d0",
            "route_table_id": "rtb-0caa802f2f38d6c70",
            "subnet_id": "subnet-0e40342d4d2ee3f04"
          },
          "sensitive_attributes": [],
          "private": "bnVsbA==",
          "dependencies": [
            "module.vpc.aws_internet_gateway.middleware",
            "module.vpc.aws_route_table.public",
            "module.vpc.aws_subnet.subnet_middleware_a_public",
            "module.vpc.aws_vpc.middleware",
            "module.vpc.data.aws_region.current"
          ]
        }
      ]
    },
    {
      "module": "module.vpc",
      "mode": "managed",
      "type": "aws_route_table_association",
      "name": "public_b",
      "provider": "provider[\"registry.terraform.io/hashicorp/aws\"]",
      "instances": [
        {
          "schema_version": 0,
          "attributes": {
            "gateway_id": "",
            "id": "rtbassoc-02d911561e275cac4",
            "route_table_id": "rtb-0caa802f2f38d6c70",
            "subnet_id": "subnet-0f0f2fea35cb2ff00"
          },
          "sensitive_attributes": [],
          "private": "bnVsbA==",
          "dependencies": [
            "module.vpc.aws_internet_gateway.middleware",
            "module.vpc.aws_route_table.public",
            "module.vpc.aws_subnet.subnet_middleware_b_public",
            "module.vpc.aws_vpc.middleware",
            "module.vpc.data.aws_region.current"
          ]
        }
      ]
    },
    {
      "module": "module.vpc",
      "mode": "managed",
      "type": "aws_subnet",
      "name": "subnet_middleware_a",
      "provider": "provider[\"registry.terraform.io/hashicorp/aws\"]",
      "instances": [
        {
          "schema_version": 1,
          "attributes": {
            "arn": "arn:aws:ec2:us-east-2:806721437369:subnet/subnet-094e6e4751306cf31",
            "assign_ipv6_address_on_creation": false,
            "availability_zone": "us-east-2a",
            "availability_zone_id": "use2-az1",
            "cidr_block": "172.17.0.0/20",
            "customer_owned_ipv4_pool": "",
            "enable_dns64": false,
            "enable_resource_name_dns_a_record_on_launch": false,
            "enable_resource_name_dns_aaaa_record_on_launch": false,
            "id": "subnet-094e6e4751306cf31",
            "ipv6_cidr_block": "",
            "ipv6_cidr_block_association_id": "",
            "ipv6_native": false,
            "map_customer_owned_ip_on_launch": false,
            "map_public_ip_on_launch": false,
            "outpost_arn": "",
            "owner_id": "806721437369",
            "private_dns_hostname_type_on_launch": "ip-name",
            "tags": {
              "Name": "subnet-middleware-a-private-stg"
            },
            "tags_all": {
              "Application": "Middleware",
              "CreatedBy": "Terraform",
              "Name": "subnet-middleware-a-private-stg"
            },
            "timeouts": null,
            "vpc_id": "vpc-0f1e016778e1d2c13"
          },
          "sensitive_attributes": [],
          "private": "eyJlMmJmYjczMC1lY2FhLTExZTYtOGY4OC0zNDM2M2JjN2M0YzAiOnsiY3JlYXRlIjo2MDAwMDAwMDAwMDAsImRlbGV0ZSI6MTIwMDAwMDAwMDAwMH0sInNjaGVtYV92ZXJzaW9uIjoiMSJ9",
          "dependencies": [
            "module.vpc.aws_internet_gateway.middleware",
            "module.vpc.aws_vpc.middleware",
            "module.vpc.data.aws_region.current"
          ]
        }
      ]
    },
    {
      "module": "module.vpc",
      "mode": "managed",
      "type": "aws_subnet",
      "name": "subnet_middleware_a_public",
      "provider": "provider[\"registry.terraform.io/hashicorp/aws\"]",
      "instances": [
        {
          "schema_version": 1,
          "attributes": {
            "arn": "arn:aws:ec2:us-east-2:806721437369:subnet/subnet-0e40342d4d2ee3f04",
            "assign_ipv6_address_on_creation": false,
            "availability_zone": "us-east-2a",
            "availability_zone_id": "use2-az1",
            "cidr_block": "172.17.128.0/20",
            "customer_owned_ipv4_pool": "",
            "enable_dns64": false,
            "enable_resource_name_dns_a_record_on_launch": false,
            "enable_resource_name_dns_aaaa_record_on_launch": false,
            "id": "subnet-0e40342d4d2ee3f04",
            "ipv6_cidr_block": "",
            "ipv6_cidr_block_association_id": "",
            "ipv6_native": false,
            "map_customer_owned_ip_on_launch": false,
            "map_public_ip_on_launch": false,
            "outpost_arn": "",
            "owner_id": "806721437369",
            "private_dns_hostname_type_on_launch": "ip-name",
            "tags": {
              "Name": "subnet-middleware-a-public-stg"
            },
            "tags_all": {
              "Application": "Middleware",
              "CreatedBy": "Terraform",
              "Name": "subnet-middleware-a-public-stg"
            },
            "timeouts": null,
            "vpc_id": "vpc-0f1e016778e1d2c13"
          },
          "sensitive_attributes": [],
          "private": "eyJlMmJmYjczMC1lY2FhLTExZTYtOGY4OC0zNDM2M2JjN2M0YzAiOnsiY3JlYXRlIjo2MDAwMDAwMDAwMDAsImRlbGV0ZSI6MTIwMDAwMDAwMDAwMH0sInNjaGVtYV92ZXJzaW9uIjoiMSJ9",
          "dependencies": [
            "module.vpc.aws_internet_gateway.middleware",
            "module.vpc.aws_vpc.middleware",
            "module.vpc.data.aws_region.current"
          ]
        }
      ]
    },
    {
      "module": "module.vpc",
      "mode": "managed",
      "type": "aws_subnet",
      "name": "subnet_middleware_b",
      "provider": "provider[\"registry.terraform.io/hashicorp/aws\"]",
      "instances": [
        {
          "schema_version": 1,
          "attributes": {
            "arn": "arn:aws:ec2:us-east-2:806721437369:subnet/subnet-011d7e5e2bd374006",
            "assign_ipv6_address_on_creation": false,
            "availability_zone": "us-east-2b",
            "availability_zone_id": "use2-az2",
            "cidr_block": "172.17.32.0/20",
            "customer_owned_ipv4_pool": "",
            "enable_dns64": false,
            "enable_resource_name_dns_a_record_on_launch": false,
            "enable_resource_name_dns_aaaa_record_on_launch": false,
            "id": "subnet-011d7e5e2bd374006",
            "ipv6_cidr_block": "",
            "ipv6_cidr_block_association_id": "",
            "ipv6_native": false,
            "map_customer_owned_ip_on_launch": false,
            "map_public_ip_on_launch": false,
            "outpost_arn": "",
            "owner_id": "806721437369",
            "private_dns_hostname_type_on_launch": "ip-name",
            "tags": {
              "Name": "subnet-middleware-b-private-stg"
            },
            "tags_all": {
              "Application": "Middleware",
              "CreatedBy": "Terraform",
              "Name": "subnet-middleware-b-private-stg"
            },
            "timeouts": null,
            "vpc_id": "vpc-0f1e016778e1d2c13"
          },
          "sensitive_attributes": [],
          "private": "eyJlMmJmYjczMC1lY2FhLTExZTYtOGY4OC0zNDM2M2JjN2M0YzAiOnsiY3JlYXRlIjo2MDAwMDAwMDAwMDAsImRlbGV0ZSI6MTIwMDAwMDAwMDAwMH0sInNjaGVtYV92ZXJzaW9uIjoiMSJ9",
          "dependencies": [
            "module.vpc.aws_internet_gateway.middleware",
            "module.vpc.aws_vpc.middleware",
            "module.vpc.data.aws_region.current"
          ]
        }
      ]
    },
    {
      "module": "module.vpc",
      "mode": "managed",
      "type": "aws_subnet",
      "name": "subnet_middleware_b_public",
      "provider": "provider[\"registry.terraform.io/hashicorp/aws\"]",
      "instances": [
        {
          "schema_version": 1,
          "attributes": {
            "arn": "arn:aws:ec2:us-east-2:806721437369:subnet/subnet-0f0f2fea35cb2ff00",
            "assign_ipv6_address_on_creation": false,
            "availability_zone": "us-east-2b",
            "availability_zone_id": "use2-az2",
            "cidr_block": "172.17.160.0/20",
            "customer_owned_ipv4_pool": "",
            "enable_dns64": false,
            "enable_resource_name_dns_a_record_on_launch": false,
            "enable_resource_name_dns_aaaa_record_on_launch": false,
            "id": "subnet-0f0f2fea35cb2ff00",
            "ipv6_cidr_block": "",
            "ipv6_cidr_block_association_id": "",
            "ipv6_native": false,
            "map_customer_owned_ip_on_launch": false,
            "map_public_ip_on_launch": false,
            "outpost_arn": "",
            "owner_id": "806721437369",
            "private_dns_hostname_type_on_launch": "ip-name",
            "tags": {
              "Name": "subnet-middleware-b-public-stg"
            },
            "tags_all": {
              "Application": "Middleware",
              "CreatedBy": "Terraform",
              "Name": "subnet-middleware-b-public-stg"
            },
            "timeouts": null,
            "vpc_id": "vpc-0f1e016778e1d2c13"
          },
          "sensitive_attributes": [],
          "private": "eyJlMmJmYjczMC1lY2FhLTExZTYtOGY4OC0zNDM2M2JjN2M0YzAiOnsiY3JlYXRlIjo2MDAwMDAwMDAwMDAsImRlbGV0ZSI6MTIwMDAwMDAwMDAwMH0sInNjaGVtYV92ZXJzaW9uIjoiMSJ9",
          "dependencies": [
            "module.vpc.aws_internet_gateway.middleware",
            "module.vpc.aws_vpc.middleware",
            "module.vpc.data.aws_region.current"
          ]
        }
      ]
    },
    {
      "module": "module.vpc",
      "mode": "managed",
      "type": "aws_vpc",
      "name": "middleware",
      "provider": "provider[\"registry.terraform.io/hashicorp/aws\"]",
      "instances": [
        {
          "schema_version": 1,
          "attributes": {
            "arn": "arn:aws:ec2:us-east-2:806721437369:vpc/vpc-0f1e016778e1d2c13",
            "assign_generated_ipv6_cidr_block": false,
            "cidr_block": "172.17.0.0/16",
            "default_network_acl_id": "acl-001d40d1647b181d8",
            "default_route_table_id": "rtb-0b4ae0c9306ede5a1",
            "default_security_group_id": "sg-02c31e2ad0c7da0bd",
            "dhcp_options_id": "dopt-5369dc3b",
            "enable_classiclink": false,
            "enable_classiclink_dns_support": false,
            "enable_dns_hostnames": true,
            "enable_dns_support": true,
            "id": "vpc-0f1e016778e1d2c13",
            "instance_tenancy": "default",
            "ipv4_ipam_pool_id": null,
            "ipv4_netmask_length": null,
            "ipv6_association_id": "",
            "ipv6_cidr_block": "",
            "ipv6_cidr_block_network_border_group": "",
            "ipv6_ipam_pool_id": "",
            "ipv6_netmask_length": 0,
            "main_route_table_id": "rtb-0b4ae0c9306ede5a1",
            "owner_id": "806721437369",
            "tags": {
              "Name": "vpc-middleware-stg"
            },
            "tags_all": {
              "Application": "Middleware",
              "CreatedBy": "Terraform",
              "Name": "vpc-middleware-stg"
            }
          },
          "sensitive_attributes": [],
          "private": "eyJzY2hlbWFfdmVyc2lvbiI6IjEifQ=="
        }
      ]
    }
  ]
}
