{
  "version": 4,
  "terraform_version": "1.1.9",
  "serial": 12,
  "lineage": "8f826bab-053c-73a5-3405-db0f51e1f428",
  "outputs": {},
  "resources": [
    {
      "module": "module.dns",
      "mode": "managed",
      "type": "aws_route53_zone",
      "name": "middleware",
      "provider": "provider[\"registry.terraform.io/hashicorp/aws\"]",
      "instances": [
        {
          "schema_version": 0,
          "attributes": {
            "arn": "arn:aws:route53:::hostedzone/Z0357602FN147Q2HYGET",
            "comment": "Managed by Terraform",
            "delegation_set_id": "",
            "force_destroy": false,
            "id": "Z0357602FN147Q2HYGET",
            "name": "ariel-middleware.site",
            "name_servers": [
              "ns-1033.awsdns-01.org",
              "ns-169.awsdns-21.com",
              "ns-1708.awsdns-21.co.uk",
              "ns-553.awsdns-05.net"
            ],
            "tags": null,
            "tags_all": {
              "Application": "Middleware",
              "CreatedBy": "Terraform"
            },
            "vpc": [],
            "zone_id": "Z0357602FN147Q2HYGET"
          },
          "sensitive_attributes": [],
          "private": "bnVsbA=="
        }
      ]
    },
    {
      "module": "module.vpc",
      "mode": "data",
      "type": "aws_region",
      "name": "current",
      "provider": "provider[\"registry.terraform.io/hashicorp/aws\"]",
      "instances": [
        {
          "schema_version": 0,
          "attributes": {
            "description": "US East (Ohio)",
            "endpoint": "ec2.us-east-2.amazonaws.com",
            "id": "us-east-2",
            "name": "us-east-2"
          },
          "sensitive_attributes": []
        }
      ]
    },
    {
      "module": "module.vpc",
      "mode": "managed",
      "type": "aws_eip",
      "name": "nat",
      "provider": "provider[\"registry.terraform.io/hashicorp/aws\"]",
      "instances": [
        {
          "schema_version": 0,
          "attributes": {
            "address": null,
            "allocation_id": "eipalloc-015b2db49d66e5082",
            "associate_with_private_ip": null,
            "association_id": "",
            "carrier_ip": "",
            "customer_owned_ip": "",
            "customer_owned_ipv4_pool": "",
            "domain": "vpc",
            "id": "eipalloc-015b2db49d66e5082",
            "instance": "",
            "network_border_group": "us-east-2",
            "network_interface": "",
            "private_dns": null,
            "private_ip": "",
            "public_dns": "ec2-3-14-35-155.us-east-2.compute.amazonaws.com",
            "public_ip": "3.14.35.155",
            "public_ipv4_pool": "amazon",
            "tags": null,
            "tags_all": {},
            "timeouts": null,
            "vpc": true
          },
          "sensitive_attributes": [],
          "private": "eyJlMmJmYjczMC1lY2FhLTExZTYtOGY4OC0zNDM2M2JjN2M0YzAiOnsiZGVsZXRlIjoxODAwMDAwMDAwMDAsInJlYWQiOjkwMDAwMDAwMDAwMCwidXBkYXRlIjozMDAwMDAwMDAwMDB9fQ=="
        }
      ]
    },
    {
      "module": "module.vpc",
      "mode": "managed",
      "type": "aws_internet_gateway",
      "name": "middleware",
      "provider": "provider[\"registry.terraform.io/hashicorp/aws\"]",
      "instances": [
        {
          "schema_version": 0,
          "attributes": {
            "arn": "arn:aws:ec2:us-east-2:806721437369:internet-gateway/igw-011f6e33b868b1913",
            "id": "igw-011f6e33b868b1913",
            "owner_id": "806721437369",
            "tags": {
              "Name": "ig-middleware-stg"
            },
            "tags_all": {
              "Application": "Middleware",
              "CreatedBy": "Terraform",
              "Name": "ig-middleware-stg"
            },
            "vpc_id": "vpc-0f503e659d68a35cc"
          },
          "sensitive_attributes": [],
          "private": "bnVsbA==",
          "dependencies": [
            "module.vpc.aws_vpc.middleware"
          ]
        }
      ]
    },
    {
      "module": "module.vpc",
      "mode": "managed",
      "type": "aws_nat_gateway",
      "name": "nat",
      "provider": "provider[\"registry.terraform.io/hashicorp/aws\"]",
      "instances": [
        {
          "schema_version": 0,
          "attributes": {
            "allocation_id": "eipalloc-015b2db49d66e5082",
            "connectivity_type": "public",
            "id": "nat-00f32e19f2c4588f1",
            "network_interface_id": "eni-0e266f2f856a77e6a",
            "private_ip": "172.17.15.132",
            "public_ip": "3.14.35.155",
            "subnet_id": "subnet-02cd6abb97d5deb68",
            "tags": null,
            "tags_all": {
              "Application": "Middleware",
              "CreatedBy": "Terraform"
            }
          },
          "sensitive_attributes": [],
          "private": "bnVsbA==",
          "dependencies": [
            "module.vpc.aws_eip.nat",
            "module.vpc.aws_internet_gateway.middleware",
            "module.vpc.aws_subnet.subnet_middleware_a",
            "module.vpc.aws_vpc.middleware",
            "module.vpc.data.aws_region.current"
          ]
        }
      ]
    },
    {
      "module": "module.vpc",
      "mode": "managed",
      "type": "aws_route_table",
      "name": "private",
      "provider": "provider[\"registry.terraform.io/hashicorp/aws\"]",
      "instances": [
        {
          "schema_version": 0,
          "attributes": {
            "arn": "arn:aws:ec2:us-east-2:806721437369:route-table/rtb-032666bb8c5697bc2",
            "id": "rtb-032666bb8c5697bc2",
            "owner_id": "806721437369",
            "propagating_vgws": [],
            "route": [
              {
                "carrier_gateway_id": "",
                "cidr_block": "0.0.0.0/0",
                "core_network_arn": "",
                "destination_prefix_list_id": "",
                "egress_only_gateway_id": "",
                "gateway_id": "",
                "instance_id": "",
                "ipv6_cidr_block": "",
                "local_gateway_id": "",
                "nat_gateway_id": "nat-00f32e19f2c4588f1",
                "network_interface_id": "",
                "transit_gateway_id": "",
                "vpc_endpoint_id": "",
                "vpc_peering_connection_id": ""
              }
            ],
            "tags": {
              "Name": "rt-middleware-private-stg"
            },
            "tags_all": {
              "Application": "Middleware",
              "CreatedBy": "Terraform",
              "Name": "rt-middleware-private-stg"
            },
            "timeouts": null,
            "vpc_id": "vpc-0f503e659d68a35cc"
          },
          "sensitive_attributes": [],
          "private": "eyJlMmJmYjczMC1lY2FhLTExZTYtOGY4OC0zNDM2M2JjN2M0YzAiOnsiY3JlYXRlIjozMDAwMDAwMDAwMDAsImRlbGV0ZSI6MzAwMDAwMDAwMDAwLCJ1cGRhdGUiOjEyMDAwMDAwMDAwMH19",
          "dependencies": [
            "module.vpc.aws_eip.nat",
            "module.vpc.aws_internet_gateway.middleware",
            "module.vpc.aws_nat_gateway.nat",
            "module.vpc.aws_subnet.subnet_middleware_a",
            "module.vpc.aws_vpc.middleware",
            "module.vpc.data.aws_region.current"
          ]
        }
      ]
    },
    {
      "module": "module.vpc",
      "mode": "managed",
      "type": "aws_route_table",
      "name": "public",
      "provider": "provider[\"registry.terraform.io/hashicorp/aws\"]",
      "instances": [
        {
          "schema_version": 0,
          "attributes": {
            "arn": "arn:aws:ec2:us-east-2:806721437369:route-table/rtb-0f204130481830386",
            "id": "rtb-0f204130481830386",
            "owner_id": "806721437369",
            "propagating_vgws": [],
            "route": [
              {
                "carrier_gateway_id": "",
                "cidr_block": "0.0.0.0/0",
                "core_network_arn": "",
                "destination_prefix_list_id": "",
                "egress_only_gateway_id": "",
                "gateway_id": "igw-011f6e33b868b1913",
                "instance_id": "",
                "ipv6_cidr_block": "",
                "local_gateway_id": "",
                "nat_gateway_id": "",
                "network_interface_id": "",
                "transit_gateway_id": "",
                "vpc_endpoint_id": "",
                "vpc_peering_connection_id": ""
              }
            ],
            "tags": {
              "Name": "rt-middleware-public-stg"
            },
            "tags_all": {
              "Application": "Middleware",
              "CreatedBy": "Terraform",
              "Name": "rt-middleware-public-stg"
            },
            "timeouts": null,
            "vpc_id": "vpc-0f503e659d68a35cc"
          },
          "sensitive_attributes": [],
          "private": "eyJlMmJmYjczMC1lY2FhLTExZTYtOGY4OC0zNDM2M2JjN2M0YzAiOnsiY3JlYXRlIjozMDAwMDAwMDAwMDAsImRlbGV0ZSI6MzAwMDAwMDAwMDAwLCJ1cGRhdGUiOjEyMDAwMDAwMDAwMH19",
          "dependencies": [
            "module.vpc.aws_internet_gateway.middleware",
            "module.vpc.aws_vpc.middleware"
          ]
        }
      ]
    },
    {
      "module": "module.vpc",
      "mode": "managed",
      "type": "aws_route_table_association",
      "name": "private_a",
      "provider": "provider[\"registry.terraform.io/hashicorp/aws\"]",
      "instances": [
        {
          "schema_version": 0,
          "attributes": {
            "gateway_id": "",
            "id": "rtbassoc-0edda0898851268a1",
            "route_table_id": "rtb-032666bb8c5697bc2",
            "subnet_id": "subnet-02cd6abb97d5deb68"
          },
          "sensitive_attributes": [],
          "private": "bnVsbA==",
          "dependencies": [
            "module.vpc.aws_eip.nat",
            "module.vpc.aws_internet_gateway.middleware",
            "module.vpc.aws_nat_gateway.nat",
            "module.vpc.aws_route_table.private",
            "module.vpc.aws_subnet.subnet_middleware_a",
            "module.vpc.aws_vpc.middleware",
            "module.vpc.data.aws_region.current"
          ]
        }
      ]
    },
    {
      "module": "module.vpc",
      "mode": "managed",
      "type": "aws_route_table_association",
      "name": "public_a",
      "provider": "provider[\"registry.terraform.io/hashicorp/aws\"]",
      "instances": [
        {
          "schema_version": 0,
          "attributes": {
            "gateway_id": "",
            "id": "rtbassoc-0a767f69808e67471",
            "route_table_id": "rtb-0f204130481830386",
            "subnet_id": "subnet-02065034d2b7173d7"
          },
          "sensitive_attributes": [],
          "private": "bnVsbA==",
          "dependencies": [
            "module.vpc.aws_internet_gateway.middleware",
            "module.vpc.aws_route_table.public",
            "module.vpc.aws_subnet.subnet_middleware_a_public",
            "module.vpc.aws_vpc.middleware",
            "module.vpc.data.aws_region.current"
          ]
        }
      ]
    },
    {
      "module": "module.vpc",
      "mode": "managed",
      "type": "aws_subnet",
      "name": "subnet_middleware_a",
      "provider": "provider[\"registry.terraform.io/hashicorp/aws\"]",
      "instances": [
        {
          "schema_version": 1,
          "attributes": {
            "arn": "arn:aws:ec2:us-east-2:806721437369:subnet/subnet-02cd6abb97d5deb68",
            "assign_ipv6_address_on_creation": false,
            "availability_zone": "us-east-2a",
            "availability_zone_id": "use2-az1",
            "cidr_block": "172.17.0.0/20",
            "customer_owned_ipv4_pool": "",
            "enable_dns64": false,
            "enable_resource_name_dns_a_record_on_launch": false,
            "enable_resource_name_dns_aaaa_record_on_launch": false,
            "id": "subnet-02cd6abb97d5deb68",
            "ipv6_cidr_block": "",
            "ipv6_cidr_block_association_id": "",
            "ipv6_native": false,
            "map_customer_owned_ip_on_launch": false,
            "map_public_ip_on_launch": false,
            "outpost_arn": "",
            "owner_id": "806721437369",
            "private_dns_hostname_type_on_launch": "ip-name",
            "tags": {
              "Name": "subnet-middleware-a-stg"
            },
            "tags_all": {
              "Application": "Middleware",
              "CreatedBy": "Terraform",
              "Name": "subnet-middleware-a-stg"
            },
            "timeouts": null,
            "vpc_id": "vpc-0f503e659d68a35cc"
          },
          "sensitive_attributes": [],
          "private": "eyJlMmJmYjczMC1lY2FhLTExZTYtOGY4OC0zNDM2M2JjN2M0YzAiOnsiY3JlYXRlIjo2MDAwMDAwMDAwMDAsImRlbGV0ZSI6MTIwMDAwMDAwMDAwMH0sInNjaGVtYV92ZXJzaW9uIjoiMSJ9",
          "dependencies": [
            "module.vpc.aws_internet_gateway.middleware",
            "module.vpc.aws_vpc.middleware",
            "module.vpc.data.aws_region.current"
          ]
        }
      ]
    },
    {
      "module": "module.vpc",
      "mode": "managed",
      "type": "aws_subnet",
      "name": "subnet_middleware_a_public",
      "provider": "provider[\"registry.terraform.io/hashicorp/aws\"]",
      "instances": [
        {
          "schema_version": 1,
          "attributes": {
            "arn": "arn:aws:ec2:us-east-2:806721437369:subnet/subnet-02065034d2b7173d7",
            "assign_ipv6_address_on_creation": false,
            "availability_zone": "us-east-2a",
            "availability_zone_id": "use2-az1",
            "cidr_block": "172.17.128.0/20",
            "customer_owned_ipv4_pool": "",
            "enable_dns64": false,
            "enable_resource_name_dns_a_record_on_launch": false,
            "enable_resource_name_dns_aaaa_record_on_launch": false,
            "id": "subnet-02065034d2b7173d7",
            "ipv6_cidr_block": "",
            "ipv6_cidr_block_association_id": "",
            "ipv6_native": false,
            "map_customer_owned_ip_on_launch": false,
            "map_public_ip_on_launch": false,
            "outpost_arn": "",
            "owner_id": "806721437369",
            "private_dns_hostname_type_on_launch": "ip-name",
            "tags": {
              "Name": "subnet-middleware-a-public-stg"
            },
            "tags_all": {
              "Application": "Middleware",
              "CreatedBy": "Terraform",
              "Name": "subnet-middleware-a-public-stg"
            },
            "timeouts": null,
            "vpc_id": "vpc-0f503e659d68a35cc"
          },
          "sensitive_attributes": [],
          "private": "eyJlMmJmYjczMC1lY2FhLTExZTYtOGY4OC0zNDM2M2JjN2M0YzAiOnsiY3JlYXRlIjo2MDAwMDAwMDAwMDAsImRlbGV0ZSI6MTIwMDAwMDAwMDAwMH0sInNjaGVtYV92ZXJzaW9uIjoiMSJ9",
          "dependencies": [
            "module.vpc.aws_internet_gateway.middleware",
            "module.vpc.aws_vpc.middleware",
            "module.vpc.data.aws_region.current"
          ]
        }
      ]
    },
    {
      "module": "module.vpc",
      "mode": "managed",
      "type": "aws_vpc",
      "name": "middleware",
      "provider": "provider[\"registry.terraform.io/hashicorp/aws\"]",
      "instances": [
        {
          "schema_version": 1,
          "attributes": {
            "arn": "arn:aws:ec2:us-east-2:806721437369:vpc/vpc-0f503e659d68a35cc",
            "assign_generated_ipv6_cidr_block": false,
            "cidr_block": "172.17.0.0/16",
            "default_network_acl_id": "acl-09c32149defe0a0fe",
            "default_route_table_id": "rtb-0a4943f98e8ac6451",
            "default_security_group_id": "sg-04b9e83bc0762a4c0",
            "dhcp_options_id": "dopt-5369dc3b",
            "enable_classiclink": false,
            "enable_classiclink_dns_support": false,
            "enable_dns_hostnames": true,
            "enable_dns_support": true,
            "id": "vpc-0f503e659d68a35cc",
            "instance_tenancy": "default",
            "ipv4_ipam_pool_id": null,
            "ipv4_netmask_length": null,
            "ipv6_association_id": "",
            "ipv6_cidr_block": "",
            "ipv6_cidr_block_network_border_group": "",
            "ipv6_ipam_pool_id": "",
            "ipv6_netmask_length": 0,
            "main_route_table_id": "rtb-0a4943f98e8ac6451",
            "owner_id": "806721437369",
            "tags": {
              "Name": "vpc-middleware-stg"
            },
            "tags_all": {
              "Application": "Middleware",
              "CreatedBy": "Terraform",
              "Name": "vpc-middleware-stg"
            }
          },
          "sensitive_attributes": [],
          "private": "eyJzY2hlbWFfdmVyc2lvbiI6IjEifQ=="
        }
      ]
    }
  ]
}
